// !$*UTF8*$!
{
	archiveVersion = 1;
	classes = {
	};
	objectVersion = 46;
	objects = {

/* Begin PBXBuildFile section */
		0271C9471D9582410037F6AD /* PostHistoryHeaderSectionCell.swift in Sources */ = {isa = PBXBuildFile; fileRef = 0271C9451D9582410037F6AD /* PostHistoryHeaderSectionCell.swift */; };
		0271C9481D9582410037F6AD /* PostHistoryHeaderSectionCell.xib in Resources */ = {isa = PBXBuildFile; fileRef = 0271C9461D9582410037F6AD /* PostHistoryHeaderSectionCell.xib */; };
		0276B1FC1DDFBAD800B512E9 /* LikedPostView.swift in Sources */ = {isa = PBXBuildFile; fileRef = 0276B1FB1DDFBAD800B512E9 /* LikedPostView.swift */; };
		0276B1FE1DDFC2D900B512E9 /* LikedTableViewCell.swift in Sources */ = {isa = PBXBuildFile; fileRef = 0276B1FD1DDFC2D900B512E9 /* LikedTableViewCell.swift */; };
		02803D4F1DC18524001D8F01 /* ExpandedPlayerView.swift in Sources */ = {isa = PBXBuildFile; fileRef = 02803D4E1DC18524001D8F01 /* ExpandedPlayerView.swift */; };
		02803D511DC1855C001D8F01 /* ExpandedPlayerView.xib in Resources */ = {isa = PBXBuildFile; fileRef = 02803D501DC1855C001D8F01 /* ExpandedPlayerView.xib */; };
		1D1CC60D1C31BC0D0052F66D /* NSURLSession+Shared.swift in Sources */ = {isa = PBXBuildFile; fileRef = 1D1CC60C1C31BC0D0052F66D /* NSURLSession+Shared.swift */; };
		1D1DD7141AE492750066AB39 /* Util.swift in Sources */ = {isa = PBXBuildFile; fileRef = 1D1DD7121AE492750066AB39 /* Util.swift */; };
		1D653F3E1B81451700F54455 /* SpotifyController.swift in Sources */ = {isa = PBXBuildFile; fileRef = 1D653F3D1B81451700F54455 /* SpotifyController.swift */; };
		1D72D9BB1AACC4C0007822B0 /* AppDelegate.swift in Sources */ = {isa = PBXBuildFile; fileRef = 1D72D9BA1AACC4C0007822B0 /* AppDelegate.swift */; };
		1D72D9C21AACC4C0007822B0 /* Images.xcassets in Resources */ = {isa = PBXBuildFile; fileRef = 1D72D9C11AACC4C0007822B0 /* Images.xcassets */; };
		1D802AB51B786351005A96D1 /* AVFoundation.framework in Frameworks */ = {isa = PBXBuildFile; fileRef = 1D802AB41B786350005A96D1 /* AVFoundation.framework */; };
		1D802AB71B78635A005A96D1 /* SystemConfiguration.framework in Frameworks */ = {isa = PBXBuildFile; fileRef = 1D802AB61B78635A005A96D1 /* SystemConfiguration.framework */; };
		1DB283901B6D8FCC00134FEA /* NSLayoutContraint+Fill.swift in Sources */ = {isa = PBXBuildFile; fileRef = 1DB2838F1B6D8FCC00134FEA /* NSLayoutContraint+Fill.swift */; };
		1DCB961C1AED5F48007F6A4B /* API.swift in Sources */ = {isa = PBXBuildFile; fileRef = C0CF7B971AE425450083606C /* API.swift */; };
		1DD875FC1B6E27DD0041C45B /* NSDateFormatter+Shared.swift in Sources */ = {isa = PBXBuildFile; fileRef = 1DD875FB1B6E27DD0041C45B /* NSDateFormatter+Shared.swift */; };
		1DE649C31B78590800DA5499 /* SettingsViewController.swift in Sources */ = {isa = PBXBuildFile; fileRef = 1DE649C11B78590800DA5499 /* SettingsViewController.swift */; };
		1DFB2ED71B76D7FB001B7C76 /* StyleController.swift in Sources */ = {isa = PBXBuildFile; fileRef = 1DFB2ED61B76D7FB001B7C76 /* StyleController.swift */; };
		1DFBFB521B7845E7001DD6AC /* SongSearchTableViewCell.xib in Resources */ = {isa = PBXBuildFile; fileRef = 1DFBFB511B7845E7001DD6AC /* SongSearchTableViewCell.xib */; };
		1DFBFB541B784634001DD6AC /* SongSearchTableViewCell.swift in Sources */ = {isa = PBXBuildFile; fileRef = 1DFBFB531B784634001DD6AC /* SongSearchTableViewCell.swift */; };
		1DFD73601BA0DC68008D9FD8 /* Spotify.framework in Frameworks */ = {isa = PBXBuildFile; fileRef = 1DFD735F1BA0DC68008D9FD8 /* Spotify.framework */; };
		49941B33D42E6D1D9CAC5031 /* Pods_Tempo.framework in Frameworks */ = {isa = PBXBuildFile; fileRef = DA8EF99B96F4D25422DF410E /* Pods_Tempo.framework */; };
		508440E51DF0B97D00463D94 /* UIButton+Extensions.swift in Sources */ = {isa = PBXBuildFile; fileRef = 508440E41DF0B97D00463D94 /* UIButton+Extensions.swift */; };
		60256C101BC1BC7900B52FDD /* SavedSongView.xib in Resources */ = {isa = PBXBuildFile; fileRef = 60256C0F1BC1BC7900B52FDD /* SavedSongView.xib */; };
		60256C1A1BC1BFA900B52FDD /* SavedSongView.swift in Sources */ = {isa = PBXBuildFile; fileRef = 60256C191BC1BFA900B52FDD /* SavedSongView.swift */; };
		6035E7881DE8017300221870 /* ParentPlayerCellView.swift in Sources */ = {isa = PBXBuildFile; fileRef = 6035E7871DE8017300221870 /* ParentPlayerCellView.swift */; };
		6038B17E1D80ED250083940D /* FeedTableViewCell.swift in Sources */ = {isa = PBXBuildFile; fileRef = 6038B17D1D80ED250083940D /* FeedTableViewCell.swift */; };
		6038B1801D80EDAF0083940D /* FeedTableViewCell.xib in Resources */ = {isa = PBXBuildFile; fileRef = 6038B17F1D80EDAF0083940D /* FeedTableViewCell.xib */; };
		60419BED1DE24AE800CAB9BD /* SettingsViewController.xib in Resources */ = {isa = PBXBuildFile; fileRef = 60419BEC1DE24AE800CAB9BD /* SettingsViewController.xib */; };
		6054DC121E7629F600ACEFEA /* TabBarController.swift in Sources */ = {isa = PBXBuildFile; fileRef = 6054DC111E7629F600ACEFEA /* TabBarController.swift */; };
		6054DC141E762A0D00ACEFEA /* TabBarAccessoryViewController.swift in Sources */ = {isa = PBXBuildFile; fileRef = 6054DC131E762A0D00ACEFEA /* TabBarAccessoryViewController.swift */; };
		60728FBA1E6369150097C1AC /* PostTableViewCell.swift in Sources */ = {isa = PBXBuildFile; fileRef = 60728FB91E6369150097C1AC /* PostTableViewCell.swift */; };
		6084F6C51BE700B00048EFE3 /* PlayerTableViewController.swift in Sources */ = {isa = PBXBuildFile; fileRef = 6084F6C41BE700B00048EFE3 /* PlayerTableViewController.swift */; };
		6086C4A41E88456400B77F2D /* PlayerCenter.swift in Sources */ = {isa = PBXBuildFile; fileRef = 6086C4A31E88456300B77F2D /* PlayerCenter.swift */; };
		60AEF76A1DBD38AD00C68AAF /* PlayerCellView.swift in Sources */ = {isa = PBXBuildFile; fileRef = 60AEF7671DBD38AD00C68AAF /* PlayerCellView.swift */; };
		60AEF76B1DBD38AD00C68AAF /* PlayerCellView.xib in Resources */ = {isa = PBXBuildFile; fileRef = 60AEF7681DBD38AD00C68AAF /* PlayerCellView.xib */; };
		60AEF76C1DBD38AD00C68AAF /* ProgressView.swift in Sources */ = {isa = PBXBuildFile; fileRef = 60AEF7691DBD38AD00C68AAF /* ProgressView.swift */; };
		60C018061D9C7A2E00FE5166 /* AboutViewController.swift in Sources */ = {isa = PBXBuildFile; fileRef = 60C018041D9C7A2E00FE5166 /* AboutViewController.swift */; };
		60C5A3CD1D9A1FB1004BDD58 /* LaunchScreen.storyboard in Resources */ = {isa = PBXBuildFile; fileRef = 60C5A3CC1D9A1FB1004BDD58 /* LaunchScreen.storyboard */; };
		6D3349A01AE3F11300B512FD /* FollowTableViewCell.swift in Sources */ = {isa = PBXBuildFile; fileRef = 6D33499F1AE3F11300B512FD /* FollowTableViewCell.swift */; };
		6D3349A21AE423DA00B512FD /* FollowTableViewCell.xib in Resources */ = {isa = PBXBuildFile; fileRef = 6D3349A11AE423DA00B512FD /* FollowTableViewCell.xib */; };
		6DA5FE4D1AED72F800E795DD /* UIColor+Shared.swift in Sources */ = {isa = PBXBuildFile; fileRef = 6DA5FE4C1AED72F800E795DD /* UIColor+Shared.swift */; };
		6DEE0FDA1AC34811005552F9 /* User.swift in Sources */ = {isa = PBXBuildFile; fileRef = 6DEE0FD01AC34811005552F9 /* User.swift */; };
		7FCE05E91ABF4BD1002103DE /* FeedViewController.swift in Sources */ = {isa = PBXBuildFile; fileRef = 7FCE05E51ABF4BD1002103DE /* FeedViewController.swift */; };
		952E7EE01DEA89ED006C6131 /* LoginFlowViewController.swift in Sources */ = {isa = PBXBuildFile; fileRef = 952E7EDF1DEA89ED006C6131 /* LoginFlowViewController.swift */; };
		952E7EE21DEA8E6E006C6131 /* FacebookLoginViewController.swift in Sources */ = {isa = PBXBuildFile; fileRef = 952E7EE11DEA8E6E006C6131 /* FacebookLoginViewController.swift */; };
		952E7EE41DEAAA46006C6131 /* CreateUsernameViewController.swift in Sources */ = {isa = PBXBuildFile; fileRef = 952E7EE31DEAAA46006C6131 /* CreateUsernameViewController.swift */; };
		9563B5541DE0E3FC00E80EAF /* FeedFollowSuggestionsController.swift in Sources */ = {isa = PBXBuildFile; fileRef = 9563B5531DE0E3FC00E80EAF /* FeedFollowSuggestionsController.swift */; };
		9563B5561DE0E8C700E80EAF /* CGRect+Extensions.swift in Sources */ = {isa = PBXBuildFile; fileRef = 9563B5551DE0E8C700E80EAF /* CGRect+Extensions.swift */; };
		957592031DF053F40045FF25 /* AnimatedLogoView.swift in Sources */ = {isa = PBXBuildFile; fileRef = 957592021DF053F40045FF25 /* AnimatedLogoView.swift */; };
		957E28461DDD1ED2009601CB /* BackendNotConnectedProtocol.swift in Sources */ = {isa = PBXBuildFile; fileRef = 957E28451DDD1ED2009601CB /* BackendNotConnectedProtocol.swift */; };
		95D1E77E1CE20BED00E1EF0F /* HamburgerIconView.swift in Sources */ = {isa = PBXBuildFile; fileRef = 95D1E77D1CE20BED00E1EF0F /* HamburgerIconView.swift */; };
		BA24C57D1AF866630066C2ED /* SearchPostView.swift in Sources */ = {isa = PBXBuildFile; fileRef = BA24C57C1AF866630066C2ED /* SearchPostView.swift */; };
		C7B1984E1DD67D6800EAB8EA /* SpotifyLoginViewController.swift in Sources */ = {isa = PBXBuildFile; fileRef = C7B1984D1DD67D6800EAB8EA /* SpotifyLoginViewController.swift */; };
		C7EEF4C51E5E4EDF00C6EF94 /* FeedPostView.swift in Sources */ = {isa = PBXBuildFile; fileRef = C7EEF4C41E5E4EDF00C6EF94 /* FeedPostView.swift */; };
		D102A9D11AE88CB400C66385 /* SideBarTableViewCell.swift in Sources */ = {isa = PBXBuildFile; fileRef = D102A9CF1AE88CB400C66385 /* SideBarTableViewCell.swift */; };
		D11740001AF8574400302FFD /* ProfileViewController.swift in Sources */ = {isa = PBXBuildFile; fileRef = D1173FFF1AF8574400302FFD /* ProfileViewController.swift */; };
		D148F48C1AF0310D009AB073 /* HipCalendarCollectionReusableView.swift in Sources */ = {isa = PBXBuildFile; fileRef = D148F48B1AF0310D009AB073 /* HipCalendarCollectionReusableView.swift */; };
		D148F4941AF03169009AB073 /* HipCalendarDayCollectionViewCell.swift in Sources */ = {isa = PBXBuildFile; fileRef = D148F4931AF03169009AB073 /* HipCalendarDayCollectionViewCell.swift */; };
		D148F4981AF031DB009AB073 /* NSDateExtension.swift in Sources */ = {isa = PBXBuildFile; fileRef = D148F4971AF031DB009AB073 /* NSDateExtension.swift */; };
		D148F4AA1AF03EB4009AB073 /* PostHistoryTableViewController.swift in Sources */ = {isa = PBXBuildFile; fileRef = D148F4A81AF03EB4009AB073 /* PostHistoryTableViewController.swift */; };
		D14A31591AF53218005153E6 /* HipStickyHeaderFlowLayout.swift in Sources */ = {isa = PBXBuildFile; fileRef = D14A31581AF53218005153E6 /* HipStickyHeaderFlowLayout.swift */; };
		D14D06B21BE9535400ABA1CF /* SearchViewController.swift in Sources */ = {isa = PBXBuildFile; fileRef = B085F3B31BE3CBB80000421E /* SearchViewController.swift */; };
		D160ADFF1BE67406003B0E1A /* PlaylistTableViewCell.swift in Sources */ = {isa = PBXBuildFile; fileRef = D160ADFD1BE67406003B0E1A /* PlaylistTableViewCell.swift */; };
		D160AE001BE67406003B0E1A /* PlaylistTableViewCell.xib in Resources */ = {isa = PBXBuildFile; fileRef = D160ADFE1BE67406003B0E1A /* PlaylistTableViewCell.xib */; };
		D160AE021BE677D4003B0E1A /* PlaylistTableViewController.swift in Sources */ = {isa = PBXBuildFile; fileRef = D160AE011BE677D4003B0E1A /* PlaylistTableViewController.swift */; };
		D17395741ADB080900A53AEE /* UsersViewController.swift in Sources */ = {isa = PBXBuildFile; fileRef = D17395721ADB080900A53AEE /* UsersViewController.swift */; };
		D19E42121DF6262000D09F18 /* ProfileHeaderView.swift in Sources */ = {isa = PBXBuildFile; fileRef = D19E42111DF6262000D09F18 /* ProfileHeaderView.swift */; };
		D19E42141DF650DD00D09F18 /* CalendarTableViewCell.swift in Sources */ = {isa = PBXBuildFile; fileRef = D19E42131DF650DC00D09F18 /* CalendarTableViewCell.swift */; };
		FA1A91311AC3899E00774EF3 /* Player.swift in Sources */ = {isa = PBXBuildFile; fileRef = FA1A91301AC3899E00774EF3 /* Player.swift */; };
		FA1E1A781ADB06A3007C823C /* Post.swift in Sources */ = {isa = PBXBuildFile; fileRef = FA1E1A771ADB06A3007C823C /* Post.swift */; };
		FA1E1A7C1ADB072A007C823C /* Song.swift in Sources */ = {isa = PBXBuildFile; fileRef = FA1E1A7B1ADB072A007C823C /* Song.swift */; };
		FA1E1A7E1ADB0818007C823C /* PostView.swift in Sources */ = {isa = PBXBuildFile; fileRef = FA1E1A7D1ADB0818007C823C /* PostView.swift */; };
		FA674C071AF9105E00C14463 /* ADRefreshControl.swift in Sources */ = {isa = PBXBuildFile; fileRef = FA674C061AF9105E00C14463 /* ADRefreshControl.swift */; };
		FAB564731AF6A8C9001059DF /* LikedTableViewController.swift in Sources */ = {isa = PBXBuildFile; fileRef = FAB564711AF6A8C9001059DF /* LikedTableViewController.swift */; };
		FAB5647C1AF6BAE4001059DF /* SideBarTableViewCell.xib in Resources */ = {isa = PBXBuildFile; fileRef = FAB5647B1AF6BAE3001059DF /* SideBarTableViewCell.xib */; };
/* End PBXBuildFile section */

/* Begin PBXCopyFilesBuildPhase section */
		1DFD738A1BA0EE7B008D9FD8 /* Embed Frameworks */ = {
			isa = PBXCopyFilesBuildPhase;
			buildActionMask = 2147483647;
			dstPath = "";
			dstSubfolderSpec = 10;
			files = (
			);
			name = "Embed Frameworks";
			runOnlyForDeploymentPostprocessing = 0;
		};
/* End PBXCopyFilesBuildPhase section */

/* Begin PBXFileReference section */
		0271C9451D9582410037F6AD /* PostHistoryHeaderSectionCell.swift */ = {isa = PBXFileReference; fileEncoding = 4; lastKnownFileType = sourcecode.swift; path = PostHistoryHeaderSectionCell.swift; sourceTree = "<group>"; };
		0271C9461D9582410037F6AD /* PostHistoryHeaderSectionCell.xib */ = {isa = PBXFileReference; fileEncoding = 4; lastKnownFileType = file.xib; path = PostHistoryHeaderSectionCell.xib; sourceTree = "<group>"; };
		0276B1FB1DDFBAD800B512E9 /* LikedPostView.swift */ = {isa = PBXFileReference; fileEncoding = 4; lastKnownFileType = sourcecode.swift; path = LikedPostView.swift; sourceTree = "<group>"; };
		0276B1FD1DDFC2D900B512E9 /* LikedTableViewCell.swift */ = {isa = PBXFileReference; fileEncoding = 4; lastKnownFileType = sourcecode.swift; path = LikedTableViewCell.swift; sourceTree = "<group>"; };
		02803D4E1DC18524001D8F01 /* ExpandedPlayerView.swift */ = {isa = PBXFileReference; fileEncoding = 4; lastKnownFileType = sourcecode.swift; path = ExpandedPlayerView.swift; sourceTree = "<group>"; };
		02803D501DC1855C001D8F01 /* ExpandedPlayerView.xib */ = {isa = PBXFileReference; fileEncoding = 4; lastKnownFileType = file.xib; path = ExpandedPlayerView.xib; sourceTree = "<group>"; };
		1D1CC60C1C31BC0D0052F66D /* NSURLSession+Shared.swift */ = {isa = PBXFileReference; fileEncoding = 4; lastKnownFileType = sourcecode.swift; path = "NSURLSession+Shared.swift"; sourceTree = "<group>"; };
		1D1DD7121AE492750066AB39 /* Util.swift */ = {isa = PBXFileReference; fileEncoding = 4; lastKnownFileType = sourcecode.swift; path = Util.swift; sourceTree = "<group>"; };
		1D653F3D1B81451700F54455 /* SpotifyController.swift */ = {isa = PBXFileReference; fileEncoding = 4; lastKnownFileType = sourcecode.swift; path = SpotifyController.swift; sourceTree = "<group>"; };
		1D72D9B51AACC4C0007822B0 /* Tempo.app */ = {isa = PBXFileReference; explicitFileType = wrapper.application; includeInIndex = 0; path = Tempo.app; sourceTree = BUILT_PRODUCTS_DIR; };
		1D72D9B91AACC4C0007822B0 /* Info.plist */ = {isa = PBXFileReference; lastKnownFileType = text.plist.xml; path = Info.plist; sourceTree = "<group>"; };
		1D72D9BA1AACC4C0007822B0 /* AppDelegate.swift */ = {isa = PBXFileReference; lastKnownFileType = sourcecode.swift; path = AppDelegate.swift; sourceTree = "<group>"; };
		1D72D9C11AACC4C0007822B0 /* Images.xcassets */ = {isa = PBXFileReference; lastKnownFileType = folder.assetcatalog; path = Images.xcassets; sourceTree = "<group>"; };
		1D802AB41B786350005A96D1 /* AVFoundation.framework */ = {isa = PBXFileReference; lastKnownFileType = wrapper.framework; name = AVFoundation.framework; path = System/Library/Frameworks/AVFoundation.framework; sourceTree = SDKROOT; };
		1D802AB61B78635A005A96D1 /* SystemConfiguration.framework */ = {isa = PBXFileReference; lastKnownFileType = wrapper.framework; name = SystemConfiguration.framework; path = System/Library/Frameworks/SystemConfiguration.framework; sourceTree = SDKROOT; };
		1DB2838F1B6D8FCC00134FEA /* NSLayoutContraint+Fill.swift */ = {isa = PBXFileReference; fileEncoding = 4; lastKnownFileType = sourcecode.swift; name = "NSLayoutContraint+Fill.swift"; path = "../Controllers/NSLayoutContraint+Fill.swift"; sourceTree = "<group>"; };
		1DD875FB1B6E27DD0041C45B /* NSDateFormatter+Shared.swift */ = {isa = PBXFileReference; fileEncoding = 4; lastKnownFileType = sourcecode.swift; path = "NSDateFormatter+Shared.swift"; sourceTree = "<group>"; };
		1DE649C11B78590800DA5499 /* SettingsViewController.swift */ = {isa = PBXFileReference; fileEncoding = 4; lastKnownFileType = sourcecode.swift; path = SettingsViewController.swift; sourceTree = "<group>"; };
		1DFB2ED61B76D7FB001B7C76 /* StyleController.swift */ = {isa = PBXFileReference; fileEncoding = 4; lastKnownFileType = sourcecode.swift; name = StyleController.swift; path = ../Controllers/StyleController.swift; sourceTree = "<group>"; };
		1DFBFB511B7845E7001DD6AC /* SongSearchTableViewCell.xib */ = {isa = PBXFileReference; fileEncoding = 4; lastKnownFileType = file.xib; path = SongSearchTableViewCell.xib; sourceTree = "<group>"; };
		1DFBFB531B784634001DD6AC /* SongSearchTableViewCell.swift */ = {isa = PBXFileReference; fileEncoding = 4; lastKnownFileType = sourcecode.swift; path = SongSearchTableViewCell.swift; sourceTree = "<group>"; };
		1DFD735F1BA0DC68008D9FD8 /* Spotify.framework */ = {isa = PBXFileReference; lastKnownFileType = wrapper.framework; name = Spotify.framework; path = "ios-sdk/Spotify.framework"; sourceTree = "<group>"; };
		3BA54522F860F4A0B44FAE09 /* Pods-Tempo.release.xcconfig */ = {isa = PBXFileReference; includeInIndex = 1; lastKnownFileType = text.xcconfig; name = "Pods-Tempo.release.xcconfig"; path = "Pods/Target Support Files/Pods-Tempo/Pods-Tempo.release.xcconfig"; sourceTree = "<group>"; };
		508440E41DF0B97D00463D94 /* UIButton+Extensions.swift */ = {isa = PBXFileReference; fileEncoding = 4; lastKnownFileType = sourcecode.swift; path = "UIButton+Extensions.swift"; sourceTree = "<group>"; };
		60256C0F1BC1BC7900B52FDD /* SavedSongView.xib */ = {isa = PBXFileReference; fileEncoding = 4; lastKnownFileType = file.xib; path = SavedSongView.xib; sourceTree = "<group>"; };
		60256C191BC1BFA900B52FDD /* SavedSongView.swift */ = {isa = PBXFileReference; fileEncoding = 4; lastKnownFileType = sourcecode.swift; path = SavedSongView.swift; sourceTree = "<group>"; };
		6035E7871DE8017300221870 /* ParentPlayerCellView.swift */ = {isa = PBXFileReference; fileEncoding = 4; lastKnownFileType = sourcecode.swift; path = ParentPlayerCellView.swift; sourceTree = "<group>"; };
		6038B17D1D80ED250083940D /* FeedTableViewCell.swift */ = {isa = PBXFileReference; fileEncoding = 4; lastKnownFileType = sourcecode.swift; path = FeedTableViewCell.swift; sourceTree = "<group>"; };
		6038B17F1D80EDAF0083940D /* FeedTableViewCell.xib */ = {isa = PBXFileReference; fileEncoding = 4; lastKnownFileType = file.xib; name = FeedTableViewCell.xib; path = ../Profile/FeedTableViewCell.xib; sourceTree = "<group>"; };
		60419BEC1DE24AE800CAB9BD /* SettingsViewController.xib */ = {isa = PBXFileReference; fileEncoding = 4; lastKnownFileType = file.xib; path = SettingsViewController.xib; sourceTree = "<group>"; };
		6054DC111E7629F600ACEFEA /* TabBarController.swift */ = {isa = PBXFileReference; fileEncoding = 4; lastKnownFileType = sourcecode.swift; name = TabBarController.swift; path = ../Profile/TabBarController.swift; sourceTree = "<group>"; };
		6054DC131E762A0D00ACEFEA /* TabBarAccessoryViewController.swift */ = {isa = PBXFileReference; fileEncoding = 4; lastKnownFileType = sourcecode.swift; path = TabBarAccessoryViewController.swift; sourceTree = "<group>"; };
		60728FB91E6369150097C1AC /* PostTableViewCell.swift */ = {isa = PBXFileReference; fileEncoding = 4; lastKnownFileType = sourcecode.swift; path = PostTableViewCell.swift; sourceTree = "<group>"; };
		6084F6C41BE700B00048EFE3 /* PlayerTableViewController.swift */ = {isa = PBXFileReference; fileEncoding = 4; lastKnownFileType = sourcecode.swift; path = PlayerTableViewController.swift; sourceTree = "<group>"; };
		6086C4A31E88456300B77F2D /* PlayerCenter.swift */ = {isa = PBXFileReference; fileEncoding = 4; lastKnownFileType = sourcecode.swift; name = PlayerCenter.swift; path = ../PlayerCenter.swift; sourceTree = "<group>"; };
		60AEF7671DBD38AD00C68AAF /* PlayerCellView.swift */ = {isa = PBXFileReference; fileEncoding = 4; lastKnownFileType = sourcecode.swift; path = PlayerCellView.swift; sourceTree = "<group>"; };
		60AEF7681DBD38AD00C68AAF /* PlayerCellView.xib */ = {isa = PBXFileReference; fileEncoding = 4; lastKnownFileType = file.xib; path = PlayerCellView.xib; sourceTree = "<group>"; };
		60AEF7691DBD38AD00C68AAF /* ProgressView.swift */ = {isa = PBXFileReference; fileEncoding = 4; lastKnownFileType = sourcecode.swift; path = ProgressView.swift; sourceTree = "<group>"; };
		60C018041D9C7A2E00FE5166 /* AboutViewController.swift */ = {isa = PBXFileReference; fileEncoding = 4; lastKnownFileType = sourcecode.swift; path = AboutViewController.swift; sourceTree = "<group>"; };
		60C5A3CC1D9A1FB1004BDD58 /* LaunchScreen.storyboard */ = {isa = PBXFileReference; fileEncoding = 4; lastKnownFileType = file.storyboard; path = LaunchScreen.storyboard; sourceTree = "<group>"; };
		6D33499F1AE3F11300B512FD /* FollowTableViewCell.swift */ = {isa = PBXFileReference; fileEncoding = 4; lastKnownFileType = sourcecode.swift; name = FollowTableViewCell.swift; path = ../Profile/FollowTableViewCell.swift; sourceTree = "<group>"; };
		6D3349A11AE423DA00B512FD /* FollowTableViewCell.xib */ = {isa = PBXFileReference; fileEncoding = 4; lastKnownFileType = file.xib; name = FollowTableViewCell.xib; path = ../Profile/FollowTableViewCell.xib; sourceTree = "<group>"; };
		6DA5FE4C1AED72F800E795DD /* UIColor+Shared.swift */ = {isa = PBXFileReference; fileEncoding = 4; lastKnownFileType = sourcecode.swift; path = "UIColor+Shared.swift"; sourceTree = "<group>"; };
		6DEE0FD01AC34811005552F9 /* User.swift */ = {isa = PBXFileReference; fileEncoding = 4; lastKnownFileType = sourcecode.swift; name = User.swift; path = Models/User.swift; sourceTree = "<group>"; };
		7FCE05E51ABF4BD1002103DE /* FeedViewController.swift */ = {isa = PBXFileReference; fileEncoding = 4; lastKnownFileType = sourcecode.swift; path = FeedViewController.swift; sourceTree = "<group>"; usesTabs = 1; };
		952E7EDF1DEA89ED006C6131 /* LoginFlowViewController.swift */ = {isa = PBXFileReference; fileEncoding = 4; lastKnownFileType = sourcecode.swift; path = LoginFlowViewController.swift; sourceTree = "<group>"; };
		952E7EE11DEA8E6E006C6131 /* FacebookLoginViewController.swift */ = {isa = PBXFileReference; fileEncoding = 4; lastKnownFileType = sourcecode.swift; path = FacebookLoginViewController.swift; sourceTree = "<group>"; };
		952E7EE31DEAAA46006C6131 /* CreateUsernameViewController.swift */ = {isa = PBXFileReference; fileEncoding = 4; lastKnownFileType = sourcecode.swift; path = CreateUsernameViewController.swift; sourceTree = "<group>"; };
		9563B5531DE0E3FC00E80EAF /* FeedFollowSuggestionsController.swift */ = {isa = PBXFileReference; fileEncoding = 4; lastKnownFileType = sourcecode.swift; path = FeedFollowSuggestionsController.swift; sourceTree = "<group>"; };
		9563B5551DE0E8C700E80EAF /* CGRect+Extensions.swift */ = {isa = PBXFileReference; fileEncoding = 4; lastKnownFileType = sourcecode.swift; path = "CGRect+Extensions.swift"; sourceTree = "<group>"; };
		957319321DD1AF1000B5E3C4 /* Tempo.entitlements */ = {isa = PBXFileReference; lastKnownFileType = text.plist.entitlements; path = Tempo.entitlements; sourceTree = "<group>"; };
		957592021DF053F40045FF25 /* AnimatedLogoView.swift */ = {isa = PBXFileReference; fileEncoding = 4; lastKnownFileType = sourcecode.swift; path = AnimatedLogoView.swift; sourceTree = "<group>"; };
		957E28451DDD1ED2009601CB /* BackendNotConnectedProtocol.swift */ = {isa = PBXFileReference; fileEncoding = 4; lastKnownFileType = sourcecode.swift; name = BackendNotConnectedProtocol.swift; path = Utilities/Tools/BackendNotConnectedProtocol.swift; sourceTree = "<group>"; };
		95D1E77D1CE20BED00E1EF0F /* HamburgerIconView.swift */ = {isa = PBXFileReference; fileEncoding = 4; lastKnownFileType = sourcecode.swift; path = HamburgerIconView.swift; sourceTree = "<group>"; };
		9D5244650DDB6EA6E3FDF1FA /* Pods-Tempo.debug.xcconfig */ = {isa = PBXFileReference; includeInIndex = 1; lastKnownFileType = text.xcconfig; name = "Pods-Tempo.debug.xcconfig"; path = "Pods/Target Support Files/Pods-Tempo/Pods-Tempo.debug.xcconfig"; sourceTree = "<group>"; };
		A1698B38F16E152E9A84B507 /* Pods.framework */ = {isa = PBXFileReference; explicitFileType = wrapper.framework; includeInIndex = 0; path = Pods.framework; sourceTree = BUILT_PRODUCTS_DIR; };
		B085F3B31BE3CBB80000421E /* SearchViewController.swift */ = {isa = PBXFileReference; fileEncoding = 4; lastKnownFileType = sourcecode.swift; path = SearchViewController.swift; sourceTree = "<group>"; };
		BA24C57C1AF866630066C2ED /* SearchPostView.swift */ = {isa = PBXFileReference; fileEncoding = 4; lastKnownFileType = sourcecode.swift; path = SearchPostView.swift; sourceTree = "<group>"; };
		BA257E271ABA3FE200D939B0 /* Tempo-Bridging-Header.h */ = {isa = PBXFileReference; lastKnownFileType = sourcecode.c.h; path = "Tempo-Bridging-Header.h"; sourceTree = "<group>"; };
		C0CF7B971AE425450083606C /* API.swift */ = {isa = PBXFileReference; fileEncoding = 4; lastKnownFileType = sourcecode.swift; path = API.swift; sourceTree = "<group>"; };
		C7B1984D1DD67D6800EAB8EA /* SpotifyLoginViewController.swift */ = {isa = PBXFileReference; fileEncoding = 4; lastKnownFileType = sourcecode.swift; path = SpotifyLoginViewController.swift; sourceTree = "<group>"; };
		C7EEF4C41E5E4EDF00C6EF94 /* FeedPostView.swift */ = {isa = PBXFileReference; fileEncoding = 4; lastKnownFileType = sourcecode.swift; path = FeedPostView.swift; sourceTree = "<group>"; };
		D102A9CF1AE88CB400C66385 /* SideBarTableViewCell.swift */ = {isa = PBXFileReference; fileEncoding = 4; lastKnownFileType = sourcecode.swift; name = SideBarTableViewCell.swift; path = ../Profile/SideBarTableViewCell.swift; sourceTree = "<group>"; };
		D1173FFF1AF8574400302FFD /* ProfileViewController.swift */ = {isa = PBXFileReference; fileEncoding = 4; lastKnownFileType = sourcecode.swift; path = ProfileViewController.swift; sourceTree = "<group>"; };
		D148F48B1AF0310D009AB073 /* HipCalendarCollectionReusableView.swift */ = {isa = PBXFileReference; fileEncoding = 4; lastKnownFileType = sourcecode.swift; path = HipCalendarCollectionReusableView.swift; sourceTree = "<group>"; };
		D148F4931AF03169009AB073 /* HipCalendarDayCollectionViewCell.swift */ = {isa = PBXFileReference; fileEncoding = 4; lastKnownFileType = sourcecode.swift; path = HipCalendarDayCollectionViewCell.swift; sourceTree = "<group>"; };
		D148F4971AF031DB009AB073 /* NSDateExtension.swift */ = {isa = PBXFileReference; fileEncoding = 4; lastKnownFileType = sourcecode.swift; path = NSDateExtension.swift; sourceTree = "<group>"; };
		D148F4A81AF03EB4009AB073 /* PostHistoryTableViewController.swift */ = {isa = PBXFileReference; fileEncoding = 4; lastKnownFileType = sourcecode.swift; path = PostHistoryTableViewController.swift; sourceTree = "<group>"; };
		D14A31581AF53218005153E6 /* HipStickyHeaderFlowLayout.swift */ = {isa = PBXFileReference; fileEncoding = 4; lastKnownFileType = sourcecode.swift; path = HipStickyHeaderFlowLayout.swift; sourceTree = "<group>"; };
		D160ADFD1BE67406003B0E1A /* PlaylistTableViewCell.swift */ = {isa = PBXFileReference; fileEncoding = 4; lastKnownFileType = sourcecode.swift; path = PlaylistTableViewCell.swift; sourceTree = "<group>"; };
		D160ADFE1BE67406003B0E1A /* PlaylistTableViewCell.xib */ = {isa = PBXFileReference; fileEncoding = 4; lastKnownFileType = file.xib; path = PlaylistTableViewCell.xib; sourceTree = "<group>"; };
		D160AE011BE677D4003B0E1A /* PlaylistTableViewController.swift */ = {isa = PBXFileReference; fileEncoding = 4; lastKnownFileType = sourcecode.swift; path = PlaylistTableViewController.swift; sourceTree = "<group>"; };
		D17395721ADB080900A53AEE /* UsersViewController.swift */ = {isa = PBXFileReference; fileEncoding = 4; lastKnownFileType = sourcecode.swift; path = UsersViewController.swift; sourceTree = "<group>"; };
		D19E42111DF6262000D09F18 /* ProfileHeaderView.swift */ = {isa = PBXFileReference; fileEncoding = 4; lastKnownFileType = sourcecode.swift; path = ProfileHeaderView.swift; sourceTree = "<group>"; };
		D19E42131DF650DC00D09F18 /* CalendarTableViewCell.swift */ = {isa = PBXFileReference; fileEncoding = 4; lastKnownFileType = sourcecode.swift; path = CalendarTableViewCell.swift; sourceTree = "<group>"; };
		DA8EF99B96F4D25422DF410E /* Pods_Tempo.framework */ = {isa = PBXFileReference; explicitFileType = wrapper.framework; includeInIndex = 0; path = Pods_Tempo.framework; sourceTree = BUILT_PRODUCTS_DIR; };
		FA1A91301AC3899E00774EF3 /* Player.swift */ = {isa = PBXFileReference; fileEncoding = 4; lastKnownFileType = sourcecode.swift; path = Player.swift; sourceTree = "<group>"; };
		FA1E1A771ADB06A3007C823C /* Post.swift */ = {isa = PBXFileReference; fileEncoding = 4; lastKnownFileType = sourcecode.swift; name = Post.swift; path = Models/Post.swift; sourceTree = "<group>"; };
		FA1E1A7B1ADB072A007C823C /* Song.swift */ = {isa = PBXFileReference; fileEncoding = 4; lastKnownFileType = sourcecode.swift; name = Song.swift; path = Models/Song.swift; sourceTree = "<group>"; };
		FA1E1A7D1ADB0818007C823C /* PostView.swift */ = {isa = PBXFileReference; fileEncoding = 4; lastKnownFileType = sourcecode.swift; path = PostView.swift; sourceTree = "<group>"; };
		FA674C061AF9105E00C14463 /* ADRefreshControl.swift */ = {isa = PBXFileReference; fileEncoding = 4; lastKnownFileType = sourcecode.swift; path = ADRefreshControl.swift; sourceTree = "<group>"; };
		FAB564711AF6A8C9001059DF /* LikedTableViewController.swift */ = {isa = PBXFileReference; fileEncoding = 4; lastKnownFileType = sourcecode.swift; path = LikedTableViewController.swift; sourceTree = "<group>"; };
		FAB5647B1AF6BAE3001059DF /* SideBarTableViewCell.xib */ = {isa = PBXFileReference; fileEncoding = 4; lastKnownFileType = file.xib; name = SideBarTableViewCell.xib; path = ../Profile/SideBarTableViewCell.xib; sourceTree = "<group>"; };
/* End PBXFileReference section */

/* Begin PBXFrameworksBuildPhase section */
		1D72D9B21AACC4C0007822B0 /* Frameworks */ = {
			isa = PBXFrameworksBuildPhase;
			buildActionMask = 2147483647;
			files = (
				1D802AB71B78635A005A96D1 /* SystemConfiguration.framework in Frameworks */,
				1D802AB51B786351005A96D1 /* AVFoundation.framework in Frameworks */,
				1DFD73601BA0DC68008D9FD8 /* Spotify.framework in Frameworks */,
				49941B33D42E6D1D9CAC5031 /* Pods_Tempo.framework in Frameworks */,
			);
			runOnlyForDeploymentPostprocessing = 0;
		};
/* End PBXFrameworksBuildPhase section */

/* Begin PBXGroup section */
		1D046D8C1AB6953600D0354B /* Controllers */ = {
			isa = PBXGroup;
			children = (
				952E7EDD1DEA890E006C6131 /* Login */,
				B01FE1541C1765080077C2BF /* Spotify */,
				6DEE0FC31AC34811005552F9 /* Profile */,
				D148F4991AF0349A009AB073 /* Post History Calendar */,
				7FCE05E51ABF4BD1002103DE /* FeedViewController.swift */,
				6084F6C41BE700B00048EFE3 /* PlayerTableViewController.swift */,
				D148F4A81AF03EB4009AB073 /* PostHistoryTableViewController.swift */,
				9563B5531DE0E3FC00E80EAF /* FeedFollowSuggestionsController.swift */,
				B085F3B31BE3CBB80000421E /* SearchViewController.swift */,
				FAB564711AF6A8C9001059DF /* LikedTableViewController.swift */,
				60C018041D9C7A2E00FE5166 /* AboutViewController.swift */,
				6054DC151E762A1600ACEFEA /* TabBar */,
				952E7EDE1DEA8957006C6131 /* XIBS */,
			);
			path = Controllers;
			sourceTree = "<group>";
		};
		1D1DD7101AE492750066AB39 /* Utilities */ = {
			isa = PBXGroup;
			children = (
				1DB2838F1B6D8FCC00134FEA /* NSLayoutContraint+Fill.swift */,
				1D1DD7121AE492750066AB39 /* Util.swift */,
				9563B5551DE0E8C700E80EAF /* CGRect+Extensions.swift */,
				6DA5FE4C1AED72F800E795DD /* UIColor+Shared.swift */,
				1DD875FB1B6E27DD0041C45B /* NSDateFormatter+Shared.swift */,
				1DFB2ED61B76D7FB001B7C76 /* StyleController.swift */,
				1D1CC60C1C31BC0D0052F66D /* NSURLSession+Shared.swift */,
				508440E41DF0B97D00463D94 /* UIButton+Extensions.swift */,
			);
			path = Utilities;
			sourceTree = "<group>";
		};
		1D65392E1AD0E23800E82627 /* Views */ = {
			isa = PBXGroup;
			children = (
				D19E42111DF6262000D09F18 /* ProfileHeaderView.swift */,
				957592021DF053F40045FF25 /* AnimatedLogoView.swift */,
				6035E7871DE8017300221870 /* ParentPlayerCellView.swift */,
				60AEF7671DBD38AD00C68AAF /* PlayerCellView.swift */,
				60AEF7681DBD38AD00C68AAF /* PlayerCellView.xib */,
				02803D4E1DC18524001D8F01 /* ExpandedPlayerView.swift */,
				02803D501DC1855C001D8F01 /* ExpandedPlayerView.xib */,
				60AEF7691DBD38AD00C68AAF /* ProgressView.swift */,
				95D1E77D1CE20BED00E1EF0F /* HamburgerIconView.swift */,
				FA1E1A7D1ADB0818007C823C /* PostView.swift */,
				C7EEF4C41E5E4EDF00C6EF94 /* FeedPostView.swift */,
				0276B1FB1DDFBAD800B512E9 /* LikedPostView.swift */,
				BA24C57C1AF866630066C2ED /* SearchPostView.swift */,
				60256C191BC1BFA900B52FDD /* SavedSongView.swift */,
				60256C0F1BC1BC7900B52FDD /* SavedSongView.xib */,
				1D802AB81B7873A5005A96D1 /* Cells */,
				1DB283911B6D969A00134FEA /* Controls */,
			);
			path = Views;
			sourceTree = "<group>";
		};
		1D72D9AC1AACC4C0007822B0 = {
			isa = PBXGroup;
			children = (
				1D72D9B71AACC4C0007822B0 /* Tempo */,
				1D72D9B61AACC4C0007822B0 /* Products */,
				B9DF81295CC69057799B6683 /* Frameworks */,
				65D917AAEF2BE5A6E1AA154D /* Pods */,
			);
			sourceTree = "<group>";
			usesTabs = 1;
		};
		1D72D9B61AACC4C0007822B0 /* Products */ = {
			isa = PBXGroup;
			children = (
				1D72D9B51AACC4C0007822B0 /* Tempo.app */,
			);
			name = Products;
			sourceTree = "<group>";
		};
		1D72D9B71AACC4C0007822B0 /* Tempo */ = {
			isa = PBXGroup;
			children = (
				957319321DD1AF1000B5E3C4 /* Tempo.entitlements */,
				C0CF7B971AE425450083606C /* API.swift */,
				1D72D9BA1AACC4C0007822B0 /* AppDelegate.swift */,
				FA1A91301AC3899E00774EF3 /* Player.swift */,
				957E28451DDD1ED2009601CB /* BackendNotConnectedProtocol.swift */,
				FA1E1A7A1ADB06A8007C823C /* Models */,
				1D046D8C1AB6953600D0354B /* Controllers */,
				1D65392E1AD0E23800E82627 /* Views */,
				1D1DD7101AE492750066AB39 /* Utilities */,
				1DE932921AAD12A700AD3BF0 /* Vendor */,
				1D72D9C11AACC4C0007822B0 /* Images.xcassets */,
				BA257E271ABA3FE200D939B0 /* Tempo-Bridging-Header.h */,
				1D72D9B81AACC4C0007822B0 /* Supporting Files */,
				6D54C2A61ABF5A87007648A5 /* Frameworks */,
				60C5A3CC1D9A1FB1004BDD58 /* LaunchScreen.storyboard */,
			);
			path = Tempo;
			sourceTree = "<group>";
		};
		1D72D9B81AACC4C0007822B0 /* Supporting Files */ = {
			isa = PBXGroup;
			children = (
				1D72D9B91AACC4C0007822B0 /* Info.plist */,
			);
			path = "Supporting Files";
			sourceTree = "<group>";
		};
		1D802AB81B7873A5005A96D1 /* Cells */ = {
			isa = PBXGroup;
			children = (
				D19E42131DF650DC00D09F18 /* CalendarTableViewCell.swift */,
				6038B17D1D80ED250083940D /* FeedTableViewCell.swift */,
				6038B17F1D80EDAF0083940D /* FeedTableViewCell.xib */,
				0276B1FD1DDFC2D900B512E9 /* LikedTableViewCell.swift */,
				6D33499F1AE3F11300B512FD /* FollowTableViewCell.swift */,
				6D3349A11AE423DA00B512FD /* FollowTableViewCell.xib */,
				D102A9CF1AE88CB400C66385 /* SideBarTableViewCell.swift */,
				FAB5647B1AF6BAE3001059DF /* SideBarTableViewCell.xib */,
				1DFBFB531B784634001DD6AC /* SongSearchTableViewCell.swift */,
				1DFBFB511B7845E7001DD6AC /* SongSearchTableViewCell.xib */,
				D160ADFD1BE67406003B0E1A /* PlaylistTableViewCell.swift */,
				D160ADFE1BE67406003B0E1A /* PlaylistTableViewCell.xib */,
				0271C9451D9582410037F6AD /* PostHistoryHeaderSectionCell.swift */,
				0271C9461D9582410037F6AD /* PostHistoryHeaderSectionCell.xib */,
				60728FB91E6369150097C1AC /* PostTableViewCell.swift */,
			);
			name = Cells;
			sourceTree = "<group>";
		};
		1DB283911B6D969A00134FEA /* Controls */ = {
			isa = PBXGroup;
			children = (
				FA674C061AF9105E00C14463 /* ADRefreshControl.swift */,
			);
			name = Controls;
			sourceTree = "<group>";
		};
		1DE932921AAD12A700AD3BF0 /* Vendor */ = {
			isa = PBXGroup;
			children = (
				1DFD735F1BA0DC68008D9FD8 /* Spotify.framework */,
			);
			path = Vendor;
			sourceTree = "<group>";
		};
		6054DC151E762A1600ACEFEA /* TabBar */ = {
			isa = PBXGroup;
			children = (
				6054DC111E7629F600ACEFEA /* TabBarController.swift */,
				6054DC131E762A0D00ACEFEA /* TabBarAccessoryViewController.swift */,
				6086C4A31E88456300B77F2D /* PlayerCenter.swift */,
			);
			name = TabBar;
			sourceTree = "<group>";
		};
		65D917AAEF2BE5A6E1AA154D /* Pods */ = {
			isa = PBXGroup;
			children = (
				9D5244650DDB6EA6E3FDF1FA /* Pods-Tempo.debug.xcconfig */,
				3BA54522F860F4A0B44FAE09 /* Pods-Tempo.release.xcconfig */,
			);
			name = Pods;
			sourceTree = "<group>";
		};
		6D54C2A61ABF5A87007648A5 /* Frameworks */ = {
			isa = PBXGroup;
			children = (
				1D802AB61B78635A005A96D1 /* SystemConfiguration.framework */,
				1D802AB41B786350005A96D1 /* AVFoundation.framework */,
			);
			name = Frameworks;
			path = ..;
			sourceTree = "<group>";
		};
		6DEE0FC31AC34811005552F9 /* Profile */ = {
			isa = PBXGroup;
			children = (
				D1173FFF1AF8574400302FFD /* ProfileViewController.swift */,
				D17395721ADB080900A53AEE /* UsersViewController.swift */,
			);
			name = Profile;
			path = ../Profile;
			sourceTree = "<group>";
		};
		952E7EDD1DEA890E006C6131 /* Login */ = {
			isa = PBXGroup;
			children = (
				952E7EE11DEA8E6E006C6131 /* FacebookLoginViewController.swift */,
				C7B1984D1DD67D6800EAB8EA /* SpotifyLoginViewController.swift */,
				952E7EE31DEAAA46006C6131 /* CreateUsernameViewController.swift */,
				952E7EDF1DEA89ED006C6131 /* LoginFlowViewController.swift */,
			);
			name = Login;
			sourceTree = "<group>";
		};
		952E7EDE1DEA8957006C6131 /* XIBS */ = {
			isa = PBXGroup;
			children = (
				60419BEC1DE24AE800CAB9BD /* SettingsViewController.xib */,
			);
			name = XIBS;
			sourceTree = "<group>";
		};
		B01FE1541C1765080077C2BF /* Spotify */ = {
			isa = PBXGroup;
			children = (
				1D653F3D1B81451700F54455 /* SpotifyController.swift */,
				1DE649C11B78590800DA5499 /* SettingsViewController.swift */,
				D160AE011BE677D4003B0E1A /* PlaylistTableViewController.swift */,
			);
			name = Spotify;
			sourceTree = "<group>";
		};
		B9DF81295CC69057799B6683 /* Frameworks */ = {
			isa = PBXGroup;
			children = (
				A1698B38F16E152E9A84B507 /* Pods.framework */,
				DA8EF99B96F4D25422DF410E /* Pods_Tempo.framework */,
			);
			name = Frameworks;
			sourceTree = "<group>";
		};
		D148F4991AF0349A009AB073 /* Post History Calendar */ = {
			isa = PBXGroup;
			children = (
				D148F48B1AF0310D009AB073 /* HipCalendarCollectionReusableView.swift */,
				D148F4931AF03169009AB073 /* HipCalendarDayCollectionViewCell.swift */,
				D148F4971AF031DB009AB073 /* NSDateExtension.swift */,
				D14A31581AF53218005153E6 /* HipStickyHeaderFlowLayout.swift */,
			);
			name = "Post History Calendar";
			path = ../Profile;
			sourceTree = "<group>";
		};
		FA1E1A7A1ADB06A8007C823C /* Models */ = {
			isa = PBXGroup;
			children = (
				FA1E1A771ADB06A3007C823C /* Post.swift */,
				FA1E1A7B1ADB072A007C823C /* Song.swift */,
				6DEE0FD01AC34811005552F9 /* User.swift */,
			);
			name = Models;
			sourceTree = "<group>";
		};
/* End PBXGroup section */

/* Begin PBXNativeTarget section */
		1D72D9B41AACC4C0007822B0 /* Tempo */ = {
			isa = PBXNativeTarget;
			buildConfigurationList = 1D72D9D41AACC4C0007822B0 /* Build configuration list for PBXNativeTarget "Tempo" */;
			buildPhases = (
				1648FA63E111E223B921C166 /* [CP] Check Pods Manifest.lock */,
				1D72D9B11AACC4C0007822B0 /* Sources */,
				1D72D9B21AACC4C0007822B0 /* Frameworks */,
				1D72D9B31AACC4C0007822B0 /* Resources */,
				1DFD738A1BA0EE7B008D9FD8 /* Embed Frameworks */,
				A48E5EDF70429BBE52D2FCB5 /* [CP] Embed Pods Frameworks */,
				78630E2F06DFC643EE8D7CCC /* [CP] Copy Pods Resources */,
			);
			buildRules = (
			);
			dependencies = (
			);
			name = Tempo;
			productName = IceFishing;
			productReference = 1D72D9B51AACC4C0007822B0 /* Tempo.app */;
			productType = "com.apple.product-type.application";
		};
/* End PBXNativeTarget section */

/* Begin PBXProject section */
		1D72D9AD1AACC4C0007822B0 /* Project object */ = {
			isa = PBXProject;
			attributes = {
				LastSwiftMigration = 0700;
				LastSwiftUpdateCheck = 0700;
				LastUpgradeCheck = 0810;
				ORGANIZATIONNAME = CUAppDev;
				TargetAttributes = {
					1D72D9B41AACC4C0007822B0 = {
						CreatedOnToolsVersion = 6.1.1;
						DevelopmentTeam = ZGMCXU7X3U;
						LastSwiftMigration = 0810;
						ProvisioningStyle = Automatic;
						SystemCapabilities = {
							com.apple.Keychain = {
								enabled = 1;
							};
							com.apple.Push = {
								enabled = 1;
							};
						};
					};
				};
			};
			buildConfigurationList = 1D72D9B01AACC4C0007822B0 /* Build configuration list for PBXProject "Tempo" */;
			compatibilityVersion = "Xcode 3.2";
			developmentRegion = English;
			hasScannedForEncodings = 0;
			knownRegions = (
				en,
				Base,
			);
			mainGroup = 1D72D9AC1AACC4C0007822B0;
			productRefGroup = 1D72D9B61AACC4C0007822B0 /* Products */;
			projectDirPath = "";
			projectRoot = "";
			targets = (
				1D72D9B41AACC4C0007822B0 /* Tempo */,
			);
		};
/* End PBXProject section */

/* Begin PBXResourcesBuildPhase section */
		1D72D9B31AACC4C0007822B0 /* Resources */ = {
			isa = PBXResourcesBuildPhase;
			buildActionMask = 2147483647;
			files = (
				60AEF76B1DBD38AD00C68AAF /* PlayerCellView.xib in Resources */,
				02803D511DC1855C001D8F01 /* ExpandedPlayerView.xib in Resources */,
				6D3349A21AE423DA00B512FD /* FollowTableViewCell.xib in Resources */,
				D160AE001BE67406003B0E1A /* PlaylistTableViewCell.xib in Resources */,
				60C5A3CD1D9A1FB1004BDD58 /* LaunchScreen.storyboard in Resources */,
				1DFBFB521B7845E7001DD6AC /* SongSearchTableViewCell.xib in Resources */,
				60256C101BC1BC7900B52FDD /* SavedSongView.xib in Resources */,
				0271C9481D9582410037F6AD /* PostHistoryHeaderSectionCell.xib in Resources */,
				FAB5647C1AF6BAE4001059DF /* SideBarTableViewCell.xib in Resources */,
				6038B1801D80EDAF0083940D /* FeedTableViewCell.xib in Resources */,
				60419BED1DE24AE800CAB9BD /* SettingsViewController.xib in Resources */,
				1D72D9C21AACC4C0007822B0 /* Images.xcassets in Resources */,
			);
			runOnlyForDeploymentPostprocessing = 0;
		};
/* End PBXResourcesBuildPhase section */

/* Begin PBXShellScriptBuildPhase section */
		1648FA63E111E223B921C166 /* [CP] Check Pods Manifest.lock */ = {
			isa = PBXShellScriptBuildPhase;
			buildActionMask = 2147483647;
			files = (
			);
			inputPaths = (
			);
			name = "[CP] Check Pods Manifest.lock";
			outputPaths = (
			);
			runOnlyForDeploymentPostprocessing = 0;
			shellPath = /bin/sh;
			shellScript = "diff \"${PODS_ROOT}/../Podfile.lock\" \"${PODS_ROOT}/Manifest.lock\" > /dev/null\nif [ $? != 0 ] ; then\n    # print error to STDERR\n    echo \"error: The sandbox is not in sync with the Podfile.lock. Run 'pod install' or update your CocoaPods installation.\" >&2\n    exit 1\nfi\n";
			showEnvVarsInLog = 0;
		};
		78630E2F06DFC643EE8D7CCC /* [CP] Copy Pods Resources */ = {
			isa = PBXShellScriptBuildPhase;
			buildActionMask = 2147483647;
			files = (
			);
			inputPaths = (
			);
			name = "[CP] Copy Pods Resources";
			outputPaths = (
			);
			runOnlyForDeploymentPostprocessing = 0;
			shellPath = /bin/sh;
			shellScript = "\"${SRCROOT}/Pods/Target Support Files/Pods-Tempo/Pods-Tempo-resources.sh\"\n";
			showEnvVarsInLog = 0;
		};
		A48E5EDF70429BBE52D2FCB5 /* [CP] Embed Pods Frameworks */ = {
			isa = PBXShellScriptBuildPhase;
			buildActionMask = 2147483647;
			files = (
			);
			inputPaths = (
			);
			name = "[CP] Embed Pods Frameworks";
			outputPaths = (
			);
			runOnlyForDeploymentPostprocessing = 0;
			shellPath = /bin/sh;
			shellScript = "\"${SRCROOT}/Pods/Target Support Files/Pods-Tempo/Pods-Tempo-frameworks.sh\"\n";
			showEnvVarsInLog = 0;
		};
/* End PBXShellScriptBuildPhase section */

/* Begin PBXSourcesBuildPhase section */
		1D72D9B11AACC4C0007822B0 /* Sources */ = {
			isa = PBXSourcesBuildPhase;
			buildActionMask = 2147483647;
			files = (
				1DCB961C1AED5F48007F6A4B /* API.swift in Sources */,
				952E7EE01DEA89ED006C6131 /* LoginFlowViewController.swift in Sources */,
				D148F4941AF03169009AB073 /* HipCalendarDayCollectionViewCell.swift in Sources */,
				1DFB2ED71B76D7FB001B7C76 /* StyleController.swift in Sources */,
				1D653F3E1B81451700F54455 /* SpotifyController.swift in Sources */,
				FA1E1A7C1ADB072A007C823C /* Song.swift in Sources */,
				1DB283901B6D8FCC00134FEA /* NSLayoutContraint+Fill.swift in Sources */,
				60AEF76A1DBD38AD00C68AAF /* PlayerCellView.swift in Sources */,
				D17395741ADB080900A53AEE /* UsersViewController.swift in Sources */,
				1DE649C31B78590800DA5499 /* SettingsViewController.swift in Sources */,
				D19E42141DF650DD00D09F18 /* CalendarTableViewCell.swift in Sources */,
				0276B1FC1DDFBAD800B512E9 /* LikedPostView.swift in Sources */,
				0276B1FE1DDFC2D900B512E9 /* LikedTableViewCell.swift in Sources */,
				FA1E1A7E1ADB0818007C823C /* PostView.swift in Sources */,
				6054DC121E7629F600ACEFEA /* TabBarController.swift in Sources */,
				D160ADFF1BE67406003B0E1A /* PlaylistTableViewCell.swift in Sources */,
				957592031DF053F40045FF25 /* AnimatedLogoView.swift in Sources */,
				60C018061D9C7A2E00FE5166 /* AboutViewController.swift in Sources */,
				1D1DD7141AE492750066AB39 /* Util.swift in Sources */,
				6035E7881DE8017300221870 /* ParentPlayerCellView.swift in Sources */,
				9563B5541DE0E3FC00E80EAF /* FeedFollowSuggestionsController.swift in Sources */,
				FA1A91311AC3899E00774EF3 /* Player.swift in Sources */,
				1DFBFB541B784634001DD6AC /* SongSearchTableViewCell.swift in Sources */,
				60256C1A1BC1BFA900B52FDD /* SavedSongView.swift in Sources */,
				1D72D9BB1AACC4C0007822B0 /* AppDelegate.swift in Sources */,
				60728FBA1E6369150097C1AC /* PostTableViewCell.swift in Sources */,
				FAB564731AF6A8C9001059DF /* LikedTableViewController.swift in Sources */,
				1DD875FC1B6E27DD0041C45B /* NSDateFormatter+Shared.swift in Sources */,
				952E7EE41DEAAA46006C6131 /* CreateUsernameViewController.swift in Sources */,
				D102A9D11AE88CB400C66385 /* SideBarTableViewCell.swift in Sources */,
				C7B1984E1DD67D6800EAB8EA /* SpotifyLoginViewController.swift in Sources */,
				D14D06B21BE9535400ABA1CF /* SearchViewController.swift in Sources */,
				7FCE05E91ABF4BD1002103DE /* FeedViewController.swift in Sources */,
				60AEF76C1DBD38AD00C68AAF /* ProgressView.swift in Sources */,
				D11740001AF8574400302FFD /* ProfileViewController.swift in Sources */,
				6D3349A01AE3F11300B512FD /* FollowTableViewCell.swift in Sources */,
				952E7EE21DEA8E6E006C6131 /* FacebookLoginViewController.swift in Sources */,
				02803D4F1DC18524001D8F01 /* ExpandedPlayerView.swift in Sources */,
				FA674C071AF9105E00C14463 /* ADRefreshControl.swift in Sources */,
				C7EEF4C51E5E4EDF00C6EF94 /* FeedPostView.swift in Sources */,
				D19E42121DF6262000D09F18 /* ProfileHeaderView.swift in Sources */,
				6DA5FE4D1AED72F800E795DD /* UIColor+Shared.swift in Sources */,
				D148F4981AF031DB009AB073 /* NSDateExtension.swift in Sources */,
				6038B17E1D80ED250083940D /* FeedTableViewCell.swift in Sources */,
				6084F6C51BE700B00048EFE3 /* PlayerTableViewController.swift in Sources */,
				BA24C57D1AF866630066C2ED /* SearchPostView.swift in Sources */,
				0271C9471D9582410037F6AD /* PostHistoryHeaderSectionCell.swift in Sources */,
				FA1E1A781ADB06A3007C823C /* Post.swift in Sources */,
				1D1CC60D1C31BC0D0052F66D /* NSURLSession+Shared.swift in Sources */,
				D148F48C1AF0310D009AB073 /* HipCalendarCollectionReusableView.swift in Sources */,
				D14A31591AF53218005153E6 /* HipStickyHeaderFlowLayout.swift in Sources */,
				6054DC141E762A0D00ACEFEA /* TabBarAccessoryViewController.swift in Sources */,
				9563B5561DE0E8C700E80EAF /* CGRect+Extensions.swift in Sources */,
				957E28461DDD1ED2009601CB /* BackendNotConnectedProtocol.swift in Sources */,
				95D1E77E1CE20BED00E1EF0F /* HamburgerIconView.swift in Sources */,
				6086C4A41E88456400B77F2D /* PlayerCenter.swift in Sources */,
				D160AE021BE677D4003B0E1A /* PlaylistTableViewController.swift in Sources */,
				D148F4AA1AF03EB4009AB073 /* PostHistoryTableViewController.swift in Sources */,
				6DEE0FDA1AC34811005552F9 /* User.swift in Sources */,
				508440E51DF0B97D00463D94 /* UIButton+Extensions.swift in Sources */,
			);
			runOnlyForDeploymentPostprocessing = 0;
		};
/* End PBXSourcesBuildPhase section */

/* Begin XCBuildConfiguration section */
		1D72D9D21AACC4C0007822B0 /* Debug */ = {
			isa = XCBuildConfiguration;
			buildSettings = {
				ALWAYS_SEARCH_USER_PATHS = NO;
				CLANG_CXX_LANGUAGE_STANDARD = "gnu++0x";
				CLANG_CXX_LIBRARY = "libc++";
				CLANG_ENABLE_MODULES = YES;
				CLANG_ENABLE_OBJC_ARC = YES;
				CLANG_WARN_BOOL_CONVERSION = YES;
				CLANG_WARN_CONSTANT_CONVERSION = YES;
				CLANG_WARN_DIRECT_OBJC_ISA_USAGE = YES_ERROR;
				CLANG_WARN_EMPTY_BODY = YES;
				CLANG_WARN_ENUM_CONVERSION = YES;
				CLANG_WARN_INFINITE_RECURSION = YES;
				CLANG_WARN_INT_CONVERSION = YES;
				CLANG_WARN_OBJC_ROOT_CLASS = YES_ERROR;
				CLANG_WARN_SUSPICIOUS_MOVE = YES;
				CLANG_WARN_UNREACHABLE_CODE = YES;
				CLANG_WARN__DUPLICATE_METHOD_MATCH = YES;
				"CODE_SIGN_IDENTITY[sdk=iphoneos*]" = "iPhone Developer";
				COPY_PHASE_STRIP = NO;
				ENABLE_STRICT_OBJC_MSGSEND = YES;
				ENABLE_TESTABILITY = YES;
				GCC_C_LANGUAGE_STANDARD = gnu99;
				GCC_DYNAMIC_NO_PIC = NO;
				GCC_NO_COMMON_BLOCKS = YES;
				GCC_OPTIMIZATION_LEVEL = 0;
				GCC_PREPROCESSOR_DEFINITIONS = (
					"DEBUG=1",
					"$(inherited)",
				);
				GCC_SYMBOLS_PRIVATE_EXTERN = NO;
				GCC_WARN_64_TO_32_BIT_CONVERSION = YES;
				GCC_WARN_ABOUT_RETURN_TYPE = YES_ERROR;
				GCC_WARN_UNDECLARED_SELECTOR = YES;
				GCC_WARN_UNINITIALIZED_AUTOS = YES_AGGRESSIVE;
				GCC_WARN_UNUSED_FUNCTION = YES;
				GCC_WARN_UNUSED_VARIABLE = YES;
				IPHONEOS_DEPLOYMENT_TARGET = 8.4;
				MTL_ENABLE_DEBUG_INFO = YES;
				ONLY_ACTIVE_ARCH = YES;
				SDKROOT = iphoneos;
				SWIFT_OPTIMIZATION_LEVEL = "-Onone";
				TARGETED_DEVICE_FAMILY = "1,2";
			};
			name = Debug;
		};
		1D72D9D31AACC4C0007822B0 /* Release */ = {
			isa = XCBuildConfiguration;
			buildSettings = {
				ALWAYS_SEARCH_USER_PATHS = NO;
				CLANG_CXX_LANGUAGE_STANDARD = "gnu++0x";
				CLANG_CXX_LIBRARY = "libc++";
				CLANG_ENABLE_MODULES = YES;
				CLANG_ENABLE_OBJC_ARC = YES;
				CLANG_WARN_BOOL_CONVERSION = YES;
				CLANG_WARN_CONSTANT_CONVERSION = YES;
				CLANG_WARN_DIRECT_OBJC_ISA_USAGE = YES_ERROR;
				CLANG_WARN_EMPTY_BODY = YES;
				CLANG_WARN_ENUM_CONVERSION = YES;
				CLANG_WARN_INFINITE_RECURSION = YES;
				CLANG_WARN_INT_CONVERSION = YES;
				CLANG_WARN_OBJC_ROOT_CLASS = YES_ERROR;
				CLANG_WARN_SUSPICIOUS_MOVE = YES;
				CLANG_WARN_UNREACHABLE_CODE = YES;
				CLANG_WARN__DUPLICATE_METHOD_MATCH = YES;
				"CODE_SIGN_IDENTITY[sdk=iphoneos*]" = "iPhone Developer";
				COPY_PHASE_STRIP = YES;
				ENABLE_NS_ASSERTIONS = NO;
				ENABLE_STRICT_OBJC_MSGSEND = YES;
				GCC_C_LANGUAGE_STANDARD = gnu99;
				GCC_NO_COMMON_BLOCKS = YES;
				GCC_WARN_64_TO_32_BIT_CONVERSION = YES;
				GCC_WARN_ABOUT_RETURN_TYPE = YES_ERROR;
				GCC_WARN_UNDECLARED_SELECTOR = YES;
				GCC_WARN_UNINITIALIZED_AUTOS = YES_AGGRESSIVE;
				GCC_WARN_UNUSED_FUNCTION = YES;
				GCC_WARN_UNUSED_VARIABLE = YES;
				IPHONEOS_DEPLOYMENT_TARGET = 8.4;
				MTL_ENABLE_DEBUG_INFO = NO;
				SDKROOT = iphoneos;
				TARGETED_DEVICE_FAMILY = "1,2";
				VALIDATE_PRODUCT = YES;
			};
			name = Release;
		};
		1D72D9D51AACC4C0007822B0 /* Debug */ = {
			isa = XCBuildConfiguration;
			baseConfigurationReference = 9D5244650DDB6EA6E3FDF1FA /* Pods-Tempo.debug.xcconfig */;
			buildSettings = {
				ALWAYS_EMBED_SWIFT_STANDARD_LIBRARIES = YES;
				ASSETCATALOG_COMPILER_APPICON_NAME = AppIcon;
				CLANG_ENABLE_MODULES = YES;
				CODE_SIGN_ENTITLEMENTS = Tempo/Tempo.entitlements;
				CODE_SIGN_IDENTITY = "iPhone Distribution: Walker White (ZGMCXU7X3U)";
				"CODE_SIGN_IDENTITY[sdk=iphoneos*]" = "iPhone Developer";
				DEVELOPMENT_TEAM = ZGMCXU7X3U;
				ENABLE_BITCODE = NO;
				FRAMEWORK_SEARCH_PATHS = (
					"$(inherited)",
					"$(PROJECT_DIR)/Tempo/Vendor",
					"$(PROJECT_DIR)/Tempo/Vendor/ios-sdk",
				);
				INFOPLIST_FILE = "Tempo/Supporting Files/Info.plist";
				IPHONEOS_DEPLOYMENT_TARGET = 9.0;
				LD_RUNPATH_SEARCH_PATHS = "$(inherited) @executable_path/Frameworks";
				OTHER_LDFLAGS = (
					"$(inherited)",
					"-framework",
					"\"Alamofire\"",
					"-framework",
					"\"Bolts\"",
					"-framework",
					"\"FBSDKCoreKit\"",
					"-framework",
					"\"FBSDKLoginKit\"",
					"-framework",
					"\"FBSDKShareKit\"",
					"-framework",
					"\"MarqueeLabel\"",
					"-framework",
					"\"SWRevealViewController\"",
					"-framework",
					"\"SwiftyJSON\"",
					"-framework",
					"\"Tweaks\"",
					"-ObjC",
				);
				PRODUCT_BUNDLE_IDENTIFIER = com.cuappdev.Tempo;
				PRODUCT_NAME = Tempo;
				PROVISIONING_PROFILE = "";
				SWIFT_OBJC_BRIDGING_HEADER = "Tempo/Tempo-Bridging-Header.h";
				SWIFT_OPTIMIZATION_LEVEL = "-Onone";
				SWIFT_VERSION = 3.0;
				TARGETED_DEVICE_FAMILY = 1;
			};
			name = Debug;
		};
		1D72D9D61AACC4C0007822B0 /* Release */ = {
			isa = XCBuildConfiguration;
			baseConfigurationReference = 3BA54522F860F4A0B44FAE09 /* Pods-Tempo.release.xcconfig */;
			buildSettings = {
				ALWAYS_EMBED_SWIFT_STANDARD_LIBRARIES = YES;
				ASSETCATALOG_COMPILER_APPICON_NAME = AppIcon;
				CLANG_ENABLE_MODULES = YES;
				CODE_SIGN_ENTITLEMENTS = Tempo/Tempo.entitlements;
				CODE_SIGN_IDENTITY = "iPhone Distribution: Walker White (ZGMCXU7X3U)";
				"CODE_SIGN_IDENTITY[sdk=iphoneos*]" = "iPhone Developer";
				DEVELOPMENT_TEAM = ZGMCXU7X3U;
				ENABLE_BITCODE = NO;
				FRAMEWORK_SEARCH_PATHS = (
					"$(inherited)",
					"$(PROJECT_DIR)/Tempo/Vendor",
					"$(PROJECT_DIR)/Tempo/Vendor/ios-sdk",
				);
				INFOPLIST_FILE = "Tempo/Supporting Files/Info.plist";
				IPHONEOS_DEPLOYMENT_TARGET = 9.0;
				LD_RUNPATH_SEARCH_PATHS = "$(inherited) @executable_path/Frameworks";
				OTHER_LDFLAGS = (
					"$(inherited)",
					"-framework",
					"\"Alamofire\"",
					"-framework",
					"\"Bolts\"",
					"-framework",
					"\"FBSDKCoreKit\"",
					"-framework",
					"\"FBSDKLoginKit\"",
					"-framework",
					"\"FBSDKShareKit\"",
					"-framework",
					"\"MarqueeLabel\"",
					"-framework",
					"\"SWRevealViewController\"",
					"-framework",
					"\"SwiftyJSON\"",
					"-framework",
					"\"Tweaks\"",
					"-ObjC",
				);
				PRODUCT_BUNDLE_IDENTIFIER = com.cuappdev.Tempo;
				PRODUCT_NAME = Tempo;
				PROVISIONING_PROFILE = "";
				SWIFT_OBJC_BRIDGING_HEADER = "Tempo/Tempo-Bridging-Header.h";
				SWIFT_OPTIMIZATION_LEVEL = "-Owholemodule";
				SWIFT_VERSION = 3.0;
				TARGETED_DEVICE_FAMILY = 1;
			};
			name = Release;
		};
/* End XCBuildConfiguration section */

/* Begin XCConfigurationList section */
		1D72D9B01AACC4C0007822B0 /* Build configuration list for PBXProject "Tempo" */ = {
			isa = XCConfigurationList;
			buildConfigurations = (
				1D72D9D21AACC4C0007822B0 /* Debug */,
				1D72D9D31AACC4C0007822B0 /* Release */,
			);
			defaultConfigurationIsVisible = 0;
			defaultConfigurationName = Release;
		};
		1D72D9D41AACC4C0007822B0 /* Build configuration list for PBXNativeTarget "Tempo" */ = {
			isa = XCConfigurationList;
			buildConfigurations = (
				1D72D9D51AACC4C0007822B0 /* Debug */,
				1D72D9D61AACC4C0007822B0 /* Release */,
			);
			defaultConfigurationIsVisible = 0;
			defaultConfigurationName = Release;
		};
/* End XCConfigurationList section */
	};
	rootObject = 1D72D9AD1AACC4C0007822B0 /* Project object */;
}
