// !$*UTF8*$!
{
	archiveVersion = 1;
	classes = {
	};
	objectVersion = 46;
	objects = {

/* Begin PBXBuildFile section */
		1D1DD7141AE492750066AB39 /* Util.swift in Sources */ = {isa = PBXBuildFile; fileRef = 1D1DD7121AE492750066AB39 /* Util.swift */; };
		1D2CA85F1B720290004EAEAB /* FacebookSDK.framework in Frameworks */ = {isa = PBXBuildFile; fileRef = 1D2CA85D1B720290004EAEAB /* FacebookSDK.framework */; };
		1D6539301AD0E23800E82627 /* FeedTableViewCell.swift in Sources */ = {isa = PBXBuildFile; fileRef = 1D65392F1AD0E23800E82627 /* FeedTableViewCell.swift */; };
		1D653F3E1B81451700F54455 /* SpotifyController.swift in Sources */ = {isa = PBXBuildFile; fileRef = 1D653F3D1B81451700F54455 /* SpotifyController.swift */; };
		1D72D9BB1AACC4C0007822B0 /* AppDelegate.swift in Sources */ = {isa = PBXBuildFile; fileRef = 1D72D9BA1AACC4C0007822B0 /* AppDelegate.swift */; };
		1D72D9C21AACC4C0007822B0 /* Images.xcassets in Resources */ = {isa = PBXBuildFile; fileRef = 1D72D9C11AACC4C0007822B0 /* Images.xcassets */; };
		1D802AB51B786351005A96D1 /* AVFoundation.framework in Frameworks */ = {isa = PBXBuildFile; fileRef = 1D802AB41B786350005A96D1 /* AVFoundation.framework */; };
		1D802AB71B78635A005A96D1 /* SystemConfiguration.framework in Frameworks */ = {isa = PBXBuildFile; fileRef = 1D802AB61B78635A005A96D1 /* SystemConfiguration.framework */; };
		1D9991751B81E2F70005A376 /* MarqueeLabel.swift in Sources */ = {isa = PBXBuildFile; fileRef = 1D9991741B81E2F70005A376 /* MarqueeLabel.swift */; };
		1DA44FC61B6D84D1009EC2BD /* PostButton.swift in Sources */ = {isa = PBXBuildFile; fileRef = 1DA44FC51B6D84D1009EC2BD /* PostButton.swift */; };
		1DB283901B6D8FCC00134FEA /* NSLayoutContraint+Fill.swift in Sources */ = {isa = PBXBuildFile; fileRef = 1DB2838F1B6D8FCC00134FEA /* NSLayoutContraint+Fill.swift */; };
		1DB476481AEF24670066014F /* PostButton.xib in Resources */ = {isa = PBXBuildFile; fileRef = 1DB476471AEF24670066014F /* PostButton.xib */; };
		1DC9BBA01AE805A00033E970 /* FeedTableViewCell.xib in Resources */ = {isa = PBXBuildFile; fileRef = 1DC9BB9F1AE805A00033E970 /* FeedTableViewCell.xib */; };
		1DCB96141AED5EA7007F6A4B /* APIViewController.swift in Sources */ = {isa = PBXBuildFile; fileRef = 1DCB96121AED5EA7007F6A4B /* APIViewController.swift */; };
		1DCB96151AED5EA7007F6A4B /* APIViewController.xib in Resources */ = {isa = PBXBuildFile; fileRef = 1DCB96131AED5EA7007F6A4B /* APIViewController.xib */; };
		1DCB961C1AED5F48007F6A4B /* API.swift in Sources */ = {isa = PBXBuildFile; fileRef = C0CF7B971AE425450083606C /* API.swift */; };
		1DD875FC1B6E27DD0041C45B /* NSDateFormatter+Shared.swift in Sources */ = {isa = PBXBuildFile; fileRef = 1DD875FB1B6E27DD0041C45B /* NSDateFormatter+Shared.swift */; };
		1DE649C31B78590800DA5499 /* SpotifyViewController.swift in Sources */ = {isa = PBXBuildFile; fileRef = 1DE649C11B78590800DA5499 /* SpotifyViewController.swift */; };
		1DE649C41B78590800DA5499 /* SpotifyViewController.xib in Resources */ = {isa = PBXBuildFile; fileRef = 1DE649C21B78590800DA5499 /* SpotifyViewController.xib */; };
		1DFB2ED71B76D7FB001B7C76 /* StyleController.swift in Sources */ = {isa = PBXBuildFile; fileRef = 1DFB2ED61B76D7FB001B7C76 /* StyleController.swift */; };
		1DFBFB521B7845E7001DD6AC /* SongSearchTableViewCell.xib in Resources */ = {isa = PBXBuildFile; fileRef = 1DFBFB511B7845E7001DD6AC /* SongSearchTableViewCell.xib */; };
		1DFBFB541B784634001DD6AC /* SongSearchTableViewCell.swift in Sources */ = {isa = PBXBuildFile; fileRef = 1DFBFB531B784634001DD6AC /* SongSearchTableViewCell.swift */; };
		1DFD73601BA0DC68008D9FD8 /* Spotify.framework in Frameworks */ = {isa = PBXBuildFile; fileRef = 1DFD735F1BA0DC68008D9FD8 /* Spotify.framework */; };
		1DFD73811BA0EE7B008D9FD8 /* SwiftyJSON.framework in Frameworks */ = {isa = PBXBuildFile; fileRef = 1DFD736A1BA0DC9F008D9FD8 /* SwiftyJSON.framework */; };
		1DFD73821BA0EE7B008D9FD8 /* SwiftyJSON.framework in Embed Frameworks */ = {isa = PBXBuildFile; fileRef = 1DFD736A1BA0DC9F008D9FD8 /* SwiftyJSON.framework */; settings = {ATTRIBUTES = (CodeSignOnCopy, RemoveHeadersOnCopy, ); }; };
		1DFD738B1BA0EE94008D9FD8 /* Alamofire.framework in Frameworks */ = {isa = PBXBuildFile; fileRef = 1DFD73551BA0DC22008D9FD8 /* Alamofire.framework */; };
		1DFD738C1BA0EE94008D9FD8 /* Alamofire.framework in Embed Frameworks */ = {isa = PBXBuildFile; fileRef = 1DFD73551BA0DC22008D9FD8 /* Alamofire.framework */; settings = {ATTRIBUTES = (CodeSignOnCopy, RemoveHeadersOnCopy, ); }; };
		60256C101BC1BC7900B52FDD /* SavedSongView.xib in Resources */ = {isa = PBXBuildFile; fileRef = 60256C0F1BC1BC7900B52FDD /* SavedSongView.xib */; };
		60256C1A1BC1BFA900B52FDD /* SavedSongView.swift in Sources */ = {isa = PBXBuildFile; fileRef = 60256C191BC1BFA900B52FDD /* SavedSongView.swift */; };
		6067F0821BFD4F7E004059A0 /* FollowSuggestionTableViewController.swift in Sources */ = {isa = PBXBuildFile; fileRef = 6067F0801BFD4F7E004059A0 /* FollowSuggestionTableViewController.swift */; };
		6084F6C51BE700B00048EFE3 /* PlayerTableViewController.swift in Sources */ = {isa = PBXBuildFile; fileRef = 6084F6C41BE700B00048EFE3 /* PlayerTableViewController.swift */; };
		6092CBD91C021C5E008836AE /* FollowSuggestionsTableViewCell.swift in Sources */ = {isa = PBXBuildFile; fileRef = 6092CBD71C021C5E008836AE /* FollowSuggestionsTableViewCell.swift */; };
		6092CBDA1C021C5E008836AE /* FollowSuggestionsTableViewCell.xib in Resources */ = {isa = PBXBuildFile; fileRef = 6092CBD81C021C5E008836AE /* FollowSuggestionsTableViewCell.xib */; };
		6D3349A01AE3F11300B512FD /* FollowTableViewCell.swift in Sources */ = {isa = PBXBuildFile; fileRef = 6D33499F1AE3F11300B512FD /* FollowTableViewCell.swift */; };
		6D3349A21AE423DA00B512FD /* FollowTableViewCell.xib in Resources */ = {isa = PBXBuildFile; fileRef = 6D3349A11AE423DA00B512FD /* FollowTableViewCell.xib */; };
		6D3FA65C1AD5FACB00B1320D /* UsernameViewController.swift in Sources */ = {isa = PBXBuildFile; fileRef = 6D3FA65B1AD5FACB00B1320D /* UsernameViewController.swift */; };
		6D3FA6611AD5FD5C00B1320D /* UsernameViewController.xib in Resources */ = {isa = PBXBuildFile; fileRef = 6D3FA6601AD5FD5C00B1320D /* UsernameViewController.xib */; };
		6DA5FE4D1AED72F800E795DD /* ColorExtension.swift in Sources */ = {isa = PBXBuildFile; fileRef = 6DA5FE4C1AED72F800E795DD /* ColorExtension.swift */; };
		6DEE0FDA1AC34811005552F9 /* User.swift in Sources */ = {isa = PBXBuildFile; fileRef = 6DEE0FD01AC34811005552F9 /* User.swift */; };
		7FCE05E91ABF4BD1002103DE /* FeedViewController.swift in Sources */ = {isa = PBXBuildFile; fileRef = 7FCE05E51ABF4BD1002103DE /* FeedViewController.swift */; };
		952F0FEE1BCF20E100C53522 /* ADScreenCapture.swift in Sources */ = {isa = PBXBuildFile; fileRef = 952F0FCC1BCF20E100C53522 /* ADScreenCapture.swift */; };
		952F0FEF1BCF20E100C53522 /* _FBTweakArrayViewController.m in Sources */ = {isa = PBXBuildFile; fileRef = 952F0FCF1BCF20E100C53522 /* _FBTweakArrayViewController.m */; };
		952F0FF01BCF20E100C53522 /* _FBTweakBindObserver.m in Sources */ = {isa = PBXBuildFile; fileRef = 952F0FD11BCF20E100C53522 /* _FBTweakBindObserver.m */; };
		952F0FF11BCF20E100C53522 /* _FBTweakCategoryViewController.m in Sources */ = {isa = PBXBuildFile; fileRef = 952F0FD31BCF20E100C53522 /* _FBTweakCategoryViewController.m */; };
		952F0FF21BCF20E100C53522 /* _FBTweakCollectionViewController.m in Sources */ = {isa = PBXBuildFile; fileRef = 952F0FD51BCF20E100C53522 /* _FBTweakCollectionViewController.m */; };
		952F0FF31BCF20E100C53522 /* _FBTweakDictionaryViewController.m in Sources */ = {isa = PBXBuildFile; fileRef = 952F0FD71BCF20E100C53522 /* _FBTweakDictionaryViewController.m */; };
		952F0FF41BCF20E100C53522 /* _FBTweakTableViewCell.m in Sources */ = {isa = PBXBuildFile; fileRef = 952F0FD91BCF20E100C53522 /* _FBTweakTableViewCell.m */; };
		952F0FF51BCF20E100C53522 /* FBTweak.m in Sources */ = {isa = PBXBuildFile; fileRef = 952F0FDC1BCF20E100C53522 /* FBTweak.m */; };
		952F0FF61BCF20E100C53522 /* FBTweakCategory.m in Sources */ = {isa = PBXBuildFile; fileRef = 952F0FDE1BCF20E100C53522 /* FBTweakCategory.m */; };
		952F0FF71BCF20E100C53522 /* FBTweakCollection.m in Sources */ = {isa = PBXBuildFile; fileRef = 952F0FE01BCF20E100C53522 /* FBTweakCollection.m */; };
		952F0FF81BCF20E100C53522 /* FBTweakInline.m in Sources */ = {isa = PBXBuildFile; fileRef = 952F0FE31BCF20E100C53522 /* FBTweakInline.m */; };
		952F0FF91BCF20E100C53522 /* FBTweakShakeWindow.m in Sources */ = {isa = PBXBuildFile; fileRef = 952F0FE61BCF20E100C53522 /* FBTweakShakeWindow.m */; };
		952F0FFA1BCF20E100C53522 /* FBTweakStore.m in Sources */ = {isa = PBXBuildFile; fileRef = 952F0FE81BCF20E100C53522 /* FBTweakStore.m */; };
		952F0FFB1BCF20E100C53522 /* FBTweakViewController.m in Sources */ = {isa = PBXBuildFile; fileRef = 952F0FEA1BCF20E100C53522 /* FBTweakViewController.m */; };
		952F0FFC1BCF20E100C53522 /* SubmitBugViewController.swift in Sources */ = {isa = PBXBuildFile; fileRef = 952F0FEB1BCF20E100C53522 /* SubmitBugViewController.swift */; };
		952F0FFD1BCF20E100C53522 /* Tools.swift in Sources */ = {isa = PBXBuildFile; fileRef = 952F0FEC1BCF20E100C53522 /* Tools.swift */; };
		952F0FFE1BCF20E100C53522 /* Tweaks.swift in Sources */ = {isa = PBXBuildFile; fileRef = 952F0FED1BCF20E100C53522 /* Tweaks.swift */; };
		B085F3B61BE3CBB80000421E /* SearchViewController.xib in Resources */ = {isa = PBXBuildFile; fileRef = B085F3B41BE3CBB80000421E /* SearchViewController.xib */; };
		BA24C57D1AF866630066C2ED /* SearchPostView.swift in Sources */ = {isa = PBXBuildFile; fileRef = BA24C57C1AF866630066C2ED /* SearchPostView.swift */; };
		BA257E2B1ABA3FE200D939B0 /* SWRevealViewController.m in Sources */ = {isa = PBXBuildFile; fileRef = BA257E2A1ABA3FE200D939B0 /* SWRevealViewController.m */; };
		CC70D4A51BEAD39D00241732 /* Reachability.xib in Resources */ = {isa = PBXBuildFile; fileRef = CC70D4A41BEAD39D00241732 /* Reachability.xib */; };
		CC8211FF1BE69D30002614EA /* Reachability.swift in Sources */ = {isa = PBXBuildFile; fileRef = CC8211FE1BE69D30002614EA /* Reachability.swift */; };
		D102A9C71AE889D600C66385 /* SideBarViewController.swift in Sources */ = {isa = PBXBuildFile; fileRef = D102A9C51AE889D600C66385 /* SideBarViewController.swift */; };
		D102A9C81AE889D600C66385 /* SideBarViewController.xib in Resources */ = {isa = PBXBuildFile; fileRef = D102A9C61AE889D600C66385 /* SideBarViewController.xib */; };
		D102A9D11AE88CB400C66385 /* SideBarTableViewCell.swift in Sources */ = {isa = PBXBuildFile; fileRef = D102A9CF1AE88CB400C66385 /* SideBarTableViewCell.swift */; };
		D11740001AF8574400302FFD /* ProfileViewController.swift in Sources */ = {isa = PBXBuildFile; fileRef = D1173FFF1AF8574400302FFD /* ProfileViewController.swift */; };
		D11740081AF8574900302FFD /* ProfileViewController.xib in Resources */ = {isa = PBXBuildFile; fileRef = D11740071AF8574900302FFD /* ProfileViewController.xib */; };
		D148F48C1AF0310D009AB073 /* HipCalendarCollectionReusableView.swift in Sources */ = {isa = PBXBuildFile; fileRef = D148F48B1AF0310D009AB073 /* HipCalendarCollectionReusableView.swift */; };
		D148F4941AF03169009AB073 /* HipCalendarDayCollectionViewCell.swift in Sources */ = {isa = PBXBuildFile; fileRef = D148F4931AF03169009AB073 /* HipCalendarDayCollectionViewCell.swift */; };
		D148F4981AF031DB009AB073 /* NSDateExtension.swift in Sources */ = {isa = PBXBuildFile; fileRef = D148F4971AF031DB009AB073 /* NSDateExtension.swift */; };
		D148F4AA1AF03EB4009AB073 /* PostHistoryTableViewController.swift in Sources */ = {isa = PBXBuildFile; fileRef = D148F4A81AF03EB4009AB073 /* PostHistoryTableViewController.swift */; };
		D148F4AE1AF03EF5009AB073 /* PostHistoryTableViewCell.swift in Sources */ = {isa = PBXBuildFile; fileRef = D148F4AC1AF03EF5009AB073 /* PostHistoryTableViewCell.swift */; };
		D148F4AF1AF03EF5009AB073 /* PostHistoryTableViewCell.xib in Resources */ = {isa = PBXBuildFile; fileRef = D148F4AD1AF03EF5009AB073 /* PostHistoryTableViewCell.xib */; };
		D14A31591AF53218005153E6 /* HipStickyHeaderFlowLayout.swift in Sources */ = {isa = PBXBuildFile; fileRef = D14A31581AF53218005153E6 /* HipStickyHeaderFlowLayout.swift */; };
		D14D06B21BE9535400ABA1CF /* SearchViewController.swift in Sources */ = {isa = PBXBuildFile; fileRef = B085F3B31BE3CBB80000421E /* SearchViewController.swift */; };
		D160ADFF1BE67406003B0E1A /* PlaylistTableViewCell.swift in Sources */ = {isa = PBXBuildFile; fileRef = D160ADFD1BE67406003B0E1A /* PlaylistTableViewCell.swift */; };
		D160AE001BE67406003B0E1A /* PlaylistTableViewCell.xib in Resources */ = {isa = PBXBuildFile; fileRef = D160ADFE1BE67406003B0E1A /* PlaylistTableViewCell.xib */; };
		D160AE021BE677D4003B0E1A /* PlaylistTableViewController.swift in Sources */ = {isa = PBXBuildFile; fileRef = D160AE011BE677D4003B0E1A /* PlaylistTableViewController.swift */; };
		D17395741ADB080900A53AEE /* UsersViewController.swift in Sources */ = {isa = PBXBuildFile; fileRef = D17395721ADB080900A53AEE /* UsersViewController.swift */; };
		D173958A1ADF360C00A53AEE /* SignInViewController.swift in Sources */ = {isa = PBXBuildFile; fileRef = D17395881ADF360C00A53AEE /* SignInViewController.swift */; };
		D173958B1ADF360C00A53AEE /* SignInViewController.xib in Resources */ = {isa = PBXBuildFile; fileRef = D17395891ADF360C00A53AEE /* SignInViewController.xib */; };
		FA171CC01AF1D758007B40AF /* FeedImageView.swift in Sources */ = {isa = PBXBuildFile; fileRef = FA171CBF1AF1D758007B40AF /* FeedImageView.swift */; };
		FA1A91311AC3899E00774EF3 /* Player.swift in Sources */ = {isa = PBXBuildFile; fileRef = FA1A91301AC3899E00774EF3 /* Player.swift */; };
		FA1E1A781ADB06A3007C823C /* Post.swift in Sources */ = {isa = PBXBuildFile; fileRef = FA1E1A771ADB06A3007C823C /* Post.swift */; };
		FA1E1A7C1ADB072A007C823C /* Song.swift in Sources */ = {isa = PBXBuildFile; fileRef = FA1E1A7B1ADB072A007C823C /* Song.swift */; };
		FA1E1A7E1ADB0818007C823C /* PostView.swift in Sources */ = {isa = PBXBuildFile; fileRef = FA1E1A7D1ADB0818007C823C /* PostView.swift */; };
		FA674C071AF9105E00C14463 /* ADRefreshControl.swift in Sources */ = {isa = PBXBuildFile; fileRef = FA674C061AF9105E00C14463 /* ADRefreshControl.swift */; };
		FA674C0F1AF917A200C14463 /* ViewController+Utilities.swift in Sources */ = {isa = PBXBuildFile; fileRef = FA674C0E1AF917A200C14463 /* ViewController+Utilities.swift */; };
		FAB564731AF6A8C9001059DF /* LikedTableViewController.swift in Sources */ = {isa = PBXBuildFile; fileRef = FAB564711AF6A8C9001059DF /* LikedTableViewController.swift */; };
		FAB5647C1AF6BAE4001059DF /* SideBarTableViewCell.xib in Resources */ = {isa = PBXBuildFile; fileRef = FAB5647B1AF6BAE3001059DF /* SideBarTableViewCell.xib */; };
/* End PBXBuildFile section */

/* Begin PBXContainerItemProxy section */
		1DFD73541BA0DC22008D9FD8 /* PBXContainerItemProxy */ = {
			isa = PBXContainerItemProxy;
			containerPortal = 1DFD734C1BA0DC21008D9FD8 /* Alamofire.xcodeproj */;
			proxyType = 2;
			remoteGlobalIDString = F8111E3319A95C8B0040E7D1;
			remoteInfo = "Alamofire iOS";
		};
		1DFD73561BA0DC22008D9FD8 /* PBXContainerItemProxy */ = {
			isa = PBXContainerItemProxy;
			containerPortal = 1DFD734C1BA0DC21008D9FD8 /* Alamofire.xcodeproj */;
			proxyType = 2;
			remoteGlobalIDString = 4DD67C0B1A5C55C900ED2280;
			remoteInfo = "Alamofire OSX";
		};
		1DFD73581BA0DC22008D9FD8 /* PBXContainerItemProxy */ = {
			isa = PBXContainerItemProxy;
			containerPortal = 1DFD734C1BA0DC21008D9FD8 /* Alamofire.xcodeproj */;
			proxyType = 2;
			remoteGlobalIDString = E4202FE01B667AA100C997FB;
			remoteInfo = "Alamofire watchOS";
		};
		1DFD735A1BA0DC22008D9FD8 /* PBXContainerItemProxy */ = {
			isa = PBXContainerItemProxy;
			containerPortal = 1DFD734C1BA0DC21008D9FD8 /* Alamofire.xcodeproj */;
			proxyType = 2;
			remoteGlobalIDString = F8111E3E19A95C8B0040E7D1;
			remoteInfo = "Alamofire iOS Tests";
		};
		1DFD735C1BA0DC22008D9FD8 /* PBXContainerItemProxy */ = {
			isa = PBXContainerItemProxy;
			containerPortal = 1DFD734C1BA0DC21008D9FD8 /* Alamofire.xcodeproj */;
			proxyType = 2;
			remoteGlobalIDString = F829C6B21A7A94F100A2CD59;
			remoteInfo = "Alamofire OSX Tests";
		};
		1DFD73691BA0DC9F008D9FD8 /* PBXContainerItemProxy */ = {
			isa = PBXContainerItemProxy;
			containerPortal = 1DFD73611BA0DC9F008D9FD8 /* SwiftyJSON.xcodeproj */;
			proxyType = 2;
			remoteGlobalIDString = 2E4FEFDB19575BE100351305;
			remoteInfo = "SwiftyJSON iOS";
		};
		1DFD736B1BA0DC9F008D9FD8 /* PBXContainerItemProxy */ = {
			isa = PBXContainerItemProxy;
			containerPortal = 1DFD73611BA0DC9F008D9FD8 /* SwiftyJSON.xcodeproj */;
			proxyType = 2;
			remoteGlobalIDString = 2E4FEFE619575BE100351305;
			remoteInfo = "SwiftyJSON iOS Tests";
		};
		1DFD736D1BA0DC9F008D9FD8 /* PBXContainerItemProxy */ = {
			isa = PBXContainerItemProxy;
			containerPortal = 1DFD73611BA0DC9F008D9FD8 /* SwiftyJSON.xcodeproj */;
			proxyType = 2;
			remoteGlobalIDString = 9C7DFC5B1A9102BD005AA3F7;
			remoteInfo = "SwiftyJSON OSX";
		};
		1DFD736F1BA0DC9F008D9FD8 /* PBXContainerItemProxy */ = {
			isa = PBXContainerItemProxy;
			containerPortal = 1DFD73611BA0DC9F008D9FD8 /* SwiftyJSON.xcodeproj */;
			proxyType = 2;
			remoteGlobalIDString = 9C7DFC651A9102BD005AA3F7;
			remoteInfo = "SwiftyJSON OSX Tests";
		};
		1DFD73711BA0DC9F008D9FD8 /* PBXContainerItemProxy */ = {
			isa = PBXContainerItemProxy;
			containerPortal = 1DFD73611BA0DC9F008D9FD8 /* SwiftyJSON.xcodeproj */;
			proxyType = 2;
			remoteGlobalIDString = E4D7CCE81B9465A700EE7221;
			remoteInfo = "SwiftyJSON watchOS";
		};
		1DFD73831BA0EE7B008D9FD8 /* PBXContainerItemProxy */ = {
			isa = PBXContainerItemProxy;
			containerPortal = 1DFD73611BA0DC9F008D9FD8 /* SwiftyJSON.xcodeproj */;
			proxyType = 1;
			remoteGlobalIDString = 2E4FEFDA19575BE100351305;
			remoteInfo = "SwiftyJSON iOS";
		};
		1DFD738D1BA0EE94008D9FD8 /* PBXContainerItemProxy */ = {
			isa = PBXContainerItemProxy;
			containerPortal = 1DFD734C1BA0DC21008D9FD8 /* Alamofire.xcodeproj */;
			proxyType = 1;
			remoteGlobalIDString = F8111E3219A95C8B0040E7D1;
			remoteInfo = "Alamofire iOS";
		};
/* End PBXContainerItemProxy section */

/* Begin PBXCopyFilesBuildPhase section */
		1DFD738A1BA0EE7B008D9FD8 /* Embed Frameworks */ = {
			isa = PBXCopyFilesBuildPhase;
			buildActionMask = 2147483647;
			dstPath = "";
			dstSubfolderSpec = 10;
			files = (
				1DFD73821BA0EE7B008D9FD8 /* SwiftyJSON.framework in Embed Frameworks */,
				1DFD738C1BA0EE94008D9FD8 /* Alamofire.framework in Embed Frameworks */,
			);
			name = "Embed Frameworks";
			runOnlyForDeploymentPostprocessing = 0;
		};
/* End PBXCopyFilesBuildPhase section */

/* Begin PBXFileReference section */
		1D1DD7121AE492750066AB39 /* Util.swift */ = {isa = PBXFileReference; fileEncoding = 4; lastKnownFileType = sourcecode.swift; path = Util.swift; sourceTree = "<group>"; };
		1D2CA85C1B720290004EAEAB /* Bolts.framework */ = {isa = PBXFileReference; lastKnownFileType = wrapper.framework; name = Bolts.framework; path = IceFishing/Vendor/FacebookSDK/Bolts.framework; sourceTree = "<group>"; };
		1D2CA85D1B720290004EAEAB /* FacebookSDK.framework */ = {isa = PBXFileReference; lastKnownFileType = wrapper.framework; name = FacebookSDK.framework; path = IceFishing/Vendor/FacebookSDK/FacebookSDK.framework; sourceTree = "<group>"; };
		1D65392F1AD0E23800E82627 /* FeedTableViewCell.swift */ = {isa = PBXFileReference; fileEncoding = 4; lastKnownFileType = sourcecode.swift; path = FeedTableViewCell.swift; sourceTree = "<group>"; };
		1D653F3D1B81451700F54455 /* SpotifyController.swift */ = {isa = PBXFileReference; fileEncoding = 4; lastKnownFileType = sourcecode.swift; path = SpotifyController.swift; sourceTree = "<group>"; };
		1D72D9B51AACC4C0007822B0 /* IceFishing.app */ = {isa = PBXFileReference; explicitFileType = wrapper.application; includeInIndex = 0; path = IceFishing.app; sourceTree = BUILT_PRODUCTS_DIR; };
		1D72D9B91AACC4C0007822B0 /* Info.plist */ = {isa = PBXFileReference; lastKnownFileType = text.plist.xml; path = Info.plist; sourceTree = "<group>"; };
		1D72D9BA1AACC4C0007822B0 /* AppDelegate.swift */ = {isa = PBXFileReference; lastKnownFileType = sourcecode.swift; path = AppDelegate.swift; sourceTree = "<group>"; };
		1D72D9C11AACC4C0007822B0 /* Images.xcassets */ = {isa = PBXFileReference; lastKnownFileType = folder.assetcatalog; path = Images.xcassets; sourceTree = "<group>"; };
		1D72D9C41AACC4C0007822B0 /* Base */ = {isa = PBXFileReference; lastKnownFileType = file.xib; name = Base; path = Base.lproj/LaunchScreen.xib; sourceTree = "<group>"; };
		1D72D9CF1AACC4C0007822B0 /* Info.plist */ = {isa = PBXFileReference; lastKnownFileType = text.plist.xml; path = Info.plist; sourceTree = "<group>"; };
		1D72D9D01AACC4C0007822B0 /* IceFishingTests.swift */ = {isa = PBXFileReference; lastKnownFileType = sourcecode.swift; path = IceFishingTests.swift; sourceTree = "<group>"; };
		1D802AB41B786350005A96D1 /* AVFoundation.framework */ = {isa = PBXFileReference; lastKnownFileType = wrapper.framework; name = AVFoundation.framework; path = System/Library/Frameworks/AVFoundation.framework; sourceTree = SDKROOT; };
		1D802AB61B78635A005A96D1 /* SystemConfiguration.framework */ = {isa = PBXFileReference; lastKnownFileType = wrapper.framework; name = SystemConfiguration.framework; path = System/Library/Frameworks/SystemConfiguration.framework; sourceTree = SDKROOT; };
		1D9991741B81E2F70005A376 /* MarqueeLabel.swift */ = {isa = PBXFileReference; fileEncoding = 4; lastKnownFileType = sourcecode.swift; path = MarqueeLabel.swift; sourceTree = "<group>"; };
		1DA44FC51B6D84D1009EC2BD /* PostButton.swift */ = {isa = PBXFileReference; fileEncoding = 4; lastKnownFileType = sourcecode.swift; path = PostButton.swift; sourceTree = "<group>"; };
		1DB2838F1B6D8FCC00134FEA /* NSLayoutContraint+Fill.swift */ = {isa = PBXFileReference; fileEncoding = 4; lastKnownFileType = sourcecode.swift; name = "NSLayoutContraint+Fill.swift"; path = "../Controllers/NSLayoutContraint+Fill.swift"; sourceTree = "<group>"; };
		1DB476471AEF24670066014F /* PostButton.xib */ = {isa = PBXFileReference; fileEncoding = 4; lastKnownFileType = file.xib; path = PostButton.xib; sourceTree = "<group>"; };
		1DC9BB9F1AE805A00033E970 /* FeedTableViewCell.xib */ = {isa = PBXFileReference; fileEncoding = 4; lastKnownFileType = file.xib; name = FeedTableViewCell.xib; path = IceFishing/Profile/FeedTableViewCell.xib; sourceTree = SOURCE_ROOT; };
		1DCB96121AED5EA7007F6A4B /* APIViewController.swift */ = {isa = PBXFileReference; fileEncoding = 4; lastKnownFileType = sourcecode.swift; path = APIViewController.swift; sourceTree = "<group>"; };
		1DCB96131AED5EA7007F6A4B /* APIViewController.xib */ = {isa = PBXFileReference; fileEncoding = 4; lastKnownFileType = file.xib; path = APIViewController.xib; sourceTree = "<group>"; };
		1DD875FB1B6E27DD0041C45B /* NSDateFormatter+Shared.swift */ = {isa = PBXFileReference; fileEncoding = 4; lastKnownFileType = sourcecode.swift; path = "NSDateFormatter+Shared.swift"; sourceTree = "<group>"; };
		1DE649C11B78590800DA5499 /* SpotifyViewController.swift */ = {isa = PBXFileReference; fileEncoding = 4; lastKnownFileType = sourcecode.swift; path = SpotifyViewController.swift; sourceTree = "<group>"; };
		1DE649C21B78590800DA5499 /* SpotifyViewController.xib */ = {isa = PBXFileReference; fileEncoding = 4; lastKnownFileType = file.xib; path = SpotifyViewController.xib; sourceTree = "<group>"; };
		1DFB2ED61B76D7FB001B7C76 /* StyleController.swift */ = {isa = PBXFileReference; fileEncoding = 4; lastKnownFileType = sourcecode.swift; path = StyleController.swift; sourceTree = "<group>"; };
		1DFBFB511B7845E7001DD6AC /* SongSearchTableViewCell.xib */ = {isa = PBXFileReference; fileEncoding = 4; lastKnownFileType = file.xib; path = SongSearchTableViewCell.xib; sourceTree = "<group>"; };
		1DFBFB531B784634001DD6AC /* SongSearchTableViewCell.swift */ = {isa = PBXFileReference; fileEncoding = 4; lastKnownFileType = sourcecode.swift; path = SongSearchTableViewCell.swift; sourceTree = "<group>"; };
		1DFD734C1BA0DC21008D9FD8 /* Alamofire.xcodeproj */ = {isa = PBXFileReference; lastKnownFileType = "wrapper.pb-project"; name = Alamofire.xcodeproj; path = Alamofire/Alamofire.xcodeproj; sourceTree = "<group>"; };
		1DFD735F1BA0DC68008D9FD8 /* Spotify.framework */ = {isa = PBXFileReference; lastKnownFileType = wrapper.framework; name = Spotify.framework; path = "ios-sdk/Spotify.framework"; sourceTree = "<group>"; };
		1DFD73611BA0DC9F008D9FD8 /* SwiftyJSON.xcodeproj */ = {isa = PBXFileReference; lastKnownFileType = "wrapper.pb-project"; name = SwiftyJSON.xcodeproj; path = SwiftyJSON/SwiftyJSON.xcodeproj; sourceTree = "<group>"; };
		60256C0F1BC1BC7900B52FDD /* SavedSongView.xib */ = {isa = PBXFileReference; fileEncoding = 4; lastKnownFileType = file.xib; path = SavedSongView.xib; sourceTree = "<group>"; };
		60256C191BC1BFA900B52FDD /* SavedSongView.swift */ = {isa = PBXFileReference; fileEncoding = 4; lastKnownFileType = sourcecode.swift; path = SavedSongView.swift; sourceTree = "<group>"; };
		6067F0801BFD4F7E004059A0 /* FollowSuggestionTableViewController.swift */ = {isa = PBXFileReference; fileEncoding = 4; lastKnownFileType = sourcecode.swift; path = FollowSuggestionTableViewController.swift; sourceTree = "<group>"; };
		6084F6C41BE700B00048EFE3 /* PlayerTableViewController.swift */ = {isa = PBXFileReference; fileEncoding = 4; lastKnownFileType = sourcecode.swift; path = PlayerTableViewController.swift; sourceTree = "<group>"; };
		6092CBD71C021C5E008836AE /* FollowSuggestionsTableViewCell.swift */ = {isa = PBXFileReference; fileEncoding = 4; lastKnownFileType = sourcecode.swift; path = FollowSuggestionsTableViewCell.swift; sourceTree = "<group>"; };
		6092CBD81C021C5E008836AE /* FollowSuggestionsTableViewCell.xib */ = {isa = PBXFileReference; fileEncoding = 4; lastKnownFileType = file.xib; path = FollowSuggestionsTableViewCell.xib; sourceTree = "<group>"; };
		6D33499F1AE3F11300B512FD /* FollowTableViewCell.swift */ = {isa = PBXFileReference; fileEncoding = 4; lastKnownFileType = sourcecode.swift; name = FollowTableViewCell.swift; path = ../Profile/FollowTableViewCell.swift; sourceTree = "<group>"; };
		6D3349A11AE423DA00B512FD /* FollowTableViewCell.xib */ = {isa = PBXFileReference; fileEncoding = 4; lastKnownFileType = file.xib; name = FollowTableViewCell.xib; path = ../Profile/FollowTableViewCell.xib; sourceTree = "<group>"; };
		6D3FA65B1AD5FACB00B1320D /* UsernameViewController.swift */ = {isa = PBXFileReference; fileEncoding = 4; lastKnownFileType = sourcecode.swift; path = UsernameViewController.swift; sourceTree = "<group>"; };
		6D3FA6601AD5FD5C00B1320D /* UsernameViewController.xib */ = {isa = PBXFileReference; fileEncoding = 4; lastKnownFileType = file.xib; path = UsernameViewController.xib; sourceTree = "<group>"; };
		6DA5FE4C1AED72F800E795DD /* ColorExtension.swift */ = {isa = PBXFileReference; fileEncoding = 4; lastKnownFileType = sourcecode.swift; path = ColorExtension.swift; sourceTree = "<group>"; };
		6DEE0FD01AC34811005552F9 /* User.swift */ = {isa = PBXFileReference; fileEncoding = 4; lastKnownFileType = sourcecode.swift; name = User.swift; path = Models/User.swift; sourceTree = "<group>"; };
		7FCE05E51ABF4BD1002103DE /* FeedViewController.swift */ = {isa = PBXFileReference; fileEncoding = 4; lastKnownFileType = sourcecode.swift; path = FeedViewController.swift; sourceTree = "<group>"; usesTabs = 1; };
		952F0FCC1BCF20E100C53522 /* ADScreenCapture.swift */ = {isa = PBXFileReference; fileEncoding = 4; lastKnownFileType = sourcecode.swift; path = ADScreenCapture.swift; sourceTree = "<group>"; };
		952F0FCE1BCF20E100C53522 /* _FBTweakArrayViewController.h */ = {isa = PBXFileReference; fileEncoding = 4; lastKnownFileType = sourcecode.c.h; path = _FBTweakArrayViewController.h; sourceTree = "<group>"; };
		952F0FCF1BCF20E100C53522 /* _FBTweakArrayViewController.m */ = {isa = PBXFileReference; fileEncoding = 4; lastKnownFileType = sourcecode.c.objc; path = _FBTweakArrayViewController.m; sourceTree = "<group>"; };
		952F0FD01BCF20E100C53522 /* _FBTweakBindObserver.h */ = {isa = PBXFileReference; fileEncoding = 4; lastKnownFileType = sourcecode.c.h; path = _FBTweakBindObserver.h; sourceTree = "<group>"; };
		952F0FD11BCF20E100C53522 /* _FBTweakBindObserver.m */ = {isa = PBXFileReference; fileEncoding = 4; lastKnownFileType = sourcecode.c.objc; path = _FBTweakBindObserver.m; sourceTree = "<group>"; };
		952F0FD21BCF20E100C53522 /* _FBTweakCategoryViewController.h */ = {isa = PBXFileReference; fileEncoding = 4; lastKnownFileType = sourcecode.c.h; path = _FBTweakCategoryViewController.h; sourceTree = "<group>"; };
		952F0FD31BCF20E100C53522 /* _FBTweakCategoryViewController.m */ = {isa = PBXFileReference; fileEncoding = 4; lastKnownFileType = sourcecode.c.objc; path = _FBTweakCategoryViewController.m; sourceTree = "<group>"; };
		952F0FD41BCF20E100C53522 /* _FBTweakCollectionViewController.h */ = {isa = PBXFileReference; fileEncoding = 4; lastKnownFileType = sourcecode.c.h; path = _FBTweakCollectionViewController.h; sourceTree = "<group>"; };
		952F0FD51BCF20E100C53522 /* _FBTweakCollectionViewController.m */ = {isa = PBXFileReference; fileEncoding = 4; lastKnownFileType = sourcecode.c.objc; path = _FBTweakCollectionViewController.m; sourceTree = "<group>"; };
		952F0FD61BCF20E100C53522 /* _FBTweakDictionaryViewController.h */ = {isa = PBXFileReference; fileEncoding = 4; lastKnownFileType = sourcecode.c.h; path = _FBTweakDictionaryViewController.h; sourceTree = "<group>"; };
		952F0FD71BCF20E100C53522 /* _FBTweakDictionaryViewController.m */ = {isa = PBXFileReference; fileEncoding = 4; lastKnownFileType = sourcecode.c.objc; path = _FBTweakDictionaryViewController.m; sourceTree = "<group>"; };
		952F0FD81BCF20E100C53522 /* _FBTweakTableViewCell.h */ = {isa = PBXFileReference; fileEncoding = 4; lastKnownFileType = sourcecode.c.h; path = _FBTweakTableViewCell.h; sourceTree = "<group>"; };
		952F0FD91BCF20E100C53522 /* _FBTweakTableViewCell.m */ = {isa = PBXFileReference; fileEncoding = 4; lastKnownFileType = sourcecode.c.objc; path = _FBTweakTableViewCell.m; sourceTree = "<group>"; };
		952F0FDA1BCF20E100C53522 /* FBTweak-Prefix.pch */ = {isa = PBXFileReference; fileEncoding = 4; lastKnownFileType = sourcecode.c.h; path = "FBTweak-Prefix.pch"; sourceTree = "<group>"; };
		952F0FDB1BCF20E100C53522 /* FBTweak.h */ = {isa = PBXFileReference; fileEncoding = 4; lastKnownFileType = sourcecode.c.h; path = FBTweak.h; sourceTree = "<group>"; };
		952F0FDC1BCF20E100C53522 /* FBTweak.m */ = {isa = PBXFileReference; fileEncoding = 4; lastKnownFileType = sourcecode.c.objc; path = FBTweak.m; sourceTree = "<group>"; };
		952F0FDD1BCF20E100C53522 /* FBTweakCategory.h */ = {isa = PBXFileReference; fileEncoding = 4; lastKnownFileType = sourcecode.c.h; path = FBTweakCategory.h; sourceTree = "<group>"; };
		952F0FDE1BCF20E100C53522 /* FBTweakCategory.m */ = {isa = PBXFileReference; fileEncoding = 4; lastKnownFileType = sourcecode.c.objc; path = FBTweakCategory.m; sourceTree = "<group>"; };
		952F0FDF1BCF20E100C53522 /* FBTweakCollection.h */ = {isa = PBXFileReference; fileEncoding = 4; lastKnownFileType = sourcecode.c.h; path = FBTweakCollection.h; sourceTree = "<group>"; };
		952F0FE01BCF20E100C53522 /* FBTweakCollection.m */ = {isa = PBXFileReference; fileEncoding = 4; lastKnownFileType = sourcecode.c.objc; path = FBTweakCollection.m; sourceTree = "<group>"; };
		952F0FE11BCF20E100C53522 /* FBTweakEnabled.h */ = {isa = PBXFileReference; fileEncoding = 4; lastKnownFileType = sourcecode.c.h; path = FBTweakEnabled.h; sourceTree = "<group>"; };
		952F0FE21BCF20E100C53522 /* FBTweakInline.h */ = {isa = PBXFileReference; fileEncoding = 4; lastKnownFileType = sourcecode.c.h; path = FBTweakInline.h; sourceTree = "<group>"; };
		952F0FE31BCF20E100C53522 /* FBTweakInline.m */ = {isa = PBXFileReference; fileEncoding = 4; lastKnownFileType = sourcecode.c.objc; path = FBTweakInline.m; sourceTree = "<group>"; };
		952F0FE41BCF20E100C53522 /* FBTweakInlineInternal.h */ = {isa = PBXFileReference; fileEncoding = 4; lastKnownFileType = sourcecode.c.h; path = FBTweakInlineInternal.h; sourceTree = "<group>"; };
		952F0FE51BCF20E100C53522 /* FBTweakShakeWindow.h */ = {isa = PBXFileReference; fileEncoding = 4; lastKnownFileType = sourcecode.c.h; path = FBTweakShakeWindow.h; sourceTree = "<group>"; };
		952F0FE61BCF20E100C53522 /* FBTweakShakeWindow.m */ = {isa = PBXFileReference; fileEncoding = 4; lastKnownFileType = sourcecode.c.objc; path = FBTweakShakeWindow.m; sourceTree = "<group>"; };
		952F0FE71BCF20E100C53522 /* FBTweakStore.h */ = {isa = PBXFileReference; fileEncoding = 4; lastKnownFileType = sourcecode.c.h; path = FBTweakStore.h; sourceTree = "<group>"; };
		952F0FE81BCF20E100C53522 /* FBTweakStore.m */ = {isa = PBXFileReference; fileEncoding = 4; lastKnownFileType = sourcecode.c.objc; path = FBTweakStore.m; sourceTree = "<group>"; };
		952F0FE91BCF20E100C53522 /* FBTweakViewController.h */ = {isa = PBXFileReference; fileEncoding = 4; lastKnownFileType = sourcecode.c.h; path = FBTweakViewController.h; sourceTree = "<group>"; };
		952F0FEA1BCF20E100C53522 /* FBTweakViewController.m */ = {isa = PBXFileReference; fileEncoding = 4; lastKnownFileType = sourcecode.c.objc; path = FBTweakViewController.m; sourceTree = "<group>"; };
		952F0FEB1BCF20E100C53522 /* SubmitBugViewController.swift */ = {isa = PBXFileReference; fileEncoding = 4; lastKnownFileType = sourcecode.swift; path = SubmitBugViewController.swift; sourceTree = "<group>"; };
		952F0FEC1BCF20E100C53522 /* Tools.swift */ = {isa = PBXFileReference; fileEncoding = 4; lastKnownFileType = sourcecode.swift; path = Tools.swift; sourceTree = "<group>"; };
		952F0FED1BCF20E100C53522 /* Tweaks.swift */ = {isa = PBXFileReference; fileEncoding = 4; lastKnownFileType = sourcecode.swift; path = Tweaks.swift; sourceTree = "<group>"; };
		B085F3B31BE3CBB80000421E /* SearchViewController.swift */ = {isa = PBXFileReference; fileEncoding = 4; lastKnownFileType = sourcecode.swift; path = SearchViewController.swift; sourceTree = "<group>"; };
		B085F3B41BE3CBB80000421E /* SearchViewController.xib */ = {isa = PBXFileReference; fileEncoding = 4; lastKnownFileType = file.xib; path = SearchViewController.xib; sourceTree = "<group>"; };
		BA24C57C1AF866630066C2ED /* SearchPostView.swift */ = {isa = PBXFileReference; fileEncoding = 4; lastKnownFileType = sourcecode.swift; path = SearchPostView.swift; sourceTree = "<group>"; };
		BA257E271ABA3FE200D939B0 /* IceFishing-Bridging-Header.h */ = {isa = PBXFileReference; lastKnownFileType = sourcecode.c.h; path = "IceFishing-Bridging-Header.h"; sourceTree = "<group>"; };
		BA257E291ABA3FE200D939B0 /* SWRevealViewController.h */ = {isa = PBXFileReference; fileEncoding = 4; lastKnownFileType = sourcecode.c.h; path = SWRevealViewController.h; sourceTree = "<group>"; };
		BA257E2A1ABA3FE200D939B0 /* SWRevealViewController.m */ = {isa = PBXFileReference; fileEncoding = 4; lastKnownFileType = sourcecode.c.objc; path = SWRevealViewController.m; sourceTree = "<group>"; };
		C0CF7B971AE425450083606C /* API.swift */ = {isa = PBXFileReference; fileEncoding = 4; lastKnownFileType = sourcecode.swift; path = API.swift; sourceTree = "<group>"; };
		CC70D4A41BEAD39D00241732 /* Reachability.xib */ = {isa = PBXFileReference; fileEncoding = 4; lastKnownFileType = file.xib; path = Reachability.xib; sourceTree = "<group>"; };
		CC8211FE1BE69D30002614EA /* Reachability.swift */ = {isa = PBXFileReference; fileEncoding = 4; lastKnownFileType = sourcecode.swift; path = Reachability.swift; sourceTree = "<group>"; };
		D102A9C51AE889D600C66385 /* SideBarViewController.swift */ = {isa = PBXFileReference; fileEncoding = 4; lastKnownFileType = sourcecode.swift; path = SideBarViewController.swift; sourceTree = "<group>"; };
		D102A9C61AE889D600C66385 /* SideBarViewController.xib */ = {isa = PBXFileReference; fileEncoding = 4; lastKnownFileType = file.xib; path = SideBarViewController.xib; sourceTree = "<group>"; };
		D102A9CF1AE88CB400C66385 /* SideBarTableViewCell.swift */ = {isa = PBXFileReference; fileEncoding = 4; lastKnownFileType = sourcecode.swift; name = SideBarTableViewCell.swift; path = ../Profile/SideBarTableViewCell.swift; sourceTree = "<group>"; };
		D1173FFF1AF8574400302FFD /* ProfileViewController.swift */ = {isa = PBXFileReference; fileEncoding = 4; lastKnownFileType = sourcecode.swift; path = ProfileViewController.swift; sourceTree = "<group>"; };
		D11740071AF8574900302FFD /* ProfileViewController.xib */ = {isa = PBXFileReference; fileEncoding = 4; lastKnownFileType = file.xib; path = ProfileViewController.xib; sourceTree = "<group>"; };
		D148F48B1AF0310D009AB073 /* HipCalendarCollectionReusableView.swift */ = {isa = PBXFileReference; fileEncoding = 4; lastKnownFileType = sourcecode.swift; path = HipCalendarCollectionReusableView.swift; sourceTree = "<group>"; };
		D148F4931AF03169009AB073 /* HipCalendarDayCollectionViewCell.swift */ = {isa = PBXFileReference; fileEncoding = 4; lastKnownFileType = sourcecode.swift; path = HipCalendarDayCollectionViewCell.swift; sourceTree = "<group>"; };
		D148F4971AF031DB009AB073 /* NSDateExtension.swift */ = {isa = PBXFileReference; fileEncoding = 4; lastKnownFileType = sourcecode.swift; path = NSDateExtension.swift; sourceTree = "<group>"; };
		D148F4A81AF03EB4009AB073 /* PostHistoryTableViewController.swift */ = {isa = PBXFileReference; fileEncoding = 4; lastKnownFileType = sourcecode.swift; name = PostHistoryTableViewController.swift; path = ../Controllers/PostHistoryTableViewController.swift; sourceTree = "<group>"; };
		D148F4AC1AF03EF5009AB073 /* PostHistoryTableViewCell.swift */ = {isa = PBXFileReference; fileEncoding = 4; lastKnownFileType = sourcecode.swift; path = PostHistoryTableViewCell.swift; sourceTree = "<group>"; };
		D148F4AD1AF03EF5009AB073 /* PostHistoryTableViewCell.xib */ = {isa = PBXFileReference; fileEncoding = 4; lastKnownFileType = file.xib; path = PostHistoryTableViewCell.xib; sourceTree = "<group>"; };
		D14A31581AF53218005153E6 /* HipStickyHeaderFlowLayout.swift */ = {isa = PBXFileReference; fileEncoding = 4; lastKnownFileType = sourcecode.swift; path = HipStickyHeaderFlowLayout.swift; sourceTree = "<group>"; };
		D160ADFD1BE67406003B0E1A /* PlaylistTableViewCell.swift */ = {isa = PBXFileReference; fileEncoding = 4; lastKnownFileType = sourcecode.swift; path = PlaylistTableViewCell.swift; sourceTree = "<group>"; };
		D160ADFE1BE67406003B0E1A /* PlaylistTableViewCell.xib */ = {isa = PBXFileReference; fileEncoding = 4; lastKnownFileType = file.xib; path = PlaylistTableViewCell.xib; sourceTree = "<group>"; };
		D160AE011BE677D4003B0E1A /* PlaylistTableViewController.swift */ = {isa = PBXFileReference; fileEncoding = 4; lastKnownFileType = sourcecode.swift; path = PlaylistTableViewController.swift; sourceTree = "<group>"; };
		D17395721ADB080900A53AEE /* UsersViewController.swift */ = {isa = PBXFileReference; fileEncoding = 4; lastKnownFileType = sourcecode.swift; path = UsersViewController.swift; sourceTree = "<group>"; };
		D17395881ADF360C00A53AEE /* SignInViewController.swift */ = {isa = PBXFileReference; fileEncoding = 4; lastKnownFileType = sourcecode.swift; path = SignInViewController.swift; sourceTree = "<group>"; };
		D17395891ADF360C00A53AEE /* SignInViewController.xib */ = {isa = PBXFileReference; fileEncoding = 4; lastKnownFileType = file.xib; path = SignInViewController.xib; sourceTree = "<group>"; };
		FA171CBF1AF1D758007B40AF /* FeedImageView.swift */ = {isa = PBXFileReference; fileEncoding = 4; lastKnownFileType = sourcecode.swift; path = FeedImageView.swift; sourceTree = "<group>"; };
		FA1A91301AC3899E00774EF3 /* Player.swift */ = {isa = PBXFileReference; fileEncoding = 4; lastKnownFileType = sourcecode.swift; path = Player.swift; sourceTree = "<group>"; };
		FA1E1A771ADB06A3007C823C /* Post.swift */ = {isa = PBXFileReference; fileEncoding = 4; lastKnownFileType = sourcecode.swift; name = Post.swift; path = Models/Post.swift; sourceTree = "<group>"; };
		FA1E1A7B1ADB072A007C823C /* Song.swift */ = {isa = PBXFileReference; fileEncoding = 4; lastKnownFileType = sourcecode.swift; name = Song.swift; path = Models/Song.swift; sourceTree = "<group>"; };
		FA1E1A7D1ADB0818007C823C /* PostView.swift */ = {isa = PBXFileReference; fileEncoding = 4; lastKnownFileType = sourcecode.swift; path = PostView.swift; sourceTree = "<group>"; };
		FA674C061AF9105E00C14463 /* ADRefreshControl.swift */ = {isa = PBXFileReference; fileEncoding = 4; lastKnownFileType = sourcecode.swift; path = ADRefreshControl.swift; sourceTree = "<group>"; };
		FA674C0E1AF917A200C14463 /* ViewController+Utilities.swift */ = {isa = PBXFileReference; fileEncoding = 4; lastKnownFileType = sourcecode.swift; name = "ViewController+Utilities.swift"; path = "IceFishing/Utilities/ViewController+Utilities.swift"; sourceTree = SOURCE_ROOT; };
		FAB564711AF6A8C9001059DF /* LikedTableViewController.swift */ = {isa = PBXFileReference; fileEncoding = 4; lastKnownFileType = sourcecode.swift; path = LikedTableViewController.swift; sourceTree = "<group>"; };
		FAB5647B1AF6BAE3001059DF /* SideBarTableViewCell.xib */ = {isa = PBXFileReference; fileEncoding = 4; lastKnownFileType = file.xib; name = SideBarTableViewCell.xib; path = ../Profile/SideBarTableViewCell.xib; sourceTree = "<group>"; };
/* End PBXFileReference section */

/* Begin PBXFrameworksBuildPhase section */
		1D72D9B21AACC4C0007822B0 /* Frameworks */ = {
			isa = PBXFrameworksBuildPhase;
			buildActionMask = 2147483647;
			files = (
				1DFD73811BA0EE7B008D9FD8 /* SwiftyJSON.framework in Frameworks */,
				1DFD738B1BA0EE94008D9FD8 /* Alamofire.framework in Frameworks */,
				1D802AB71B78635A005A96D1 /* SystemConfiguration.framework in Frameworks */,
				1D802AB51B786351005A96D1 /* AVFoundation.framework in Frameworks */,
				1D2CA85F1B720290004EAEAB /* FacebookSDK.framework in Frameworks */,
				1DFD73601BA0DC68008D9FD8 /* Spotify.framework in Frameworks */,
			);
			runOnlyForDeploymentPostprocessing = 0;
		};
/* End PBXFrameworksBuildPhase section */

/* Begin PBXGroup section */
		1D046D8C1AB6953600D0354B /* Controllers */ = {
			isa = PBXGroup;
			children = (
				B01FE1541C1765080077C2BF /* Spotify */,
				6DEE0FC31AC34811005552F9 /* Profile */,
				BA257E251ABA3FBC00D939B0 /* SWRevealViewController */,
				1DCB96121AED5EA7007F6A4B /* APIViewController.swift */,
				1DCB96131AED5EA7007F6A4B /* APIViewController.xib */,
				7FCE05E51ABF4BD1002103DE /* FeedViewController.swift */,
				B085F3B31BE3CBB80000421E /* SearchViewController.swift */,
				B085F3B41BE3CBB80000421E /* SearchViewController.xib */,
				FAB564711AF6A8C9001059DF /* LikedTableViewController.swift */,
				FA674C0E1AF917A200C14463 /* ViewController+Utilities.swift */,
				1DFB2ED61B76D7FB001B7C76 /* StyleController.swift */,
				6084F6C41BE700B00048EFE3 /* PlayerTableViewController.swift */,
				6067F0801BFD4F7E004059A0 /* FollowSuggestionTableViewController.swift */,
			);
			path = Controllers;
			sourceTree = "<group>";
		};
		1D1DD7101AE492750066AB39 /* Utilities */ = {
			isa = PBXGroup;
			children = (
				952F0FCB1BCF20E100C53522 /* Tools */,
				1DB2838F1B6D8FCC00134FEA /* NSLayoutContraint+Fill.swift */,
				1D1DD7121AE492750066AB39 /* Util.swift */,
				6DA5FE4C1AED72F800E795DD /* ColorExtension.swift */,
				1DD875FB1B6E27DD0041C45B /* NSDateFormatter+Shared.swift */,
				CC8211FE1BE69D30002614EA /* Reachability.swift */,
				CC70D4A41BEAD39D00241732 /* Reachability.xib */,
			);
			path = Utilities;
			sourceTree = "<group>";
		};
		1D65392E1AD0E23800E82627 /* Views */ = {
			isa = PBXGroup;
			children = (
				1D9991741B81E2F70005A376 /* MarqueeLabel.swift */,
				FA1E1A7D1ADB0818007C823C /* PostView.swift */,
				BA24C57C1AF866630066C2ED /* SearchPostView.swift */,
				FA171CBF1AF1D758007B40AF /* FeedImageView.swift */,
				60256C191BC1BFA900B52FDD /* SavedSongView.swift */,
				60256C0F1BC1BC7900B52FDD /* SavedSongView.xib */,
				1D802AB81B7873A5005A96D1 /* Cells */,
				1DB283911B6D969A00134FEA /* Controls */,
			);
			path = Views;
			sourceTree = "<group>";
		};
		1D72D9AC1AACC4C0007822B0 = {
			isa = PBXGroup;
			children = (
				1D72D9B71AACC4C0007822B0 /* IceFishing */,
				1D72D9CD1AACC4C0007822B0 /* IceFishingTests */,
				1D72D9B61AACC4C0007822B0 /* Products */,
			);
			sourceTree = "<group>";
			usesTabs = 1;
		};
		1D72D9B61AACC4C0007822B0 /* Products */ = {
			isa = PBXGroup;
			children = (
				1D72D9B51AACC4C0007822B0 /* IceFishing.app */,
			);
			name = Products;
			sourceTree = "<group>";
		};
		1D72D9B71AACC4C0007822B0 /* IceFishing */ = {
			isa = PBXGroup;
			children = (
				C0CF7B971AE425450083606C /* API.swift */,
				1D72D9BA1AACC4C0007822B0 /* AppDelegate.swift */,
				FA1A91301AC3899E00774EF3 /* Player.swift */,
				FA1E1A7A1ADB06A8007C823C /* Models */,
				1D046D8C1AB6953600D0354B /* Controllers */,
				1D65392E1AD0E23800E82627 /* Views */,
				1D1DD7101AE492750066AB39 /* Utilities */,
				1DE932921AAD12A700AD3BF0 /* Vendor */,
				1D72D9C11AACC4C0007822B0 /* Images.xcassets */,
				1D72D9C31AACC4C0007822B0 /* LaunchScreen.xib */,
				BA257E271ABA3FE200D939B0 /* IceFishing-Bridging-Header.h */,
				1D72D9B81AACC4C0007822B0 /* Supporting Files */,
				6D54C2A61ABF5A87007648A5 /* Frameworks */,
			);
			path = IceFishing;
			sourceTree = "<group>";
		};
		1D72D9B81AACC4C0007822B0 /* Supporting Files */ = {
			isa = PBXGroup;
			children = (
				1D72D9B91AACC4C0007822B0 /* Info.plist */,
			);
			path = "Supporting Files";
			sourceTree = "<group>";
		};
		1D72D9CD1AACC4C0007822B0 /* IceFishingTests */ = {
			isa = PBXGroup;
			children = (
				1D72D9D01AACC4C0007822B0 /* IceFishingTests.swift */,
				1D72D9CE1AACC4C0007822B0 /* Supporting Files */,
			);
			path = IceFishingTests;
			sourceTree = "<group>";
		};
		1D72D9CE1AACC4C0007822B0 /* Supporting Files */ = {
			isa = PBXGroup;
			children = (
				1D72D9CF1AACC4C0007822B0 /* Info.plist */,
			);
			path = "Supporting Files";
			sourceTree = "<group>";
		};
		1D802AB81B7873A5005A96D1 /* Cells */ = {
			isa = PBXGroup;
			children = (
				6D33499F1AE3F11300B512FD /* FollowTableViewCell.swift */,
				6D3349A11AE423DA00B512FD /* FollowTableViewCell.xib */,
				6092CBD71C021C5E008836AE /* FollowSuggestionsTableViewCell.swift */,
				6092CBD81C021C5E008836AE /* FollowSuggestionsTableViewCell.xib */,
				D102A9CF1AE88CB400C66385 /* SideBarTableViewCell.swift */,
				FAB5647B1AF6BAE3001059DF /* SideBarTableViewCell.xib */,
				1D65392F1AD0E23800E82627 /* FeedTableViewCell.swift */,
				1DC9BB9F1AE805A00033E970 /* FeedTableViewCell.xib */,
				1DFBFB531B784634001DD6AC /* SongSearchTableViewCell.swift */,
				1DFBFB511B7845E7001DD6AC /* SongSearchTableViewCell.xib */,
				D160ADFD1BE67406003B0E1A /* PlaylistTableViewCell.swift */,
				D160ADFE1BE67406003B0E1A /* PlaylistTableViewCell.xib */,
			);
			name = Cells;
			sourceTree = "<group>";
		};
		1DB283911B6D969A00134FEA /* Controls */ = {
			isa = PBXGroup;
			children = (
				FA674C061AF9105E00C14463 /* ADRefreshControl.swift */,
				1DA44FC51B6D84D1009EC2BD /* PostButton.swift */,
				1DB476471AEF24670066014F /* PostButton.xib */,
			);
			name = Controls;
			sourceTree = "<group>";
		};
		1DE932921AAD12A700AD3BF0 /* Vendor */ = {
			isa = PBXGroup;
			children = (
				1DFD734C1BA0DC21008D9FD8 /* Alamofire.xcodeproj */,
				1DFD73611BA0DC9F008D9FD8 /* SwiftyJSON.xcodeproj */,
				1DFD735F1BA0DC68008D9FD8 /* Spotify.framework */,
			);
			path = Vendor;
			sourceTree = "<group>";
		};
		1DFD734D1BA0DC21008D9FD8 /* Products */ = {
			isa = PBXGroup;
			children = (
				1DFD73551BA0DC22008D9FD8 /* Alamofire.framework */,
				1DFD73571BA0DC22008D9FD8 /* Alamofire.framework */,
				1DFD73591BA0DC22008D9FD8 /* Alamofire.framework */,
				1DFD735B1BA0DC22008D9FD8 /* Alamofire iOS Tests.xctest */,
				1DFD735D1BA0DC22008D9FD8 /* Alamofire OSX Tests.xctest */,
			);
			name = Products;
			sourceTree = "<group>";
		};
		1DFD73621BA0DC9F008D9FD8 /* Products */ = {
			isa = PBXGroup;
			children = (
				1DFD736A1BA0DC9F008D9FD8 /* SwiftyJSON.framework */,
				1DFD736C1BA0DC9F008D9FD8 /* SwiftyJSON iOS Tests.xctest */,
				1DFD736E1BA0DC9F008D9FD8 /* SwiftyJSON.framework */,
				1DFD73701BA0DC9F008D9FD8 /* SwiftyJSON OSX Tests.xctest */,
				1DFD73721BA0DC9F008D9FD8 /* SwiftyJSON.framework */,
			);
			name = Products;
			sourceTree = "<group>";
		};
		6D54C2A61ABF5A87007648A5 /* Frameworks */ = {
			isa = PBXGroup;
			children = (
				1D802AB61B78635A005A96D1 /* SystemConfiguration.framework */,
				1D802AB41B786350005A96D1 /* AVFoundation.framework */,
				1D2CA85C1B720290004EAEAB /* Bolts.framework */,
				1D2CA85D1B720290004EAEAB /* FacebookSDK.framework */,
			);
			name = Frameworks;
			path = ..;
			sourceTree = "<group>";
		};
		6DEE0FC31AC34811005552F9 /* Profile */ = {
			isa = PBXGroup;
			children = (
				D17395881ADF360C00A53AEE /* SignInViewController.swift */,
				D17395891ADF360C00A53AEE /* SignInViewController.xib */,
				D1173FFF1AF8574400302FFD /* ProfileViewController.swift */,
				D11740071AF8574900302FFD /* ProfileViewController.xib */,
				D17395721ADB080900A53AEE /* UsersViewController.swift */,
				D102A9C51AE889D600C66385 /* SideBarViewController.swift */,
				D102A9C61AE889D600C66385 /* SideBarViewController.xib */,
				6D3FA65B1AD5FACB00B1320D /* UsernameViewController.swift */,
				6D3FA6601AD5FD5C00B1320D /* UsernameViewController.xib */,
				D148F4991AF0349A009AB073 /* Post History Calendar */,
			);
			name = Profile;
			path = ../Profile;
			sourceTree = "<group>";
		};
		952F0FCB1BCF20E100C53522 /* Tools */ = {
			isa = PBXGroup;
			children = (
				952F0FCC1BCF20E100C53522 /* ADScreenCapture.swift */,
				952F0FCD1BCF20E100C53522 /* FBTweaks */,
				952F0FEB1BCF20E100C53522 /* SubmitBugViewController.swift */,
				952F0FEC1BCF20E100C53522 /* Tools.swift */,
				952F0FED1BCF20E100C53522 /* Tweaks.swift */,
			);
			path = Tools;
			sourceTree = "<group>";
		};
		952F0FCD1BCF20E100C53522 /* FBTweaks */ = {
			isa = PBXGroup;
			children = (
				952F0FCE1BCF20E100C53522 /* _FBTweakArrayViewController.h */,
				952F0FCF1BCF20E100C53522 /* _FBTweakArrayViewController.m */,
				952F0FD01BCF20E100C53522 /* _FBTweakBindObserver.h */,
				952F0FD11BCF20E100C53522 /* _FBTweakBindObserver.m */,
				952F0FD21BCF20E100C53522 /* _FBTweakCategoryViewController.h */,
				952F0FD31BCF20E100C53522 /* _FBTweakCategoryViewController.m */,
				952F0FD41BCF20E100C53522 /* _FBTweakCollectionViewController.h */,
				952F0FD51BCF20E100C53522 /* _FBTweakCollectionViewController.m */,
				952F0FD61BCF20E100C53522 /* _FBTweakDictionaryViewController.h */,
				952F0FD71BCF20E100C53522 /* _FBTweakDictionaryViewController.m */,
				952F0FD81BCF20E100C53522 /* _FBTweakTableViewCell.h */,
				952F0FD91BCF20E100C53522 /* _FBTweakTableViewCell.m */,
				952F0FDA1BCF20E100C53522 /* FBTweak-Prefix.pch */,
				952F0FDB1BCF20E100C53522 /* FBTweak.h */,
				952F0FDC1BCF20E100C53522 /* FBTweak.m */,
				952F0FDD1BCF20E100C53522 /* FBTweakCategory.h */,
				952F0FDE1BCF20E100C53522 /* FBTweakCategory.m */,
				952F0FDF1BCF20E100C53522 /* FBTweakCollection.h */,
				952F0FE01BCF20E100C53522 /* FBTweakCollection.m */,
				952F0FE11BCF20E100C53522 /* FBTweakEnabled.h */,
				952F0FE21BCF20E100C53522 /* FBTweakInline.h */,
				952F0FE31BCF20E100C53522 /* FBTweakInline.m */,
				952F0FE41BCF20E100C53522 /* FBTweakInlineInternal.h */,
				952F0FE51BCF20E100C53522 /* FBTweakShakeWindow.h */,
				952F0FE61BCF20E100C53522 /* FBTweakShakeWindow.m */,
				952F0FE71BCF20E100C53522 /* FBTweakStore.h */,
				952F0FE81BCF20E100C53522 /* FBTweakStore.m */,
				952F0FE91BCF20E100C53522 /* FBTweakViewController.h */,
				952F0FEA1BCF20E100C53522 /* FBTweakViewController.m */,
			);
			path = FBTweaks;
			sourceTree = "<group>";
		};
		B01FE1541C1765080077C2BF /* Spotify */ = {
			isa = PBXGroup;
			children = (
				1D653F3D1B81451700F54455 /* SpotifyController.swift */,
				1DE649C11B78590800DA5499 /* SpotifyViewController.swift */,
				1DE649C21B78590800DA5499 /* SpotifyViewController.xib */,
				D160AE011BE677D4003B0E1A /* PlaylistTableViewController.swift */,
			);
			name = Spotify;
			sourceTree = "<group>";
		};
		BA257E251ABA3FBC00D939B0 /* SWRevealViewController */ = {
			isa = PBXGroup;
			children = (
				BA257E291ABA3FE200D939B0 /* SWRevealViewController.h */,
				BA257E2A1ABA3FE200D939B0 /* SWRevealViewController.m */,
			);
			name = SWRevealViewController;
			sourceTree = "<group>";
		};
		D148F4991AF0349A009AB073 /* Post History Calendar */ = {
			isa = PBXGroup;
			children = (
				D148F4A81AF03EB4009AB073 /* PostHistoryTableViewController.swift */,
				D148F4AC1AF03EF5009AB073 /* PostHistoryTableViewCell.swift */,
				D148F4AD1AF03EF5009AB073 /* PostHistoryTableViewCell.xib */,
				D148F48B1AF0310D009AB073 /* HipCalendarCollectionReusableView.swift */,
				D148F4931AF03169009AB073 /* HipCalendarDayCollectionViewCell.swift */,
				D148F4971AF031DB009AB073 /* NSDateExtension.swift */,
				D14A31581AF53218005153E6 /* HipStickyHeaderFlowLayout.swift */,
			);
			name = "Post History Calendar";
			sourceTree = "<group>";
		};
		FA1E1A7A1ADB06A8007C823C /* Models */ = {
			isa = PBXGroup;
			children = (
				FA1E1A771ADB06A3007C823C /* Post.swift */,
				FA1E1A7B1ADB072A007C823C /* Song.swift */,
				6DEE0FD01AC34811005552F9 /* User.swift */,
			);
			name = Models;
			sourceTree = "<group>";
		};
/* End PBXGroup section */

/* Begin PBXNativeTarget section */
		1D72D9B41AACC4C0007822B0 /* IceFishing */ = {
			isa = PBXNativeTarget;
			buildConfigurationList = 1D72D9D41AACC4C0007822B0 /* Build configuration list for PBXNativeTarget "IceFishing" */;
			buildPhases = (
				1D72D9B11AACC4C0007822B0 /* Sources */,
				1D72D9B21AACC4C0007822B0 /* Frameworks */,
				1D72D9B31AACC4C0007822B0 /* Resources */,
				1DFD738A1BA0EE7B008D9FD8 /* Embed Frameworks */,
			);
			buildRules = (
			);
			dependencies = (
				1DFD73841BA0EE7B008D9FD8 /* PBXTargetDependency */,
				1DFD738E1BA0EE94008D9FD8 /* PBXTargetDependency */,
			);
			name = IceFishing;
			productName = IceFishing;
			productReference = 1D72D9B51AACC4C0007822B0 /* IceFishing.app */;
			productType = "com.apple.product-type.application";
		};
/* End PBXNativeTarget section */

/* Begin PBXProject section */
		1D72D9AD1AACC4C0007822B0 /* Project object */ = {
			isa = PBXProject;
			attributes = {
				LastSwiftMigration = 0700;
				LastSwiftUpdateCheck = 0700;
				LastUpgradeCheck = 0710;
				ORGANIZATIONNAME = CUAppDev;
				TargetAttributes = {
					1D72D9B41AACC4C0007822B0 = {
						CreatedOnToolsVersion = 6.1.1;
					};
				};
			};
			buildConfigurationList = 1D72D9B01AACC4C0007822B0 /* Build configuration list for PBXProject "IceFishing" */;
			compatibilityVersion = "Xcode 3.2";
			developmentRegion = English;
			hasScannedForEncodings = 0;
			knownRegions = (
				en,
				Base,
			);
			mainGroup = 1D72D9AC1AACC4C0007822B0;
			productRefGroup = 1D72D9B61AACC4C0007822B0 /* Products */;
			projectDirPath = "";
			projectReferences = (
				{
					ProductGroup = 1DFD734D1BA0DC21008D9FD8 /* Products */;
					ProjectRef = 1DFD734C1BA0DC21008D9FD8 /* Alamofire.xcodeproj */;
				},
				{
					ProductGroup = 1DFD73621BA0DC9F008D9FD8 /* Products */;
					ProjectRef = 1DFD73611BA0DC9F008D9FD8 /* SwiftyJSON.xcodeproj */;
				},
			);
			projectRoot = "";
			targets = (
				1D72D9B41AACC4C0007822B0 /* IceFishing */,
			);
		};
/* End PBXProject section */

/* Begin PBXReferenceProxy section */
		1DFD73551BA0DC22008D9FD8 /* Alamofire.framework */ = {
			isa = PBXReferenceProxy;
			fileType = wrapper.framework;
			path = Alamofire.framework;
			remoteRef = 1DFD73541BA0DC22008D9FD8 /* PBXContainerItemProxy */;
			sourceTree = BUILT_PRODUCTS_DIR;
		};
		1DFD73571BA0DC22008D9FD8 /* Alamofire.framework */ = {
			isa = PBXReferenceProxy;
			fileType = wrapper.framework;
			path = Alamofire.framework;
			remoteRef = 1DFD73561BA0DC22008D9FD8 /* PBXContainerItemProxy */;
			sourceTree = BUILT_PRODUCTS_DIR;
		};
		1DFD73591BA0DC22008D9FD8 /* Alamofire.framework */ = {
			isa = PBXReferenceProxy;
			fileType = wrapper.framework;
			path = Alamofire.framework;
			remoteRef = 1DFD73581BA0DC22008D9FD8 /* PBXContainerItemProxy */;
			sourceTree = BUILT_PRODUCTS_DIR;
		};
		1DFD735B1BA0DC22008D9FD8 /* Alamofire iOS Tests.xctest */ = {
			isa = PBXReferenceProxy;
			fileType = wrapper.cfbundle;
			path = "Alamofire iOS Tests.xctest";
			remoteRef = 1DFD735A1BA0DC22008D9FD8 /* PBXContainerItemProxy */;
			sourceTree = BUILT_PRODUCTS_DIR;
		};
		1DFD735D1BA0DC22008D9FD8 /* Alamofire OSX Tests.xctest */ = {
			isa = PBXReferenceProxy;
			fileType = wrapper.cfbundle;
			path = "Alamofire OSX Tests.xctest";
			remoteRef = 1DFD735C1BA0DC22008D9FD8 /* PBXContainerItemProxy */;
			sourceTree = BUILT_PRODUCTS_DIR;
		};
		1DFD736A1BA0DC9F008D9FD8 /* SwiftyJSON.framework */ = {
			isa = PBXReferenceProxy;
			fileType = wrapper.framework;
			path = SwiftyJSON.framework;
			remoteRef = 1DFD73691BA0DC9F008D9FD8 /* PBXContainerItemProxy */;
			sourceTree = BUILT_PRODUCTS_DIR;
		};
		1DFD736C1BA0DC9F008D9FD8 /* SwiftyJSON iOS Tests.xctest */ = {
			isa = PBXReferenceProxy;
			fileType = wrapper.cfbundle;
			path = "SwiftyJSON iOS Tests.xctest";
			remoteRef = 1DFD736B1BA0DC9F008D9FD8 /* PBXContainerItemProxy */;
			sourceTree = BUILT_PRODUCTS_DIR;
		};
		1DFD736E1BA0DC9F008D9FD8 /* SwiftyJSON.framework */ = {
			isa = PBXReferenceProxy;
			fileType = wrapper.framework;
			path = SwiftyJSON.framework;
			remoteRef = 1DFD736D1BA0DC9F008D9FD8 /* PBXContainerItemProxy */;
			sourceTree = BUILT_PRODUCTS_DIR;
		};
		1DFD73701BA0DC9F008D9FD8 /* SwiftyJSON OSX Tests.xctest */ = {
			isa = PBXReferenceProxy;
			fileType = wrapper.cfbundle;
			path = "SwiftyJSON OSX Tests.xctest";
			remoteRef = 1DFD736F1BA0DC9F008D9FD8 /* PBXContainerItemProxy */;
			sourceTree = BUILT_PRODUCTS_DIR;
		};
		1DFD73721BA0DC9F008D9FD8 /* SwiftyJSON.framework */ = {
			isa = PBXReferenceProxy;
			fileType = wrapper.framework;
			path = SwiftyJSON.framework;
			remoteRef = 1DFD73711BA0DC9F008D9FD8 /* PBXContainerItemProxy */;
			sourceTree = BUILT_PRODUCTS_DIR;
		};
/* End PBXReferenceProxy section */

/* Begin PBXResourcesBuildPhase section */
		1D72D9B31AACC4C0007822B0 /* Resources */ = {
			isa = PBXResourcesBuildPhase;
			buildActionMask = 2147483647;
			files = (
				6092CBDA1C021C5E008836AE /* FollowSuggestionsTableViewCell.xib in Resources */,
				B085F3B61BE3CBB80000421E /* SearchViewController.xib in Resources */,
				CC70D4A51BEAD39D00241732 /* Reachability.xib in Resources */,
				D173958B1ADF360C00A53AEE /* SignInViewController.xib in Resources */,
				1DB476481AEF24670066014F /* PostButton.xib in Resources */,
				6D3FA6611AD5FD5C00B1320D /* UsernameViewController.xib in Resources */,
				6D3349A21AE423DA00B512FD /* FollowTableViewCell.xib in Resources */,
				D160AE001BE67406003B0E1A /* PlaylistTableViewCell.xib in Resources */,
				1DC9BBA01AE805A00033E970 /* FeedTableViewCell.xib in Resources */,
				1DE649C41B78590800DA5499 /* SpotifyViewController.xib in Resources */,
				1DCB96151AED5EA7007F6A4B /* APIViewController.xib in Resources */,
				D148F4AF1AF03EF5009AB073 /* PostHistoryTableViewCell.xib in Resources */,
				1DFBFB521B7845E7001DD6AC /* SongSearchTableViewCell.xib in Resources */,
				60256C101BC1BC7900B52FDD /* SavedSongView.xib in Resources */,
				D102A9C81AE889D600C66385 /* SideBarViewController.xib in Resources */,
				FAB5647C1AF6BAE4001059DF /* SideBarTableViewCell.xib in Resources */,
				D11740081AF8574900302FFD /* ProfileViewController.xib in Resources */,
				1D72D9C21AACC4C0007822B0 /* Images.xcassets in Resources */,
			);
			runOnlyForDeploymentPostprocessing = 0;
		};
/* End PBXResourcesBuildPhase section */

/* Begin PBXSourcesBuildPhase section */
		1D72D9B11AACC4C0007822B0 /* Sources */ = {
			isa = PBXSourcesBuildPhase;
			buildActionMask = 2147483647;
			files = (
				1DCB961C1AED5F48007F6A4B /* API.swift in Sources */,
				952F0FF01BCF20E100C53522 /* _FBTweakBindObserver.m in Sources */,
				D148F4941AF03169009AB073 /* HipCalendarDayCollectionViewCell.swift in Sources */,
				952F0FF41BCF20E100C53522 /* _FBTweakTableViewCell.m in Sources */,
				1DFB2ED71B76D7FB001B7C76 /* StyleController.swift in Sources */,
				1D653F3E1B81451700F54455 /* SpotifyController.swift in Sources */,
				FA1E1A7C1ADB072A007C823C /* Song.swift in Sources */,
				1DB283901B6D8FCC00134FEA /* NSLayoutContraint+Fill.swift in Sources */,
				D17395741ADB080900A53AEE /* UsersViewController.swift in Sources */,
				1D6539301AD0E23800E82627 /* FeedTableViewCell.swift in Sources */,
				1DE649C31B78590800DA5499 /* SpotifyViewController.swift in Sources */,
				952F0FF61BCF20E100C53522 /* FBTweakCategory.m in Sources */,
				952F0FF81BCF20E100C53522 /* FBTweakInline.m in Sources */,
				CC8211FF1BE69D30002614EA /* Reachability.swift in Sources */,
				FA1E1A7E1ADB0818007C823C /* PostView.swift in Sources */,
				D160ADFF1BE67406003B0E1A /* PlaylistTableViewCell.swift in Sources */,
				6092CBD91C021C5E008836AE /* FollowSuggestionsTableViewCell.swift in Sources */,
				1DA44FC61B6D84D1009EC2BD /* PostButton.swift in Sources */,
				952F0FF21BCF20E100C53522 /* _FBTweakCollectionViewController.m in Sources */,
				1D1DD7141AE492750066AB39 /* Util.swift in Sources */,
				FA1A91311AC3899E00774EF3 /* Player.swift in Sources */,
				1DCB96141AED5EA7007F6A4B /* APIViewController.swift in Sources */,
				1DFBFB541B784634001DD6AC /* SongSearchTableViewCell.swift in Sources */,
				60256C1A1BC1BFA900B52FDD /* SavedSongView.swift in Sources */,
				1D72D9BB1AACC4C0007822B0 /* AppDelegate.swift in Sources */,
				FAB564731AF6A8C9001059DF /* LikedTableViewController.swift in Sources */,
				6D3FA65C1AD5FACB00B1320D /* UsernameViewController.swift in Sources */,
				1DD875FC1B6E27DD0041C45B /* NSDateFormatter+Shared.swift in Sources */,
				D102A9D11AE88CB400C66385 /* SideBarTableViewCell.swift in Sources */,
				952F0FEE1BCF20E100C53522 /* ADScreenCapture.swift in Sources */,
				952F0FF31BCF20E100C53522 /* _FBTweakDictionaryViewController.m in Sources */,
				952F0FFB1BCF20E100C53522 /* FBTweakViewController.m in Sources */,
				D14D06B21BE9535400ABA1CF /* SearchViewController.swift in Sources */,
				7FCE05E91ABF4BD1002103DE /* FeedViewController.swift in Sources */,
				6067F0821BFD4F7E004059A0 /* FollowSuggestionTableViewController.swift in Sources */,
				952F0FFA1BCF20E100C53522 /* FBTweakStore.m in Sources */,
				D173958A1ADF360C00A53AEE /* SignInViewController.swift in Sources */,
				FA171CC01AF1D758007B40AF /* FeedImageView.swift in Sources */,
				952F0FFD1BCF20E100C53522 /* Tools.swift in Sources */,
				D11740001AF8574400302FFD /* ProfileViewController.swift in Sources */,
				6D3349A01AE3F11300B512FD /* FollowTableViewCell.swift in Sources */,
				FA674C071AF9105E00C14463 /* ADRefreshControl.swift in Sources */,
				D102A9C71AE889D600C66385 /* SideBarViewController.swift in Sources */,
				6DA5FE4D1AED72F800E795DD /* ColorExtension.swift in Sources */,
				D148F4AE1AF03EF5009AB073 /* PostHistoryTableViewCell.swift in Sources */,
				952F0FEF1BCF20E100C53522 /* _FBTweakArrayViewController.m in Sources */,
				D148F4981AF031DB009AB073 /* NSDateExtension.swift in Sources */,
				952F0FF91BCF20E100C53522 /* FBTweakShakeWindow.m in Sources */,
				FA674C0F1AF917A200C14463 /* ViewController+Utilities.swift in Sources */,
				952F0FF51BCF20E100C53522 /* FBTweak.m in Sources */,
				6084F6C51BE700B00048EFE3 /* PlayerTableViewController.swift in Sources */,
				BA24C57D1AF866630066C2ED /* SearchPostView.swift in Sources */,
				BA257E2B1ABA3FE200D939B0 /* SWRevealViewController.m in Sources */,
				FA1E1A781ADB06A3007C823C /* Post.swift in Sources */,
				952F0FFC1BCF20E100C53522 /* SubmitBugViewController.swift in Sources */,
				D148F48C1AF0310D009AB073 /* HipCalendarCollectionReusableView.swift in Sources */,
				D14A31591AF53218005153E6 /* HipStickyHeaderFlowLayout.swift in Sources */,
				1D9991751B81E2F70005A376 /* MarqueeLabel.swift in Sources */,
				952F0FFE1BCF20E100C53522 /* Tweaks.swift in Sources */,
				D160AE021BE677D4003B0E1A /* PlaylistTableViewController.swift in Sources */,
				D148F4AA1AF03EB4009AB073 /* PostHistoryTableViewController.swift in Sources */,
				952F0FF11BCF20E100C53522 /* _FBTweakCategoryViewController.m in Sources */,
				952F0FF71BCF20E100C53522 /* FBTweakCollection.m in Sources */,
				6DEE0FDA1AC34811005552F9 /* User.swift in Sources */,
			);
			runOnlyForDeploymentPostprocessing = 0;
		};
/* End PBXSourcesBuildPhase section */

/* Begin PBXTargetDependency section */
		1DFD73841BA0EE7B008D9FD8 /* PBXTargetDependency */ = {
			isa = PBXTargetDependency;
			name = "SwiftyJSON iOS";
			targetProxy = 1DFD73831BA0EE7B008D9FD8 /* PBXContainerItemProxy */;
		};
		1DFD738E1BA0EE94008D9FD8 /* PBXTargetDependency */ = {
			isa = PBXTargetDependency;
			name = "Alamofire iOS";
			targetProxy = 1DFD738D1BA0EE94008D9FD8 /* PBXContainerItemProxy */;
		};
/* End PBXTargetDependency section */

/* Begin PBXVariantGroup section */
		1D72D9C31AACC4C0007822B0 /* LaunchScreen.xib */ = {
			isa = PBXVariantGroup;
			children = (
				1D72D9C41AACC4C0007822B0 /* Base */,
			);
			name = LaunchScreen.xib;
			path = .;
			sourceTree = "<group>";
		};
/* End PBXVariantGroup section */

/* Begin XCBuildConfiguration section */
		1D72D9D21AACC4C0007822B0 /* Debug */ = {
			isa = XCBuildConfiguration;
			buildSettings = {
				ALWAYS_SEARCH_USER_PATHS = NO;
				CLANG_CXX_LANGUAGE_STANDARD = "gnu++0x";
				CLANG_CXX_LIBRARY = "libc++";
				CLANG_ENABLE_MODULES = YES;
				CLANG_ENABLE_OBJC_ARC = YES;
				CLANG_WARN_BOOL_CONVERSION = YES;
				CLANG_WARN_CONSTANT_CONVERSION = YES;
				CLANG_WARN_DIRECT_OBJC_ISA_USAGE = YES_ERROR;
				CLANG_WARN_EMPTY_BODY = YES;
				CLANG_WARN_ENUM_CONVERSION = YES;
				CLANG_WARN_INT_CONVERSION = YES;
				CLANG_WARN_OBJC_ROOT_CLASS = YES_ERROR;
				CLANG_WARN_UNREACHABLE_CODE = YES;
				CLANG_WARN__DUPLICATE_METHOD_MATCH = YES;
				"CODE_SIGN_IDENTITY[sdk=iphoneos*]" = "iPhone Developer";
				COPY_PHASE_STRIP = NO;
				ENABLE_STRICT_OBJC_MSGSEND = YES;
				ENABLE_TESTABILITY = YES;
				GCC_C_LANGUAGE_STANDARD = gnu99;
				GCC_DYNAMIC_NO_PIC = NO;
				GCC_OPTIMIZATION_LEVEL = 0;
				GCC_PREPROCESSOR_DEFINITIONS = (
					"DEBUG=1",
					"$(inherited)",
				);
				GCC_SYMBOLS_PRIVATE_EXTERN = NO;
				GCC_WARN_64_TO_32_BIT_CONVERSION = YES;
				GCC_WARN_ABOUT_RETURN_TYPE = YES_ERROR;
				GCC_WARN_UNDECLARED_SELECTOR = YES;
				GCC_WARN_UNINITIALIZED_AUTOS = YES_AGGRESSIVE;
				GCC_WARN_UNUSED_FUNCTION = YES;
				GCC_WARN_UNUSED_VARIABLE = YES;
				IPHONEOS_DEPLOYMENT_TARGET = 8.4;
				MTL_ENABLE_DEBUG_INFO = YES;
				ONLY_ACTIVE_ARCH = YES;
				SDKROOT = iphoneos;
				SWIFT_OPTIMIZATION_LEVEL = "-Onone";
				TARGETED_DEVICE_FAMILY = "1,2";
			};
			name = Debug;
		};
		1D72D9D31AACC4C0007822B0 /* Release */ = {
			isa = XCBuildConfiguration;
			buildSettings = {
				ALWAYS_SEARCH_USER_PATHS = NO;
				CLANG_CXX_LANGUAGE_STANDARD = "gnu++0x";
				CLANG_CXX_LIBRARY = "libc++";
				CLANG_ENABLE_MODULES = YES;
				CLANG_ENABLE_OBJC_ARC = YES;
				CLANG_WARN_BOOL_CONVERSION = YES;
				CLANG_WARN_CONSTANT_CONVERSION = YES;
				CLANG_WARN_DIRECT_OBJC_ISA_USAGE = YES_ERROR;
				CLANG_WARN_EMPTY_BODY = YES;
				CLANG_WARN_ENUM_CONVERSION = YES;
				CLANG_WARN_INT_CONVERSION = YES;
				CLANG_WARN_OBJC_ROOT_CLASS = YES_ERROR;
				CLANG_WARN_UNREACHABLE_CODE = YES;
				CLANG_WARN__DUPLICATE_METHOD_MATCH = YES;
				"CODE_SIGN_IDENTITY[sdk=iphoneos*]" = "iPhone Developer";
				COPY_PHASE_STRIP = YES;
				ENABLE_NS_ASSERTIONS = NO;
				ENABLE_STRICT_OBJC_MSGSEND = YES;
				GCC_C_LANGUAGE_STANDARD = gnu99;
				GCC_WARN_64_TO_32_BIT_CONVERSION = YES;
				GCC_WARN_ABOUT_RETURN_TYPE = YES_ERROR;
				GCC_WARN_UNDECLARED_SELECTOR = YES;
				GCC_WARN_UNINITIALIZED_AUTOS = YES_AGGRESSIVE;
				GCC_WARN_UNUSED_FUNCTION = YES;
				GCC_WARN_UNUSED_VARIABLE = YES;
				IPHONEOS_DEPLOYMENT_TARGET = 8.4;
				MTL_ENABLE_DEBUG_INFO = NO;
				SDKROOT = iphoneos;
				TARGETED_DEVICE_FAMILY = "1,2";
				VALIDATE_PRODUCT = YES;
			};
			name = Release;
		};
		1D72D9D51AACC4C0007822B0 /* Debug */ = {
			isa = XCBuildConfiguration;
			buildSettings = {
				ASSETCATALOG_COMPILER_APPICON_NAME = AppIcon;
				CLANG_ENABLE_MODULES = YES;
				CODE_SIGN_IDENTITY = "iPhone Developer";
				"CODE_SIGN_IDENTITY[sdk=iphoneos*]" = "iPhone Developer";
				EMBEDDED_CONTENT_CONTAINS_SWIFT = YES;
				ENABLE_BITCODE = NO;
				FRAMEWORK_SEARCH_PATHS = (
					"$(inherited)",
					"$(PROJECT_DIR)/IceFishing/Vendor",
					"$(PROJECT_DIR)/IceFishing/Vendor/FacebookSDK",
					"$(PROJECT_DIR)/IceFishing/Vendor/ios-sdk",
				);
				INFOPLIST_FILE = "IceFishing/Supporting Files/Info.plist";
				IPHONEOS_DEPLOYMENT_TARGET = 8.4;
				LD_RUNPATH_SEARCH_PATHS = "$(inherited) @executable_path/Frameworks";
				OTHER_LDFLAGS = "-ObjC";
				PRODUCT_BUNDLE_IDENTIFIER = com.cuappdev.IceFishing;
				PRODUCT_NAME = "$(TARGET_NAME)";
				PROVISIONING_PROFILE = "";
				SWIFT_OBJC_BRIDGING_HEADER = "IceFishing/IceFishing-Bridging-Header.h";
				SWIFT_OPTIMIZATION_LEVEL = "-Onone";
			};
			name = Debug;
		};
		1D72D9D61AACC4C0007822B0 /* Release */ = {
			isa = XCBuildConfiguration;
			buildSettings = {
				ASSETCATALOG_COMPILER_APPICON_NAME = AppIcon;
				CLANG_ENABLE_MODULES = YES;
				CODE_SIGN_IDENTITY = "iPhone Developer";
				"CODE_SIGN_IDENTITY[sdk=iphoneos*]" = "iPhone Developer";
				EMBEDDED_CONTENT_CONTAINS_SWIFT = YES;
				ENABLE_BITCODE = NO;
				FRAMEWORK_SEARCH_PATHS = (
					"$(inherited)",
					"$(PROJECT_DIR)/IceFishing/Vendor",
					"$(PROJECT_DIR)/IceFishing/Vendor/FacebookSDK",
					"$(PROJECT_DIR)/IceFishing/Vendor/ios-sdk",
				);
				INFOPLIST_FILE = "IceFishing/Supporting Files/Info.plist";
				IPHONEOS_DEPLOYMENT_TARGET = 8.4;
				LD_RUNPATH_SEARCH_PATHS = "$(inherited) @executable_path/Frameworks";
				OTHER_LDFLAGS = "-ObjC";
				PRODUCT_BUNDLE_IDENTIFIER = com.cuappdev.IceFishing;
				PRODUCT_NAME = "$(TARGET_NAME)";
				PROVISIONING_PROFILE = "";
				SWIFT_OBJC_BRIDGING_HEADER = "IceFishing/IceFishing-Bridging-Header.h";
				SWIFT_OPTIMIZATION_LEVEL = "-O";
			};
			name = Release;
		};
/* End XCBuildConfiguration section */

/* Begin XCConfigurationList section */
		1D72D9B01AACC4C0007822B0 /* Build configuration list for PBXProject "IceFishing" */ = {
			isa = XCConfigurationList;
			buildConfigurations = (
				1D72D9D21AACC4C0007822B0 /* Debug */,
				1D72D9D31AACC4C0007822B0 /* Release */,
			);
			defaultConfigurationIsVisible = 0;
			defaultConfigurationName = Release;
		};
		1D72D9D41AACC4C0007822B0 /* Build configuration list for PBXNativeTarget "IceFishing" */ = {
			isa = XCConfigurationList;
			buildConfigurations = (
				1D72D9D51AACC4C0007822B0 /* Debug */,
				1D72D9D61AACC4C0007822B0 /* Release */,
			);
			defaultConfigurationIsVisible = 0;
			defaultConfigurationName = Release;
		};
/* End XCConfigurationList section */
	};
	rootObject = 1D72D9AD1AACC4C0007822B0 /* Project object */;
}
