// !$*UTF8*$!
{
	archiveVersion = 1;
	classes = {
	};
	objectVersion = 46;
	objects = {

/* Begin PBXBuildFile section */
		1D25B3151AC369D900F64047 /* Bolts.framework in Frameworks */ = {isa = PBXBuildFile; fileRef = 1D25B3111AC369D900F64047 /* Bolts.framework */; };
		1D25B3161AC369D900F64047 /* FacebookSDK.framework in Frameworks */ = {isa = PBXBuildFile; fileRef = 1D25B3121AC369D900F64047 /* FacebookSDK.framework */; };
		1D25B3171AC369D900F64047 /* LICENSE in Resources */ = {isa = PBXBuildFile; fileRef = 1D25B3131AC369D900F64047 /* LICENSE */; };
		1D25B3181AC369D900F64047 /* README.txt in Resources */ = {isa = PBXBuildFile; fileRef = 1D25B3141AC369D900F64047 /* README.txt */; };
		1D6539301AD0E23800E82627 /* FeedTableViewCell.swift in Sources */ = {isa = PBXBuildFile; fileRef = 1D65392F1AD0E23800E82627 /* FeedTableViewCell.swift */; };
		1D72D9BB1AACC4C0007822B0 /* AppDelegate.swift in Sources */ = {isa = PBXBuildFile; fileRef = 1D72D9BA1AACC4C0007822B0 /* AppDelegate.swift */; };
		1D72D9C21AACC4C0007822B0 /* Images.xcassets in Resources */ = {isa = PBXBuildFile; fileRef = 1D72D9C11AACC4C0007822B0 /* Images.xcassets */; };
		1D72D9C51AACC4C0007822B0 /* LaunchScreen.xib in Resources */ = {isa = PBXBuildFile; fileRef = 1D72D9C31AACC4C0007822B0 /* LaunchScreen.xib */; };
		1D72D9D11AACC4C0007822B0 /* IceFishingTests.swift in Sources */ = {isa = PBXBuildFile; fileRef = 1D72D9D01AACC4C0007822B0 /* IceFishingTests.swift */; };
		1D72D9DE1AACC6AA007822B0 /* ViewController.swift in Sources */ = {isa = PBXBuildFile; fileRef = 1D72D9DC1AACC6AA007822B0 /* ViewController.swift */; };
		1D72D9DF1AACC6AA007822B0 /* ViewController.xib in Resources */ = {isa = PBXBuildFile; fileRef = 1D72D9DD1AACC6AA007822B0 /* ViewController.xib */; };
		6D3FA65C1AD5FACB00B1320D /* UsernameViewController.swift in Sources */ = {isa = PBXBuildFile; fileRef = 6D3FA65B1AD5FACB00B1320D /* UsernameViewController.swift */; };
		6D3FA6611AD5FD5C00B1320D /* Username.xib in Resources */ = {isa = PBXBuildFile; fileRef = 6D3FA6601AD5FD5C00B1320D /* Username.xib */; };
		6DEE0FD31AC34811005552F9 /* Main.storyboard in Resources */ = {isa = PBXBuildFile; fileRef = 6DEE0FC71AC34811005552F9 /* Main.storyboard */; };
		6DEE0FD41AC34811005552F9 /* EditProfileViewController.swift in Sources */ = {isa = PBXBuildFile; fileRef = 6DEE0FCA1AC34811005552F9 /* EditProfileViewController.swift */; };
		6DEE0FD51AC34811005552F9 /* EditProfileViewController.xib in Resources */ = {isa = PBXBuildFile; fileRef = 6DEE0FCB1AC34811005552F9 /* EditProfileViewController.xib */; };
		6DEE0FD81AC34811005552F9 /* ProfileViewController.swift in Sources */ = {isa = PBXBuildFile; fileRef = 6DEE0FCE1AC34811005552F9 /* ProfileViewController.swift */; };
		6DEE0FD91AC34811005552F9 /* ProfileViewController.xib in Resources */ = {isa = PBXBuildFile; fileRef = 6DEE0FCF1AC34811005552F9 /* ProfileViewController.xib */; };
		6DEE0FDA1AC34811005552F9 /* User.swift in Sources */ = {isa = PBXBuildFile; fileRef = 6DEE0FD01AC34811005552F9 /* User.swift */; };
		6DEE0FDD1AC34884005552F9 /* LoginViewController.swift in Sources */ = {isa = PBXBuildFile; fileRef = 6DEE0FDB1AC34884005552F9 /* LoginViewController.swift */; };
		6DEE0FDE1AC34884005552F9 /* LoginViewController.xib in Resources */ = {isa = PBXBuildFile; fileRef = 6DEE0FDC1AC34884005552F9 /* LoginViewController.xib */; };
		7FCE05E81ABF4BD1002103DE /* MainViewController.swift in Sources */ = {isa = PBXBuildFile; fileRef = 7FCE05E41ABF4BD1002103DE /* MainViewController.swift */; };
		7FCE05E91ABF4BD1002103DE /* FeedViewController.swift in Sources */ = {isa = PBXBuildFile; fileRef = 7FCE05E51ABF4BD1002103DE /* FeedViewController.swift */; };
		7FCE05EA1ABF4BD1002103DE /* TrendingViewController.swift in Sources */ = {isa = PBXBuildFile; fileRef = 7FCE05E61ABF4BD1002103DE /* TrendingViewController.swift */; };
		BA257E2B1ABA3FE200D939B0 /* SWRevealViewController.m in Sources */ = {isa = PBXBuildFile; fileRef = BA257E2A1ABA3FE200D939B0 /* SWRevealViewController.m */; };
		BAE499D41AD5F2D6003214C0 /* TrackResult.swift in Sources */ = {isa = PBXBuildFile; fileRef = BAE499D31AD5F2D6003214C0 /* TrackResult.swift */; };
		BAE499D61AD5F33B003214C0 /* SearchTrackResultsViewController.swift in Sources */ = {isa = PBXBuildFile; fileRef = BAE499D51AD5F33B003214C0 /* SearchTrackResultsViewController.swift */; };
		BAE499DB1AD5F7EB003214C0 /* SearchTrackViewController.swift in Sources */ = {isa = PBXBuildFile; fileRef = BAE499DA1AD5F7EB003214C0 /* SearchTrackViewController.swift */; };
		BAE499DF1AD60063003214C0 /* Util.swift in Sources */ = {isa = PBXBuildFile; fileRef = BAE499DE1AD60063003214C0 /* Util.swift */; };
		BAE499E11AD6029F003214C0 /* SearchTrackResultsViewControllerDelegate.swift in Sources */ = {isa = PBXBuildFile; fileRef = BAE499E01AD6029F003214C0 /* SearchTrackResultsViewControllerDelegate.swift */; };
		D17395741ADB080900A53AEE /* FollowersViewController.swift in Sources */ = {isa = PBXBuildFile; fileRef = D17395721ADB080900A53AEE /* FollowersViewController.swift */; };
		D17395751ADB080900A53AEE /* FollowersViewController.xib in Resources */ = {isa = PBXBuildFile; fileRef = D17395731ADB080900A53AEE /* FollowersViewController.xib */; };
		D17395781ADB081C00A53AEE /* FollowingViewController.swift in Sources */ = {isa = PBXBuildFile; fileRef = D17395761ADB081C00A53AEE /* FollowingViewController.swift */; };
		D17395791ADB081C00A53AEE /* FollowingViewController.xib in Resources */ = {isa = PBXBuildFile; fileRef = D17395771ADB081C00A53AEE /* FollowingViewController.xib */; };
		D173958A1ADF360C00A53AEE /* SignInViewController.swift in Sources */ = {isa = PBXBuildFile; fileRef = D17395881ADF360C00A53AEE /* SignInViewController.swift */; };
		D173958B1ADF360C00A53AEE /* SignInViewController.xib in Resources */ = {isa = PBXBuildFile; fileRef = D17395891ADF360C00A53AEE /* SignInViewController.xib */; };
		FA1A91311AC3899E00774EF3 /* Player.swift in Sources */ = {isa = PBXBuildFile; fileRef = FA1A91301AC3899E00774EF3 /* Player.swift */; };
		FA1A913C1AC38A6B00774EF3 /* FeedTableViewCell.xib in Resources */ = {isa = PBXBuildFile; fileRef = FA1A913B1AC38A6B00774EF3 /* FeedTableViewCell.xib */; };
/* End PBXBuildFile section */

/* Begin PBXContainerItemProxy section */
		1D72D9CB1AACC4C0007822B0 /* PBXContainerItemProxy */ = {
			isa = PBXContainerItemProxy;
			containerPortal = 1D72D9AD1AACC4C0007822B0 /* Project object */;
			proxyType = 1;
			remoteGlobalIDString = 1D72D9B41AACC4C0007822B0;
			remoteInfo = IceFishing;
		};
		1DE9329A1AAD12AB00AD3BF0 /* PBXContainerItemProxy */ = {
			isa = PBXContainerItemProxy;
			containerPortal = 1D72DB671AAD0B97007822B0 /* Alamofire-SwiftyJSON.xcodeproj */;
			proxyType = 2;
			remoteGlobalIDString = A8AFB70F19D1401D0070765E;
			remoteInfo = AlamofireSwiftyJSON;
		};
		1DE9329C1AAD12AB00AD3BF0 /* PBXContainerItemProxy */ = {
			isa = PBXContainerItemProxy;
			containerPortal = 1D72DB671AAD0B97007822B0 /* Alamofire-SwiftyJSON.xcodeproj */;
			proxyType = 2;
			remoteGlobalIDString = A8AFB71A19D1401D0070765E;
			remoteInfo = AlamofireSwiftyJSONTests;
		};
		1DE932A71AAD138800AD3BF0 /* PBXContainerItemProxy */ = {
			isa = PBXContainerItemProxy;
			containerPortal = 1D72DB671AAD0B97007822B0 /* Alamofire-SwiftyJSON.xcodeproj */;
			proxyType = 1;
			remoteGlobalIDString = A8AFB70E19D1401D0070765E;
			remoteInfo = AlamofireSwiftyJSON;
		};
/* End PBXContainerItemProxy section */

/* Begin PBXFileReference section */
		1D25B3111AC369D900F64047 /* Bolts.framework */ = {isa = PBXFileReference; lastKnownFileType = wrapper.framework; path = Bolts.framework; sourceTree = "<group>"; };
		1D25B3121AC369D900F64047 /* FacebookSDK.framework */ = {isa = PBXFileReference; lastKnownFileType = wrapper.framework; path = FacebookSDK.framework; sourceTree = "<group>"; };
		1D25B3131AC369D900F64047 /* LICENSE */ = {isa = PBXFileReference; fileEncoding = 4; lastKnownFileType = text; path = LICENSE; sourceTree = "<group>"; };
		1D25B3141AC369D900F64047 /* README.txt */ = {isa = PBXFileReference; fileEncoding = 4; lastKnownFileType = text; path = README.txt; sourceTree = "<group>"; };
		1D65392F1AD0E23800E82627 /* FeedTableViewCell.swift */ = {isa = PBXFileReference; fileEncoding = 4; lastKnownFileType = sourcecode.swift; path = FeedTableViewCell.swift; sourceTree = "<group>"; };
		1D72D9B51AACC4C0007822B0 /* IceFishing.app */ = {isa = PBXFileReference; explicitFileType = wrapper.application; includeInIndex = 0; path = IceFishing.app; sourceTree = BUILT_PRODUCTS_DIR; };
		1D72D9B91AACC4C0007822B0 /* Info.plist */ = {isa = PBXFileReference; lastKnownFileType = text.plist.xml; path = Info.plist; sourceTree = "<group>"; };
		1D72D9BA1AACC4C0007822B0 /* AppDelegate.swift */ = {isa = PBXFileReference; lastKnownFileType = sourcecode.swift; path = AppDelegate.swift; sourceTree = "<group>"; };
		1D72D9C11AACC4C0007822B0 /* Images.xcassets */ = {isa = PBXFileReference; lastKnownFileType = folder.assetcatalog; path = Images.xcassets; sourceTree = "<group>"; };
		1D72D9C41AACC4C0007822B0 /* Base */ = {isa = PBXFileReference; lastKnownFileType = file.xib; name = Base; path = Base.lproj/LaunchScreen.xib; sourceTree = "<group>"; };
		1D72D9CA1AACC4C0007822B0 /* IceFishingTests.xctest */ = {isa = PBXFileReference; explicitFileType = wrapper.cfbundle; includeInIndex = 0; path = IceFishingTests.xctest; sourceTree = BUILT_PRODUCTS_DIR; };
		1D72D9CF1AACC4C0007822B0 /* Info.plist */ = {isa = PBXFileReference; lastKnownFileType = text.plist.xml; path = Info.plist; sourceTree = "<group>"; };
		1D72D9D01AACC4C0007822B0 /* IceFishingTests.swift */ = {isa = PBXFileReference; lastKnownFileType = sourcecode.swift; path = IceFishingTests.swift; sourceTree = "<group>"; };
		1D72D9DC1AACC6AA007822B0 /* ViewController.swift */ = {isa = PBXFileReference; fileEncoding = 4; lastKnownFileType = sourcecode.swift; path = ViewController.swift; sourceTree = "<group>"; };
		1D72D9DD1AACC6AA007822B0 /* ViewController.xib */ = {isa = PBXFileReference; fileEncoding = 4; lastKnownFileType = file.xib; path = ViewController.xib; sourceTree = "<group>"; };
		1D72DB671AAD0B97007822B0 /* Alamofire-SwiftyJSON.xcodeproj */ = {isa = PBXFileReference; lastKnownFileType = "wrapper.pb-project"; name = "Alamofire-SwiftyJSON.xcodeproj"; path = "vendor/Alamofire-SwiftyJSON.xcodeproj"; sourceTree = "<group>"; };
		6D3FA65B1AD5FACB00B1320D /* UsernameViewController.swift */ = {isa = PBXFileReference; fileEncoding = 4; lastKnownFileType = sourcecode.swift; path = UsernameViewController.swift; sourceTree = "<group>"; };
		6D3FA6601AD5FD5C00B1320D /* Username.xib */ = {isa = PBXFileReference; fileEncoding = 4; lastKnownFileType = file.xib; path = Username.xib; sourceTree = "<group>"; };
		6DEE0FC81AC34811005552F9 /* Base */ = {isa = PBXFileReference; lastKnownFileType = file.storyboard; name = Base; path = Base.lproj/Main.storyboard; sourceTree = "<group>"; };
		6DEE0FC91AC34811005552F9 /* Bridging-Header.h */ = {isa = PBXFileReference; fileEncoding = 4; lastKnownFileType = sourcecode.c.h; path = "Bridging-Header.h"; sourceTree = "<group>"; };
		6DEE0FCA1AC34811005552F9 /* EditProfileViewController.swift */ = {isa = PBXFileReference; fileEncoding = 4; lastKnownFileType = sourcecode.swift; path = EditProfileViewController.swift; sourceTree = "<group>"; };
		6DEE0FCB1AC34811005552F9 /* EditProfileViewController.xib */ = {isa = PBXFileReference; fileEncoding = 4; lastKnownFileType = file.xib; path = EditProfileViewController.xib; sourceTree = "<group>"; };
		6DEE0FCE1AC34811005552F9 /* ProfileViewController.swift */ = {isa = PBXFileReference; fileEncoding = 4; lastKnownFileType = sourcecode.swift; path = ProfileViewController.swift; sourceTree = "<group>"; };
		6DEE0FCF1AC34811005552F9 /* ProfileViewController.xib */ = {isa = PBXFileReference; fileEncoding = 4; lastKnownFileType = file.xib; path = ProfileViewController.xib; sourceTree = "<group>"; };
		6DEE0FD01AC34811005552F9 /* User.swift */ = {isa = PBXFileReference; fileEncoding = 4; lastKnownFileType = sourcecode.swift; path = User.swift; sourceTree = "<group>"; };
		6DEE0FDB1AC34884005552F9 /* LoginViewController.swift */ = {isa = PBXFileReference; fileEncoding = 4; lastKnownFileType = sourcecode.swift; path = LoginViewController.swift; sourceTree = "<group>"; };
		6DEE0FDC1AC34884005552F9 /* LoginViewController.xib */ = {isa = PBXFileReference; fileEncoding = 4; lastKnownFileType = file.xib; path = LoginViewController.xib; sourceTree = "<group>"; };
		7FCE05E41ABF4BD1002103DE /* MainViewController.swift */ = {isa = PBXFileReference; fileEncoding = 4; lastKnownFileType = sourcecode.swift; path = MainViewController.swift; sourceTree = "<group>"; };
		7FCE05E51ABF4BD1002103DE /* FeedViewController.swift */ = {isa = PBXFileReference; fileEncoding = 4; lastKnownFileType = sourcecode.swift; path = FeedViewController.swift; sourceTree = "<group>"; };
		7FCE05E61ABF4BD1002103DE /* TrendingViewController.swift */ = {isa = PBXFileReference; fileEncoding = 4; lastKnownFileType = sourcecode.swift; path = TrendingViewController.swift; sourceTree = "<group>"; };
		BA257E271ABA3FE200D939B0 /* IceFishing-Bridging-Header.h */ = {isa = PBXFileReference; lastKnownFileType = sourcecode.c.h; path = "IceFishing-Bridging-Header.h"; sourceTree = "<group>"; };
		BA257E291ABA3FE200D939B0 /* SWRevealViewController.h */ = {isa = PBXFileReference; fileEncoding = 4; lastKnownFileType = sourcecode.c.h; path = SWRevealViewController.h; sourceTree = "<group>"; };
		BA257E2A1ABA3FE200D939B0 /* SWRevealViewController.m */ = {isa = PBXFileReference; fileEncoding = 4; lastKnownFileType = sourcecode.c.objc; path = SWRevealViewController.m; sourceTree = "<group>"; };
		BAE499D31AD5F2D6003214C0 /* TrackResult.swift */ = {isa = PBXFileReference; fileEncoding = 4; lastKnownFileType = sourcecode.swift; path = TrackResult.swift; sourceTree = "<group>"; };
		BAE499D51AD5F33B003214C0 /* SearchTrackResultsViewController.swift */ = {isa = PBXFileReference; fileEncoding = 4; lastKnownFileType = sourcecode.swift; path = SearchTrackResultsViewController.swift; sourceTree = "<group>"; };
		BAE499DA1AD5F7EB003214C0 /* SearchTrackViewController.swift */ = {isa = PBXFileReference; fileEncoding = 4; lastKnownFileType = sourcecode.swift; path = SearchTrackViewController.swift; sourceTree = "<group>"; };
		BAE499DE1AD60063003214C0 /* Util.swift */ = {isa = PBXFileReference; fileEncoding = 4; lastKnownFileType = sourcecode.swift; path = Util.swift; sourceTree = "<group>"; };
		BAE499E01AD6029F003214C0 /* SearchTrackResultsViewControllerDelegate.swift */ = {isa = PBXFileReference; fileEncoding = 4; lastKnownFileType = sourcecode.swift; path = SearchTrackResultsViewControllerDelegate.swift; sourceTree = "<group>"; };
		D17395721ADB080900A53AEE /* FollowersViewController.swift */ = {isa = PBXFileReference; fileEncoding = 4; lastKnownFileType = sourcecode.swift; path = FollowersViewController.swift; sourceTree = "<group>"; };
		D17395731ADB080900A53AEE /* FollowersViewController.xib */ = {isa = PBXFileReference; fileEncoding = 4; lastKnownFileType = file.xib; path = FollowersViewController.xib; sourceTree = "<group>"; };
		D17395761ADB081C00A53AEE /* FollowingViewController.swift */ = {isa = PBXFileReference; fileEncoding = 4; lastKnownFileType = sourcecode.swift; path = FollowingViewController.swift; sourceTree = "<group>"; };
		D17395771ADB081C00A53AEE /* FollowingViewController.xib */ = {isa = PBXFileReference; fileEncoding = 4; lastKnownFileType = file.xib; path = FollowingViewController.xib; sourceTree = "<group>"; };
		D17395881ADF360C00A53AEE /* SignInViewController.swift */ = {isa = PBXFileReference; fileEncoding = 4; lastKnownFileType = sourcecode.swift; path = SignInViewController.swift; sourceTree = "<group>"; };
		D17395891ADF360C00A53AEE /* SignInViewController.xib */ = {isa = PBXFileReference; fileEncoding = 4; lastKnownFileType = file.xib; path = SignInViewController.xib; sourceTree = "<group>"; };
		FA1A91301AC3899E00774EF3 /* Player.swift */ = {isa = PBXFileReference; fileEncoding = 4; lastKnownFileType = sourcecode.swift; path = Player.swift; sourceTree = "<group>"; };
		FA1A913B1AC38A6B00774EF3 /* FeedTableViewCell.xib */ = {isa = PBXFileReference; fileEncoding = 4; lastKnownFileType = file.xib; path = FeedTableViewCell.xib; sourceTree = "<group>"; };
/* End PBXFileReference section */

/* Begin PBXFrameworksBuildPhase section */
		1D72D9B21AACC4C0007822B0 /* Frameworks */ = {
			isa = PBXFrameworksBuildPhase;
			buildActionMask = 2147483647;
			files = (
				1D25B3151AC369D900F64047 /* Bolts.framework in Frameworks */,
				1D25B3161AC369D900F64047 /* FacebookSDK.framework in Frameworks */,
			);
			runOnlyForDeploymentPostprocessing = 0;
		};
		1D72D9C71AACC4C0007822B0 /* Frameworks */ = {
			isa = PBXFrameworksBuildPhase;
			buildActionMask = 2147483647;
			files = (
			);
			runOnlyForDeploymentPostprocessing = 0;
		};
/* End PBXFrameworksBuildPhase section */

/* Begin PBXGroup section */
		1D046D8A1AB6951C00D0354B /* XIBs */ = {
			isa = PBXGroup;
			children = (
				FA1A913B1AC38A6B00774EF3 /* FeedTableViewCell.xib */,
				1D72D9DD1AACC6AA007822B0 /* ViewController.xib */,
			);
			path = XIBs;
			sourceTree = "<group>";
		};
		1D046D8C1AB6953600D0354B /* Controllers */ = {
			isa = PBXGroup;
			children = (
				BA257E251ABA3FBC00D939B0 /* SWRevealViewController */,
				7FCE05E41ABF4BD1002103DE /* MainViewController.swift */,
				7FCE05E51ABF4BD1002103DE /* FeedViewController.swift */,
				7FCE05E61ABF4BD1002103DE /* TrendingViewController.swift */,
				1D72D9DC1AACC6AA007822B0 /* ViewController.swift */,
				BAE499D51AD5F33B003214C0 /* SearchTrackResultsViewController.swift */,
				BAE499DA1AD5F7EB003214C0 /* SearchTrackViewController.swift */,
				BAE499E01AD6029F003214C0 /* SearchTrackResultsViewControllerDelegate.swift */,
			);
			path = Controllers;
			sourceTree = "<group>";
		};
		1D25B3101AC369D900F64047 /* FacebookSDK */ = {
			isa = PBXGroup;
			children = (
				1D25B3111AC369D900F64047 /* Bolts.framework */,
				1D25B3121AC369D900F64047 /* FacebookSDK.framework */,
				1D25B3131AC369D900F64047 /* LICENSE */,
				1D25B3141AC369D900F64047 /* README.txt */,
			);
			path = FacebookSDK;
			sourceTree = "<group>";
		};
		1D65392E1AD0E23800E82627 /* Views */ = {
			isa = PBXGroup;
			children = (
				1D65392F1AD0E23800E82627 /* FeedTableViewCell.swift */,
			);
			path = Views;
			sourceTree = "<group>";
		};
		1D72D9AC1AACC4C0007822B0 = {
			isa = PBXGroup;
			children = (
				1D72D9B71AACC4C0007822B0 /* IceFishing */,
				1D72D9CD1AACC4C0007822B0 /* IceFishingTests */,
				1D72D9B61AACC4C0007822B0 /* Products */,
			);
			sourceTree = "<group>";
		};
		1D72D9B61AACC4C0007822B0 /* Products */ = {
			isa = PBXGroup;
			children = (
				1D72D9B51AACC4C0007822B0 /* IceFishing.app */,
				1D72D9CA1AACC4C0007822B0 /* IceFishingTests.xctest */,
			);
			name = Products;
			sourceTree = "<group>";
		};
		1D72D9B71AACC4C0007822B0 /* IceFishing */ = {
			isa = PBXGroup;
			children = (
				1D72D9BA1AACC4C0007822B0 /* AppDelegate.swift */,
				FA1A91301AC3899E00774EF3 /* Player.swift */,
				6DEE0FC31AC34811005552F9 /* Profile */,
				1DE932921AAD12A700AD3BF0 /* Vendor */,
				BAE499D11AD5F2C9003214C0 /* Models */,
				BAE499DD1AD60058003214C0 /* Misc */,
				1D046D8C1AB6953600D0354B /* Controllers */,
				1D65392E1AD0E23800E82627 /* Views */,
				1D046D8A1AB6951C00D0354B /* XIBs */,
				1D72D9C11AACC4C0007822B0 /* Images.xcassets */,
				1D72D9C31AACC4C0007822B0 /* LaunchScreen.xib */,
				1D72D9B81AACC4C0007822B0 /* Supporting Files */,
				6D54C2A61ABF5A87007648A5 /* Frameworks */,
			);
			path = IceFishing;
			sourceTree = "<group>";
		};
		1D72D9B81AACC4C0007822B0 /* Supporting Files */ = {
			isa = PBXGroup;
			children = (
				1D72D9B91AACC4C0007822B0 /* Info.plist */,
			);
			path = "Supporting Files";
			sourceTree = "<group>";
		};
		1D72D9CD1AACC4C0007822B0 /* IceFishingTests */ = {
			isa = PBXGroup;
			children = (
				1D72D9D01AACC4C0007822B0 /* IceFishingTests.swift */,
				1D72D9CE1AACC4C0007822B0 /* Supporting Files */,
			);
			path = IceFishingTests;
			sourceTree = "<group>";
		};
		1D72D9CE1AACC4C0007822B0 /* Supporting Files */ = {
			isa = PBXGroup;
			children = (
				1D72D9CF1AACC4C0007822B0 /* Info.plist */,
			);
			path = "Supporting Files";
			sourceTree = "<group>";
		};
		1DE932921AAD12A700AD3BF0 /* Vendor */ = {
			isa = PBXGroup;
			children = (
				1D72DB671AAD0B97007822B0 /* Alamofire-SwiftyJSON.xcodeproj */,
			);
			name = Vendor;
			sourceTree = "<group>";
		};
		1DE932961AAD12AB00AD3BF0 /* Products */ = {
			isa = PBXGroup;
			children = (
				1DE9329B1AAD12AB00AD3BF0 /* AlamofireSwiftyJSON.framework */,
				1DE9329D1AAD12AB00AD3BF0 /* AlamofireSwiftyJSONTests.xctest */,
			);
			name = Products;
			sourceTree = "<group>";
		};
		6D54C2A61ABF5A87007648A5 /* Frameworks */ = {
			isa = PBXGroup;
			children = (
				1D25B3101AC369D900F64047 /* FacebookSDK */,
			);
			name = Frameworks;
			path = ..;
			sourceTree = "<group>";
		};
		6DEE0FC31AC34811005552F9 /* Profile */ = {
			isa = PBXGroup;
			children = (
				6DEE0FC91AC34811005552F9 /* Bridging-Header.h */,
				6DEE0FCA1AC34811005552F9 /* EditProfileViewController.swift */,
				6DEE0FCB1AC34811005552F9 /* EditProfileViewController.xib */,
				6DEE0FC71AC34811005552F9 /* Main.storyboard */,
				D17395881ADF360C00A53AEE /* SignInViewController.swift */,
				D17395891ADF360C00A53AEE /* SignInViewController.xib */,
				6DEE0FDB1AC34884005552F9 /* LoginViewController.swift */,
				6DEE0FDC1AC34884005552F9 /* LoginViewController.xib */,
				D17395721ADB080900A53AEE /* FollowersViewController.swift */,
				D17395731ADB080900A53AEE /* FollowersViewController.xib */,
				D17395761ADB081C00A53AEE /* FollowingViewController.swift */,
				D17395771ADB081C00A53AEE /* FollowingViewController.xib */,
				6DEE0FCE1AC34811005552F9 /* ProfileViewController.swift */,
				6DEE0FCF1AC34811005552F9 /* ProfileViewController.xib */,
				6DEE0FD01AC34811005552F9 /* User.swift */,
				6D3FA65B1AD5FACB00B1320D /* UsernameViewController.swift */,
				6D3FA6601AD5FD5C00B1320D /* Username.xib */,
			);
			path = Profile;
			sourceTree = "<group>";
		};
		BA257E251ABA3FBC00D939B0 /* SWRevealViewController */ = {
			isa = PBXGroup;
			children = (
				BA257E291ABA3FE200D939B0 /* SWRevealViewController.h */,
				BA257E2A1ABA3FE200D939B0 /* SWRevealViewController.m */,
				BA257E271ABA3FE200D939B0 /* IceFishing-Bridging-Header.h */,
			);
			name = SWRevealViewController;
			sourceTree = "<group>";
		};
		BAE499D11AD5F2C9003214C0 /* Models */ = {
			isa = PBXGroup;
			children = (
				BAE499D31AD5F2D6003214C0 /* TrackResult.swift */,
			);
			name = Models;
			path = Controllers;
			sourceTree = "<group>";
		};
		BAE499DD1AD60058003214C0 /* Misc */ = {
			isa = PBXGroup;
			children = (
				BAE499DE1AD60063003214C0 /* Util.swift */,
			);
			name = Misc;
			sourceTree = "<group>";
		};
/* End PBXGroup section */

/* Begin PBXNativeTarget section */
		1D72D9B41AACC4C0007822B0 /* IceFishing */ = {
			isa = PBXNativeTarget;
			buildConfigurationList = 1D72D9D41AACC4C0007822B0 /* Build configuration list for PBXNativeTarget "IceFishing" */;
			buildPhases = (
				1D72D9B11AACC4C0007822B0 /* Sources */,
				1D72D9B21AACC4C0007822B0 /* Frameworks */,
				1D72D9B31AACC4C0007822B0 /* Resources */,
			);
			buildRules = (
			);
			dependencies = (
				1DE932A81AAD138800AD3BF0 /* PBXTargetDependency */,
			);
			name = IceFishing;
			productName = IceFishing;
			productReference = 1D72D9B51AACC4C0007822B0 /* IceFishing.app */;
			productType = "com.apple.product-type.application";
		};
		1D72D9C91AACC4C0007822B0 /* IceFishingTests */ = {
			isa = PBXNativeTarget;
			buildConfigurationList = 1D72D9D71AACC4C0007822B0 /* Build configuration list for PBXNativeTarget "IceFishingTests" */;
			buildPhases = (
				1D72D9C61AACC4C0007822B0 /* Sources */,
				1D72D9C71AACC4C0007822B0 /* Frameworks */,
				1D72D9C81AACC4C0007822B0 /* Resources */,
			);
			buildRules = (
			);
			dependencies = (
				1D72D9CC1AACC4C0007822B0 /* PBXTargetDependency */,
			);
			name = IceFishingTests;
			productName = IceFishingTests;
			productReference = 1D72D9CA1AACC4C0007822B0 /* IceFishingTests.xctest */;
			productType = "com.apple.product-type.bundle.unit-test";
		};
/* End PBXNativeTarget section */

/* Begin PBXProject section */
		1D72D9AD1AACC4C0007822B0 /* Project object */ = {
			isa = PBXProject;
			attributes = {
				LastUpgradeCheck = 0610;
				ORGANIZATIONNAME = "Lucas Derraugh";
				TargetAttributes = {
					1D72D9B41AACC4C0007822B0 = {
						CreatedOnToolsVersion = 6.1.1;
					};
					1D72D9C91AACC4C0007822B0 = {
						CreatedOnToolsVersion = 6.1.1;
						TestTargetID = 1D72D9B41AACC4C0007822B0;
					};
				};
			};
			buildConfigurationList = 1D72D9B01AACC4C0007822B0 /* Build configuration list for PBXProject "IceFishing" */;
			compatibilityVersion = "Xcode 3.2";
			developmentRegion = English;
			hasScannedForEncodings = 0;
			knownRegions = (
				en,
				Base,
			);
			mainGroup = 1D72D9AC1AACC4C0007822B0;
			productRefGroup = 1D72D9B61AACC4C0007822B0 /* Products */;
			projectDirPath = "";
			projectReferences = (
				{
					ProductGroup = 1DE932961AAD12AB00AD3BF0 /* Products */;
					ProjectRef = 1D72DB671AAD0B97007822B0 /* Alamofire-SwiftyJSON.xcodeproj */;
				},
			);
			projectRoot = "";
			targets = (
				1D72D9B41AACC4C0007822B0 /* IceFishing */,
				1D72D9C91AACC4C0007822B0 /* IceFishingTests */,
			);
		};
/* End PBXProject section */

/* Begin PBXReferenceProxy section */
		1DE9329B1AAD12AB00AD3BF0 /* AlamofireSwiftyJSON.framework */ = {
			isa = PBXReferenceProxy;
			fileType = wrapper.framework;
			path = AlamofireSwiftyJSON.framework;
			remoteRef = 1DE9329A1AAD12AB00AD3BF0 /* PBXContainerItemProxy */;
			sourceTree = BUILT_PRODUCTS_DIR;
		};
		1DE9329D1AAD12AB00AD3BF0 /* AlamofireSwiftyJSONTests.xctest */ = {
			isa = PBXReferenceProxy;
			fileType = wrapper.cfbundle;
			path = AlamofireSwiftyJSONTests.xctest;
			remoteRef = 1DE9329C1AAD12AB00AD3BF0 /* PBXContainerItemProxy */;
			sourceTree = BUILT_PRODUCTS_DIR;
		};
/* End PBXReferenceProxy section */

/* Begin PBXResourcesBuildPhase section */
		1D72D9B31AACC4C0007822B0 /* Resources */ = {
			isa = PBXResourcesBuildPhase;
			buildActionMask = 2147483647;
			files = (
				D17395751ADB080900A53AEE /* FollowersViewController.xib in Resources */,
				6DEE0FDE1AC34884005552F9 /* LoginViewController.xib in Resources */,
				D17395791ADB081C00A53AEE /* FollowingViewController.xib in Resources */,
				6DEE0FD91AC34811005552F9 /* ProfileViewController.xib in Resources */,
				D173958B1ADF360C00A53AEE /* SignInViewController.xib in Resources */,
				6DEE0FD31AC34811005552F9 /* Main.storyboard in Resources */,
				1D25B3181AC369D900F64047 /* README.txt in Resources */,
				6DEE0FD51AC34811005552F9 /* EditProfileViewController.xib in Resources */,
				1D72D9C51AACC4C0007822B0 /* LaunchScreen.xib in Resources */,
				1D25B3171AC369D900F64047 /* LICENSE in Resources */,
				6D3FA6611AD5FD5C00B1320D /* Username.xib in Resources */,
				FA1A913C1AC38A6B00774EF3 /* FeedTableViewCell.xib in Resources */,
				1D72D9DF1AACC6AA007822B0 /* ViewController.xib in Resources */,
				1D72D9C21AACC4C0007822B0 /* Images.xcassets in Resources */,
			);
			runOnlyForDeploymentPostprocessing = 0;
		};
		1D72D9C81AACC4C0007822B0 /* Resources */ = {
			isa = PBXResourcesBuildPhase;
			buildActionMask = 2147483647;
			files = (
			);
			runOnlyForDeploymentPostprocessing = 0;
		};
/* End PBXResourcesBuildPhase section */

/* Begin PBXSourcesBuildPhase section */
		1D72D9B11AACC4C0007822B0 /* Sources */ = {
			isa = PBXSourcesBuildPhase;
			buildActionMask = 2147483647;
			files = (
				6DEE0FDD1AC34884005552F9 /* LoginViewController.swift in Sources */,
				6DEE0FD81AC34811005552F9 /* ProfileViewController.swift in Sources */,
				1D72D9DE1AACC6AA007822B0 /* ViewController.swift in Sources */,
				BAE499DF1AD60063003214C0 /* Util.swift in Sources */,
				7FCE05EA1ABF4BD1002103DE /* TrendingViewController.swift in Sources */,
				D17395741ADB080900A53AEE /* FollowersViewController.swift in Sources */,
				1D6539301AD0E23800E82627 /* FeedTableViewCell.swift in Sources */,
				FA1A91311AC3899E00774EF3 /* Player.swift in Sources */,
				1D72D9BB1AACC4C0007822B0 /* AppDelegate.swift in Sources */,
				6D3FA65C1AD5FACB00B1320D /* UsernameViewController.swift in Sources */,
				7FCE05E91ABF4BD1002103DE /* FeedViewController.swift in Sources */,
				7FCE05E81ABF4BD1002103DE /* MainViewController.swift in Sources */,
				BAE499D61AD5F33B003214C0 /* SearchTrackResultsViewController.swift in Sources */,
				BAE499E11AD6029F003214C0 /* SearchTrackResultsViewControllerDelegate.swift in Sources */,
				D173958A1ADF360C00A53AEE /* SignInViewController.swift in Sources */,
				6DEE0FD41AC34811005552F9 /* EditProfileViewController.swift in Sources */,
				BAE499D41AD5F2D6003214C0 /* TrackResult.swift in Sources */,
				D17395781ADB081C00A53AEE /* FollowingViewController.swift in Sources */,
				BA257E2B1ABA3FE200D939B0 /* SWRevealViewController.m in Sources */,
				BAE499DB1AD5F7EB003214C0 /* SearchTrackViewController.swift in Sources */,
				6DEE0FDA1AC34811005552F9 /* User.swift in Sources */,
			);
			runOnlyForDeploymentPostprocessing = 0;
		};
		1D72D9C61AACC4C0007822B0 /* Sources */ = {
			isa = PBXSourcesBuildPhase;
			buildActionMask = 2147483647;
			files = (
				1D72D9D11AACC4C0007822B0 /* IceFishingTests.swift in Sources */,
			);
			runOnlyForDeploymentPostprocessing = 0;
		};
/* End PBXSourcesBuildPhase section */

/* Begin PBXTargetDependency section */
		1D72D9CC1AACC4C0007822B0 /* PBXTargetDependency */ = {
			isa = PBXTargetDependency;
			target = 1D72D9B41AACC4C0007822B0 /* IceFishing */;
			targetProxy = 1D72D9CB1AACC4C0007822B0 /* PBXContainerItemProxy */;
		};
		1DE932A81AAD138800AD3BF0 /* PBXTargetDependency */ = {
			isa = PBXTargetDependency;
			name = AlamofireSwiftyJSON;
			targetProxy = 1DE932A71AAD138800AD3BF0 /* PBXContainerItemProxy */;
		};
/* End PBXTargetDependency section */

/* Begin PBXVariantGroup section */
		1D72D9C31AACC4C0007822B0 /* LaunchScreen.xib */ = {
			isa = PBXVariantGroup;
			children = (
				1D72D9C41AACC4C0007822B0 /* Base */,
			);
			name = LaunchScreen.xib;
			path = .;
			sourceTree = "<group>";
		};
		6DEE0FC71AC34811005552F9 /* Main.storyboard */ = {
			isa = PBXVariantGroup;
			children = (
				6DEE0FC81AC34811005552F9 /* Base */,
			);
			name = Main.storyboard;
			sourceTree = "<group>";
		};
/* End PBXVariantGroup section */

/* Begin XCBuildConfiguration section */
		1D72D9D21AACC4C0007822B0 /* Debug */ = {
			isa = XCBuildConfiguration;
			buildSettings = {
				ALWAYS_SEARCH_USER_PATHS = NO;
				CLANG_CXX_LANGUAGE_STANDARD = "gnu++0x";
				CLANG_CXX_LIBRARY = "libc++";
				CLANG_ENABLE_MODULES = YES;
				CLANG_ENABLE_OBJC_ARC = YES;
				CLANG_WARN_BOOL_CONVERSION = YES;
				CLANG_WARN_CONSTANT_CONVERSION = YES;
				CLANG_WARN_DIRECT_OBJC_ISA_USAGE = YES_ERROR;
				CLANG_WARN_EMPTY_BODY = YES;
				CLANG_WARN_ENUM_CONVERSION = YES;
				CLANG_WARN_INT_CONVERSION = YES;
				CLANG_WARN_OBJC_ROOT_CLASS = YES_ERROR;
				CLANG_WARN_UNREACHABLE_CODE = YES;
				CLANG_WARN__DUPLICATE_METHOD_MATCH = YES;
				"CODE_SIGN_IDENTITY[sdk=iphoneos*]" = "iPhone Developer";
				COPY_PHASE_STRIP = NO;
				ENABLE_STRICT_OBJC_MSGSEND = YES;
				GCC_C_LANGUAGE_STANDARD = gnu99;
				GCC_DYNAMIC_NO_PIC = NO;
				GCC_OPTIMIZATION_LEVEL = 0;
				GCC_PREPROCESSOR_DEFINITIONS = (
					"DEBUG=1",
					"$(inherited)",
				);
				GCC_SYMBOLS_PRIVATE_EXTERN = NO;
				GCC_WARN_64_TO_32_BIT_CONVERSION = YES;
				GCC_WARN_ABOUT_RETURN_TYPE = YES_ERROR;
				GCC_WARN_UNDECLARED_SELECTOR = YES;
				GCC_WARN_UNINITIALIZED_AUTOS = YES_AGGRESSIVE;
				GCC_WARN_UNUSED_FUNCTION = YES;
				GCC_WARN_UNUSED_VARIABLE = YES;
				IPHONEOS_DEPLOYMENT_TARGET = 8.1;
				MTL_ENABLE_DEBUG_INFO = YES;
				ONLY_ACTIVE_ARCH = YES;
				SDKROOT = iphoneos;
				SWIFT_OPTIMIZATION_LEVEL = "-Onone";
				TARGETED_DEVICE_FAMILY = "1,2";
			};
			name = Debug;
		};
		1D72D9D31AACC4C0007822B0 /* Release */ = {
			isa = XCBuildConfiguration;
			buildSettings = {
				ALWAYS_SEARCH_USER_PATHS = NO;
				CLANG_CXX_LANGUAGE_STANDARD = "gnu++0x";
				CLANG_CXX_LIBRARY = "libc++";
				CLANG_ENABLE_MODULES = YES;
				CLANG_ENABLE_OBJC_ARC = YES;
				CLANG_WARN_BOOL_CONVERSION = YES;
				CLANG_WARN_CONSTANT_CONVERSION = YES;
				CLANG_WARN_DIRECT_OBJC_ISA_USAGE = YES_ERROR;
				CLANG_WARN_EMPTY_BODY = YES;
				CLANG_WARN_ENUM_CONVERSION = YES;
				CLANG_WARN_INT_CONVERSION = YES;
				CLANG_WARN_OBJC_ROOT_CLASS = YES_ERROR;
				CLANG_WARN_UNREACHABLE_CODE = YES;
				CLANG_WARN__DUPLICATE_METHOD_MATCH = YES;
				"CODE_SIGN_IDENTITY[sdk=iphoneos*]" = "iPhone Developer";
				COPY_PHASE_STRIP = YES;
				ENABLE_NS_ASSERTIONS = NO;
				ENABLE_STRICT_OBJC_MSGSEND = YES;
				GCC_C_LANGUAGE_STANDARD = gnu99;
				GCC_WARN_64_TO_32_BIT_CONVERSION = YES;
				GCC_WARN_ABOUT_RETURN_TYPE = YES_ERROR;
				GCC_WARN_UNDECLARED_SELECTOR = YES;
				GCC_WARN_UNINITIALIZED_AUTOS = YES_AGGRESSIVE;
				GCC_WARN_UNUSED_FUNCTION = YES;
				GCC_WARN_UNUSED_VARIABLE = YES;
				IPHONEOS_DEPLOYMENT_TARGET = 8.1;
				MTL_ENABLE_DEBUG_INFO = NO;
				SDKROOT = iphoneos;
				TARGETED_DEVICE_FAMILY = "1,2";
				VALIDATE_PRODUCT = YES;
			};
			name = Release;
		};
		1D72D9D51AACC4C0007822B0 /* Debug */ = {
			isa = XCBuildConfiguration;
			buildSettings = {
				ASSETCATALOG_COMPILER_APPICON_NAME = AppIcon;
				CLANG_ENABLE_MODULES = YES;
				FRAMEWORK_SEARCH_PATHS = (
					"$(inherited)",
					"$(PROJECT_DIR)/FacebookSDK",
				);
				INFOPLIST_FILE = "IceFishing/Supporting Files/Info.plist";
				LD_RUNPATH_SEARCH_PATHS = "$(inherited) @executable_path/Frameworks";
				PRODUCT_NAME = "$(TARGET_NAME)";
				SWIFT_OBJC_BRIDGING_HEADER = "IceFishing/Controllers/IceFishing-Bridging-Header.h";
				SWIFT_OPTIMIZATION_LEVEL = "-Onone";
			};
			name = Debug;
		};
		1D72D9D61AACC4C0007822B0 /* Release */ = {
			isa = XCBuildConfiguration;
			buildSettings = {
				ASSETCATALOG_COMPILER_APPICON_NAME = AppIcon;
				CLANG_ENABLE_MODULES = YES;
				FRAMEWORK_SEARCH_PATHS = (
					"$(inherited)",
					"$(PROJECT_DIR)/FacebookSDK",
				);
				INFOPLIST_FILE = "IceFishing/Supporting Files/Info.plist";
				LD_RUNPATH_SEARCH_PATHS = "$(inherited) @executable_path/Frameworks";
				PRODUCT_NAME = "$(TARGET_NAME)";
				SWIFT_OBJC_BRIDGING_HEADER = "IceFishing/Controllers/IceFishing-Bridging-Header.h";
			};
			name = Release;
		};
		1D72D9D81AACC4C0007822B0 /* Debug */ = {
			isa = XCBuildConfiguration;
			buildSettings = {
				BUNDLE_LOADER = "$(TEST_HOST)";
				FRAMEWORK_SEARCH_PATHS = (
					"$(SDKROOT)/Developer/Library/Frameworks",
					"$(inherited)",
				);
				GCC_PREPROCESSOR_DEFINITIONS = (
					"DEBUG=1",
					"$(inherited)",
				);
				INFOPLIST_FILE = "IceFishingTests/Supporting Files/Info.plist";
				LD_RUNPATH_SEARCH_PATHS = "$(inherited) @executable_path/Frameworks @loader_path/Frameworks";
				PRODUCT_NAME = "$(TARGET_NAME)";
				TEST_HOST = "$(BUILT_PRODUCTS_DIR)/IceFishing.app/IceFishing";
			};
			name = Debug;
		};
		1D72D9D91AACC4C0007822B0 /* Release */ = {
			isa = XCBuildConfiguration;
			buildSettings = {
				BUNDLE_LOADER = "$(TEST_HOST)";
				FRAMEWORK_SEARCH_PATHS = (
					"$(SDKROOT)/Developer/Library/Frameworks",
					"$(inherited)",
				);
				INFOPLIST_FILE = "IceFishingTests/Supporting Files/Info.plist";
				LD_RUNPATH_SEARCH_PATHS = "$(inherited) @executable_path/Frameworks @loader_path/Frameworks";
				PRODUCT_NAME = "$(TARGET_NAME)";
				TEST_HOST = "$(BUILT_PRODUCTS_DIR)/IceFishing.app/IceFishing";
			};
			name = Release;
		};
/* End XCBuildConfiguration section */

/* Begin XCConfigurationList section */
		1D72D9B01AACC4C0007822B0 /* Build configuration list for PBXProject "IceFishing" */ = {
			isa = XCConfigurationList;
			buildConfigurations = (
				1D72D9D21AACC4C0007822B0 /* Debug */,
				1D72D9D31AACC4C0007822B0 /* Release */,
			);
			defaultConfigurationIsVisible = 0;
			defaultConfigurationName = Release;
		};
		1D72D9D41AACC4C0007822B0 /* Build configuration list for PBXNativeTarget "IceFishing" */ = {
			isa = XCConfigurationList;
			buildConfigurations = (
				1D72D9D51AACC4C0007822B0 /* Debug */,
				1D72D9D61AACC4C0007822B0 /* Release */,
			);
			defaultConfigurationIsVisible = 0;
			defaultConfigurationName = Release;
		};
		1D72D9D71AACC4C0007822B0 /* Build configuration list for PBXNativeTarget "IceFishingTests" */ = {
			isa = XCConfigurationList;
			buildConfigurations = (
				1D72D9D81AACC4C0007822B0 /* Debug */,
				1D72D9D91AACC4C0007822B0 /* Release */,
			);
			defaultConfigurationIsVisible = 0;
			defaultConfigurationName = Release;
		};
/* End XCConfigurationList section */
	};
	rootObject = 1D72D9AD1AACC4C0007822B0 /* Project object */;
}
