PODS:
  - Bolts (1.6.0):
    - Bolts/AppLinks (= 1.6.0)
    - Bolts/Tasks (= 1.6.0)
  - Bolts/AppLinks (1.6.0):
    - Bolts/Tasks
  - Bolts/Tasks (1.6.0)
  - FBSDKCoreKit (4.10.1):
    - Bolts (~> 1.5)
  - FBSDKLoginKit (4.10.1):
    - FBSDKCoreKit
  - FBSDKShareKit (4.10.1):
    - FBSDKCoreKit

DEPENDENCIES:
  - Bolts
  - FBSDKCoreKit
  - FBSDKLoginKit
  - FBSDKShareKit

SPEC CHECKSUMS:
  Bolts: f52a250053bb517ca874523c3913776359ab3def
  FBSDKCoreKit: d2aaed5e9ab7d8d6301c533376a1fbff1cf3deb5
  FBSDKLoginKit: 699ff169080e3072de4b9b0faca90bf23dc36deb
  FBSDKShareKit: 2fd887cce0056bdda91f99b2021d724a4fed8e88

COCOAPODS: 0.39.0
