PODS:
  - Alamofire (3.3.0)
  - Bolts (1.7.0):
    - Bolts/AppLinks (= 1.7.0)
    - Bolts/Tasks (= 1.7.0)
  - Bolts/AppLinks (1.7.0):
    - Bolts/Tasks
  - Bolts/Tasks (1.7.0)
  - FBSDKCoreKit (4.10.1):
    - Bolts (~> 1.5)
  - FBSDKLoginKit (4.10.1):
    - FBSDKCoreKit
  - FBSDKShareKit (4.10.1):
    - FBSDKCoreKit
  - MarqueeLabel-Swift (2.6.6)
  - SwiftyJSON (2.3.2)
  - SWRevealViewController (2.3.0)
  - Tweaks (2.0.0)

DEPENDENCIES:
  - Alamofire
  - Bolts
  - FBSDKCoreKit
  - FBSDKLoginKit
  - FBSDKShareKit
  - MarqueeLabel-Swift
  - SwiftyJSON
  - SWRevealViewController
  - Tweaks

SPEC CHECKSUMS:
  Alamofire: 9054db4a1b1ca9e363223183e01cea380159a27c
  Bolts: a0058fa3b331c5a1e4402d534f2dae36dbff31e4
  FBSDKCoreKit: d2aaed5e9ab7d8d6301c533376a1fbff1cf3deb5
  FBSDKLoginKit: 699ff169080e3072de4b9b0faca90bf23dc36deb
  FBSDKShareKit: 2fd887cce0056bdda91f99b2021d724a4fed8e88
  MarqueeLabel-Swift: debdfb306f9398b3921a43d7c1a7fed3b8a29694
  SwiftyJSON: 04ccea08915aa0109039157c7974cf0298da292a
  SWRevealViewController: 6d3fd97f70112fd7cef9de14df4260eacce4c63a
  Tweaks: 524fa47636cce3bf3a4d9156e980f10ae9480e81

COCOAPODS: 0.39.0
